{
  "version": 4,
  "terraform_version": "1.7.4",
  "serial": 2377,
  "lineage": "b5ab861a-a341-496e-1e82-22e81fabfc87",
  "outputs": {},
  "resources": [
    {
      "module": "module.myEIPs[\"eip_1\"].module.eip",
      "mode": "managed",
      "type": "aws_eip",
      "name": "eip",
      "provider": "provider[\"registry.terraform.io/hashicorp/aws\"]",
      "instances": [
        {
          "schema_version": 0,
          "attributes": {
            "address": null,
            "allocation_id": "eipalloc-01548956c29815f0b",
            "associate_with_private_ip": null,
            "association_id": "",
            "carrier_ip": "",
            "customer_owned_ip": "",
            "customer_owned_ipv4_pool": "",
            "domain": "vpc",
            "id": "eipalloc-01548956c29815f0b",
            "instance": "",
            "network_border_group": "ap-northeast-1",
            "network_interface": "",
            "private_dns": null,
            "private_ip": "",
            "public_dns": "ec2-35-77-142-65.ap-northeast-1.compute.amazonaws.com",
            "public_ip": "35.77.142.65",
            "public_ipv4_pool": "amazon",
            "tags": {
              "Name": "myEIP1"
            },
            "tags_all": {
              "Name": "myEIP1"
            },
            "timeouts": null,
            "vpc": true
          },
          "sensitive_attributes": [],
          "private": "eyJlMmJmYjczMC1lY2FhLTExZTYtOGY4OC0zNDM2M2JjN2M0YzAiOnsiZGVsZXRlIjoxODAwMDAwMDAwMDAsInJlYWQiOjkwMDAwMDAwMDAwMCwidXBkYXRlIjozMDAwMDAwMDAwMDB9fQ=="
        }
      ]
    },
    {
      "module": "module.myInternetGateways[\"internet_gateway_1\"].module.intenet_gateway",
      "mode": "managed",
      "type": "aws_internet_gateway",
      "name": "internet_gateway",
      "provider": "provider[\"registry.terraform.io/hashicorp/aws\"]",
      "instances": [
        {
          "schema_version": 0,
          "attributes": {
            "arn": "arn:aws:ec2:ap-northeast-1:278280499340:internet-gateway/igw-00b15d0c62da75cdd",
            "id": "igw-00b15d0c62da75cdd",
            "owner_id": "278280499340",
            "tags": {
              "Name": "myInternetGateway1"
            },
            "tags_all": {
              "Name": "myInternetGateway1"
            },
            "timeouts": null,
            "vpc_id": "vpc-0efc3728e364be4ae"
          },
          "sensitive_attributes": [],
          "private": "eyJlMmJmYjczMC1lY2FhLTExZTYtOGY4OC0zNDM2M2JjN2M0YzAiOnsiY3JlYXRlIjoxMjAwMDAwMDAwMDAwLCJkZWxldGUiOjEyMDAwMDAwMDAwMDAsInVwZGF0ZSI6MTIwMDAwMDAwMDAwMH19",
          "dependencies": [
            "module.myVpcs.module.vpc.aws_vpc.vpc"
          ]
        }
      ]
    },
    {
      "module": "module.myMetastores[\"metastore_1\"].module.metastore",
      "mode": "managed",
      "type": "databricks_metastore",
      "name": "metastore",
      "provider": "provider[\"registry.terraform.io/databricks/databricks\"].mws",
      "instances": [
        {
          "schema_version": 0,
          "attributes": {
            "cloud": "aws",
            "created_at": 1709154697389,
            "created_by": "ebb32baf-b770-4da9-807d-6ff2f2d1ecb0",
            "default_data_access_config_id": null,
            "delta_sharing_organization_name": null,
            "delta_sharing_recipient_token_lifetime_in_seconds": 0,
            "delta_sharing_scope": "INTERNAL",
            "force_destroy": true,
            "global_metastore_id": "aws:ap-northeast-1:3a080c79-8dc4-49d9-87be-3483b505a0f7",
            "id": "3a080c79-8dc4-49d9-87be-3483b505a0f7",
            "metastore_id": "3a080c79-8dc4-49d9-87be-3483b505a0f7",
            "name": "mymetastore1",
            "owner": "ebb32baf-b770-4da9-807d-6ff2f2d1ecb0",
            "region": "ap-northeast-1",
            "storage_root": "s3://mys32-20240225/3a080c79-8dc4-49d9-87be-3483b505a0f7",
            "storage_root_credential_id": null,
            "updated_at": 1709154698336,
            "updated_by": "ebb32baf-b770-4da9-807d-6ff2f2d1ecb0"
          },
          "sensitive_attributes": [],
          "private": "bnVsbA==",
          "dependencies": [
            "module.myS3Buckets.module.s3_bucket.aws_s3_bucket.s3_bucket",
            "module.myS3Buckets.module.s3_bucket_public_access_block.aws_s3_bucket_public_access_block.s3_bucket_public_access_block",
            "module.myS3Buckets.module.s3_bucket_server_side_encryption_configuration.aws_s3_bucket_server_side_encryption_configuration.s3_bucket_server_side_encryption_configuration",
            "module.myS3Buckets.module.s3_bucket_versioning.aws_s3_bucket_versioning.s3_bucket_versioning"
          ]
        }
      ]
    },
    {
      "module": "module.myMwsCredentials[\"mws_credentials_1\"]",
      "mode": "data",
      "type": "databricks_aws_assume_role_policy",
      "name": "aws_assume_role_policy",
      "provider": "provider[\"registry.terraform.io/databricks/databricks\"].mws",
      "instances": [
        {
          "schema_version": 0,
          "attributes": {
            "databricks_account_id": "414351767826",
            "external_id": "c92415d6-29e6-4584-b2f8-ad3e0d82836d",
            "for_log_delivery": false,
            "id": "c92415d6-29e6-4584-b2f8-ad3e0d82836d",
            "json": "{\n  \"Version\": \"2012-10-17\",\n  \"Statement\": [\n    {\n      \"Effect\": \"Allow\",\n      \"Action\": \"sts:AssumeRole\",\n      \"Principal\": {\n        \"AWS\": \"arn:aws:iam::414351767826:root\"\n      },\n      \"Condition\": {\n        \"StringEquals\": {\n          \"sts:ExternalId\": \"c92415d6-29e6-4584-b2f8-ad3e0d82836d\"\n        }\n      }\n    }\n  ]\n}"
          },
          "sensitive_attributes": []
        }
      ]
    },
    {
      "module": "module.myMwsCredentials[\"mws_credentials_1\"]",
      "mode": "data",
      "type": "databricks_aws_crossaccount_policy",
      "name": "aws_crossaccount_policy",
      "provider": "provider[\"registry.terraform.io/databricks/databricks\"].mws",
      "instances": [
        {
          "schema_version": 0,
          "attributes": {
            "id": "cross-account",
            "json": "{\n  \"Version\": \"2012-10-17\",\n  \"Statement\": [\n    {\n      \"Effect\": \"Allow\",\n      \"Action\": [\n        \"ec2:AllocateAddress\",\n        \"ec2:AssignPrivateIpAddresses\",\n        \"ec2:AssociateDhcpOptions\",\n        \"ec2:AssociateIamInstanceProfile\",\n        \"ec2:AssociateRouteTable\",\n        \"ec2:AttachInternetGateway\",\n        \"ec2:AttachVolume\",\n        \"ec2:AuthorizeSecurityGroupEgress\",\n        \"ec2:AuthorizeSecurityGroupIngress\",\n        \"ec2:CancelSpotInstanceRequests\",\n        \"ec2:CreateDhcpOptions\",\n        \"ec2:CreateFleet\",\n        \"ec2:CreateInternetGateway\",\n        \"ec2:CreateKeyPair\",\n        \"ec2:CreateLaunchTemplate\",\n        \"ec2:CreateLaunchTemplateVersion\",\n        \"ec2:CreateNatGateway\",\n        \"ec2:CreatePlacementGroup\",\n        \"ec2:CreateRoute\",\n        \"ec2:CreateRouteTable\",\n        \"ec2:CreateSecurityGroup\",\n        \"ec2:CreateSubnet\",\n        \"ec2:CreateTags\",\n        \"ec2:CreateVolume\",\n        \"ec2:CreateVpc\",\n        \"ec2:CreateVpcEndpoint\",\n        \"ec2:DeleteDhcpOptions\",\n        \"ec2:DeleteFleets\",\n        \"ec2:DeleteInternetGateway\",\n        \"ec2:DeleteKeyPair\",\n        \"ec2:DeleteLaunchTemplate\",\n        \"ec2:DeleteLaunchTemplateVersions\",\n        \"ec2:DeleteNatGateway\",\n        \"ec2:DeletePlacementGroup\",\n        \"ec2:DeleteRoute\",\n        \"ec2:DeleteRouteTable\",\n        \"ec2:DeleteSecurityGroup\",\n        \"ec2:DeleteSubnet\",\n        \"ec2:DeleteTags\",\n        \"ec2:DeleteVolume\",\n        \"ec2:DeleteVpc\",\n        \"ec2:DeleteVpcEndpoints\",\n        \"ec2:DescribeAvailabilityZones\",\n        \"ec2:DescribeFleetHistory\",\n        \"ec2:DescribeFleetInstances\",\n        \"ec2:DescribeFleets\",\n        \"ec2:DescribeIamInstanceProfileAssociations\",\n        \"ec2:DescribeInstanceStatus\",\n        \"ec2:DescribeInstances\",\n        \"ec2:DescribeInternetGateways\",\n        \"ec2:DescribeLaunchTemplates\",\n        \"ec2:DescribeLaunchTemplateVersions\",\n        \"ec2:DescribeNatGateways\",\n        \"ec2:DescribeNetworkAcls\",\n        \"ec2:DescribePlacementGroups\",\n        \"ec2:DescribePrefixLists\",\n        \"ec2:DescribeReservedInstancesOfferings\",\n        \"ec2:DescribeRouteTables\",\n        \"ec2:DescribeSecurityGroups\",\n        \"ec2:DescribeSpotInstanceRequests\",\n        \"ec2:DescribeSpotPriceHistory\",\n        \"ec2:DescribeSubnets\",\n        \"ec2:DescribeVolumes\",\n        \"ec2:DescribeVpcAttribute\",\n        \"ec2:DescribeVpcs\",\n        \"ec2:DetachInternetGateway\",\n        \"ec2:DetachVolume\",\n        \"ec2:DisassociateIamInstanceProfile\",\n        \"ec2:DisassociateRouteTable\",\n        \"ec2:GetLaunchTemplateData\",\n        \"ec2:GetSpotPlacementScores\",\n        \"ec2:ModifyFleet\",\n        \"ec2:ModifyLaunchTemplate\",\n        \"ec2:ModifyVpcAttribute\",\n        \"ec2:ReleaseAddress\",\n        \"ec2:ReplaceIamInstanceProfileAssociation\",\n        \"ec2:RequestSpotInstances\",\n        \"ec2:RevokeSecurityGroupEgress\",\n        \"ec2:RevokeSecurityGroupIngress\",\n        \"ec2:RunInstances\",\n        \"ec2:TerminateInstances\"\n      ],\n      \"Resource\": \"*\"\n    },\n    {\n      \"Effect\": \"Allow\",\n      \"Action\": [\n        \"iam:CreateServiceLinkedRole\",\n        \"iam:PutRolePolicy\"\n      ],\n      \"Resource\": \"arn:aws:iam::*:role/aws-service-role/spot.amazonaws.com/AWSServiceRoleForEC2Spot\",\n      \"Condition\": {\n        \"StringLike\": {\n          \"iam:AWSServiceName\": \"spot.amazonaws.com\"\n        }\n      }\n    }\n  ]\n}",
            "pass_roles": null
          },
          "sensitive_attributes": []
        }
      ]
    },
    {
      "module": "module.myMwsCredentials[\"mws_credentials_1\"].module.iam_role",
      "mode": "managed",
      "type": "aws_iam_role",
      "name": "iam_role",
      "provider": "provider[\"registry.terraform.io/hashicorp/aws\"]",
      "instances": [
        {
          "schema_version": 0,
          "attributes": {
            "arn": "arn:aws:iam::278280499340:role/databricks-myMwsCredentials1-cross-account-role",
            "assume_role_policy": "{\"Statement\":[{\"Action\":\"sts:AssumeRole\",\"Condition\":{\"StringEquals\":{\"sts:ExternalId\":\"c92415d6-29e6-4584-b2f8-ad3e0d82836d\"}},\"Effect\":\"Allow\",\"Principal\":{\"AWS\":\"arn:aws:iam::414351767826:root\"}}],\"Version\":\"2012-10-17\"}",
            "create_date": "2024-02-28T21:11:33Z",
            "description": "Cross Account Role for Databricks",
            "force_detach_policies": false,
            "id": "databricks-myMwsCredentials1-cross-account-role",
            "inline_policy": [],
            "managed_policy_arns": [],
            "max_session_duration": 3600,
            "name": "databricks-myMwsCredentials1-cross-account-role",
            "name_prefix": "",
            "path": "/",
            "permissions_boundary": "",
            "tags": null,
            "tags_all": {},
            "unique_id": "AROAUBSWPOCGG62DI7XUO"
          },
          "sensitive_attributes": [],
          "private": "bnVsbA==",
          "dependencies": [
            "module.myMwsCredentials.data.databricks_aws_assume_role_policy.aws_assume_role_policy"
          ]
        }
      ]
    },
    {
      "module": "module.myMwsCredentials[\"mws_credentials_1\"].module.iam_role_policy",
      "mode": "managed",
      "type": "aws_iam_role_policy",
      "name": "iam_role_policy",
      "provider": "provider[\"registry.terraform.io/hashicorp/aws\"]",
      "instances": [
        {
          "schema_version": 0,
          "attributes": {
            "id": "databricks-myMwsCredentials1-cross-account-role:databricks-myMwsCredentials1-cross-account-role-policy",
            "name": "databricks-myMwsCredentials1-cross-account-role-policy",
            "name_prefix": "",
            "policy": "{\"Version\":\"2012-10-17\",\"Statement\":[{\"Action\":[\"ec2:AllocateAddress\",\"ec2:AssignPrivateIpAddresses\",\"ec2:AssociateDhcpOptions\",\"ec2:AssociateIamInstanceProfile\",\"ec2:AssociateRouteTable\",\"ec2:AttachInternetGateway\",\"ec2:AttachVolume\",\"ec2:AuthorizeSecurityGroupEgress\",\"ec2:AuthorizeSecurityGroupIngress\",\"ec2:CancelSpotInstanceRequests\",\"ec2:CreateDhcpOptions\",\"ec2:CreateFleet\",\"ec2:CreateInternetGateway\",\"ec2:CreateKeyPair\",\"ec2:CreateLaunchTemplate\",\"ec2:CreateLaunchTemplateVersion\",\"ec2:CreateNatGateway\",\"ec2:CreatePlacementGroup\",\"ec2:CreateRoute\",\"ec2:CreateRouteTable\",\"ec2:CreateSecurityGroup\",\"ec2:CreateSubnet\",\"ec2:CreateTags\",\"ec2:CreateVolume\",\"ec2:CreateVpc\",\"ec2:CreateVpcEndpoint\",\"ec2:DeleteDhcpOptions\",\"ec2:DeleteFleets\",\"ec2:DeleteInternetGateway\",\"ec2:DeleteKeyPair\",\"ec2:DeleteLaunchTemplate\",\"ec2:DeleteLaunchTemplateVersions\",\"ec2:DeleteNatGateway\",\"ec2:DeletePlacementGroup\",\"ec2:DeleteRoute\",\"ec2:DeleteRouteTable\",\"ec2:DeleteSecurityGroup\",\"ec2:DeleteSubnet\",\"ec2:DeleteTags\",\"ec2:DeleteVolume\",\"ec2:DeleteVpc\",\"ec2:DeleteVpcEndpoints\",\"ec2:DescribeAvailabilityZones\",\"ec2:DescribeFleetHistory\",\"ec2:DescribeFleetInstances\",\"ec2:DescribeFleets\",\"ec2:DescribeIamInstanceProfileAssociations\",\"ec2:DescribeInstanceStatus\",\"ec2:DescribeInstances\",\"ec2:DescribeInternetGateways\",\"ec2:DescribeLaunchTemplates\",\"ec2:DescribeLaunchTemplateVersions\",\"ec2:DescribeNatGateways\",\"ec2:DescribeNetworkAcls\",\"ec2:DescribePlacementGroups\",\"ec2:DescribePrefixLists\",\"ec2:DescribeReservedInstancesOfferings\",\"ec2:DescribeRouteTables\",\"ec2:DescribeSecurityGroups\",\"ec2:DescribeSpotInstanceRequests\",\"ec2:DescribeSpotPriceHistory\",\"ec2:DescribeSubnets\",\"ec2:DescribeVolumes\",\"ec2:DescribeVpcAttribute\",\"ec2:DescribeVpcs\",\"ec2:DetachInternetGateway\",\"ec2:DetachVolume\",\"ec2:DisassociateIamInstanceProfile\",\"ec2:DisassociateRouteTable\",\"ec2:GetLaunchTemplateData\",\"ec2:GetSpotPlacementScores\",\"ec2:ModifyFleet\",\"ec2:ModifyLaunchTemplate\",\"ec2:ModifyVpcAttribute\",\"ec2:ReleaseAddress\",\"ec2:ReplaceIamInstanceProfileAssociation\",\"ec2:RequestSpotInstances\",\"ec2:RevokeSecurityGroupEgress\",\"ec2:RevokeSecurityGroupIngress\",\"ec2:RunInstances\",\"ec2:TerminateInstances\"],\"Effect\":\"Allow\",\"Resource\":\"*\"},{\"Action\":[\"iam:CreateServiceLinkedRole\",\"iam:PutRolePolicy\"],\"Condition\":{\"StringLike\":{\"iam:AWSServiceName\":\"spot.amazonaws.com\"}},\"Effect\":\"Allow\",\"Resource\":\"arn:aws:iam::*:role/aws-service-role/spot.amazonaws.com/AWSServiceRoleForEC2Spot\"}]}",
            "role": "databricks-myMwsCredentials1-cross-account-role"
          },
          "sensitive_attributes": [],
          "private": "bnVsbA==",
          "dependencies": [
            "module.myMwsCredentials.data.databricks_aws_assume_role_policy.aws_assume_role_policy",
            "module.myMwsCredentials.data.databricks_aws_crossaccount_policy.aws_crossaccount_policy",
            "module.myMwsCredentials.module.iam_role.aws_iam_role.iam_role"
          ]
        }
      ]
    },
    {
      "module": "module.myMwsCredentials[\"mws_credentials_1\"].module.mws_credentials",
      "mode": "managed",
      "type": "databricks_mws_credentials",
      "name": "mws_credentials",
      "provider": "provider[\"registry.terraform.io/databricks/databricks\"].mws",
      "instances": [
        {
          "schema_version": 0,
          "attributes": {
            "account_id": "c92415d6-29e6-4584-b2f8-ad3e0d82836d",
            "creation_time": 1709154705178,
            "credentials_id": "e3ac4a9b-6b2d-46af-8e2e-54ac035e2f92",
            "credentials_name": "myMwsCredentials1",
            "external_id": "c92415d6-29e6-4584-b2f8-ad3e0d82836d",
            "id": "c92415d6-29e6-4584-b2f8-ad3e0d82836d/e3ac4a9b-6b2d-46af-8e2e-54ac035e2f92",
            "role_arn": "arn:aws:iam::278280499340:role/databricks-myMwsCredentials1-cross-account-role"
          },
          "sensitive_attributes": [],
          "private": "bnVsbA==",
          "dependencies": [
            "module.myMwsCredentials.data.databricks_aws_assume_role_policy.aws_assume_role_policy",
            "module.myMwsCredentials.module.iam_role.aws_iam_role.iam_role",
            "module.myMwsCredentials.module.sleep.time_sleep.sleep"
          ]
        }
      ]
    },
    {
      "module": "module.myMwsCredentials[\"mws_credentials_1\"].module.sleep",
      "mode": "managed",
      "type": "time_sleep",
      "name": "sleep",
      "provider": "provider[\"registry.terraform.io/hashicorp/time\"]",
      "instances": [
        {
          "schema_version": 0,
          "attributes": {
            "create_duration": "10s",
            "destroy_duration": null,
            "id": "2024-02-28T21:11:44Z",
            "triggers": null
          },
          "sensitive_attributes": [],
          "dependencies": [
            "module.myMwsCredentials.data.databricks_aws_assume_role_policy.aws_assume_role_policy",
            "module.myMwsCredentials.module.iam_role.aws_iam_role.iam_role"
          ]
        }
      ]
    },
    {
      "module": "module.myMwsCredentials[\"mws_credentials_2\"]",
      "mode": "data",
      "type": "databricks_aws_assume_role_policy",
      "name": "aws_assume_role_policy",
      "provider": "provider[\"registry.terraform.io/databricks/databricks\"].mws",
      "instances": [
        {
          "schema_version": 0,
          "attributes": {
            "databricks_account_id": "414351767826",
            "external_id": "c92415d6-29e6-4584-b2f8-ad3e0d82836d",
            "for_log_delivery": false,
            "id": "c92415d6-29e6-4584-b2f8-ad3e0d82836d",
            "json": "{\n  \"Version\": \"2012-10-17\",\n  \"Statement\": [\n    {\n      \"Effect\": \"Allow\",\n      \"Action\": \"sts:AssumeRole\",\n      \"Principal\": {\n        \"AWS\": \"arn:aws:iam::414351767826:root\"\n      },\n      \"Condition\": {\n        \"StringEquals\": {\n          \"sts:ExternalId\": \"c92415d6-29e6-4584-b2f8-ad3e0d82836d\"\n        }\n      }\n    }\n  ]\n}"
          },
          "sensitive_attributes": []
        }
      ]
    },
    {
      "module": "module.myMwsCredentials[\"mws_credentials_2\"]",
      "mode": "data",
      "type": "databricks_aws_crossaccount_policy",
      "name": "aws_crossaccount_policy",
      "provider": "provider[\"registry.terraform.io/databricks/databricks\"].mws",
      "instances": [
        {
          "schema_version": 0,
          "attributes": {
            "id": "cross-account",
            "json": "{\n  \"Version\": \"2012-10-17\",\n  \"Statement\": [\n    {\n      \"Effect\": \"Allow\",\n      \"Action\": [\n        \"ec2:AllocateAddress\",\n        \"ec2:AssignPrivateIpAddresses\",\n        \"ec2:AssociateDhcpOptions\",\n        \"ec2:AssociateIamInstanceProfile\",\n        \"ec2:AssociateRouteTable\",\n        \"ec2:AttachInternetGateway\",\n        \"ec2:AttachVolume\",\n        \"ec2:AuthorizeSecurityGroupEgress\",\n        \"ec2:AuthorizeSecurityGroupIngress\",\n        \"ec2:CancelSpotInstanceRequests\",\n        \"ec2:CreateDhcpOptions\",\n        \"ec2:CreateFleet\",\n        \"ec2:CreateInternetGateway\",\n        \"ec2:CreateKeyPair\",\n        \"ec2:CreateLaunchTemplate\",\n        \"ec2:CreateLaunchTemplateVersion\",\n        \"ec2:CreateNatGateway\",\n        \"ec2:CreatePlacementGroup\",\n        \"ec2:CreateRoute\",\n        \"ec2:CreateRouteTable\",\n        \"ec2:CreateSecurityGroup\",\n        \"ec2:CreateSubnet\",\n        \"ec2:CreateTags\",\n        \"ec2:CreateVolume\",\n        \"ec2:CreateVpc\",\n        \"ec2:CreateVpcEndpoint\",\n        \"ec2:DeleteDhcpOptions\",\n        \"ec2:DeleteFleets\",\n        \"ec2:DeleteInternetGateway\",\n        \"ec2:DeleteKeyPair\",\n        \"ec2:DeleteLaunchTemplate\",\n        \"ec2:DeleteLaunchTemplateVersions\",\n        \"ec2:DeleteNatGateway\",\n        \"ec2:DeletePlacementGroup\",\n        \"ec2:DeleteRoute\",\n        \"ec2:DeleteRouteTable\",\n        \"ec2:DeleteSecurityGroup\",\n        \"ec2:DeleteSubnet\",\n        \"ec2:DeleteTags\",\n        \"ec2:DeleteVolume\",\n        \"ec2:DeleteVpc\",\n        \"ec2:DeleteVpcEndpoints\",\n        \"ec2:DescribeAvailabilityZones\",\n        \"ec2:DescribeFleetHistory\",\n        \"ec2:DescribeFleetInstances\",\n        \"ec2:DescribeFleets\",\n        \"ec2:DescribeIamInstanceProfileAssociations\",\n        \"ec2:DescribeInstanceStatus\",\n        \"ec2:DescribeInstances\",\n        \"ec2:DescribeInternetGateways\",\n        \"ec2:DescribeLaunchTemplates\",\n        \"ec2:DescribeLaunchTemplateVersions\",\n        \"ec2:DescribeNatGateways\",\n        \"ec2:DescribeNetworkAcls\",\n        \"ec2:DescribePlacementGroups\",\n        \"ec2:DescribePrefixLists\",\n        \"ec2:DescribeReservedInstancesOfferings\",\n        \"ec2:DescribeRouteTables\",\n        \"ec2:DescribeSecurityGroups\",\n        \"ec2:DescribeSpotInstanceRequests\",\n        \"ec2:DescribeSpotPriceHistory\",\n        \"ec2:DescribeSubnets\",\n        \"ec2:DescribeVolumes\",\n        \"ec2:DescribeVpcAttribute\",\n        \"ec2:DescribeVpcs\",\n        \"ec2:DetachInternetGateway\",\n        \"ec2:DetachVolume\",\n        \"ec2:DisassociateIamInstanceProfile\",\n        \"ec2:DisassociateRouteTable\",\n        \"ec2:GetLaunchTemplateData\",\n        \"ec2:GetSpotPlacementScores\",\n        \"ec2:ModifyFleet\",\n        \"ec2:ModifyLaunchTemplate\",\n        \"ec2:ModifyVpcAttribute\",\n        \"ec2:ReleaseAddress\",\n        \"ec2:ReplaceIamInstanceProfileAssociation\",\n        \"ec2:RequestSpotInstances\",\n        \"ec2:RevokeSecurityGroupEgress\",\n        \"ec2:RevokeSecurityGroupIngress\",\n        \"ec2:RunInstances\",\n        \"ec2:TerminateInstances\"\n      ],\n      \"Resource\": \"*\"\n    },\n    {\n      \"Effect\": \"Allow\",\n      \"Action\": [\n        \"iam:CreateServiceLinkedRole\",\n        \"iam:PutRolePolicy\"\n      ],\n      \"Resource\": \"arn:aws:iam::*:role/aws-service-role/spot.amazonaws.com/AWSServiceRoleForEC2Spot\",\n      \"Condition\": {\n        \"StringLike\": {\n          \"iam:AWSServiceName\": \"spot.amazonaws.com\"\n        }\n      }\n    }\n  ]\n}",
            "pass_roles": null
          },
          "sensitive_attributes": []
        }
      ]
    },
    {
      "module": "module.myMwsCredentials[\"mws_credentials_2\"].module.iam_role",
      "mode": "managed",
      "type": "aws_iam_role",
      "name": "iam_role",
      "provider": "provider[\"registry.terraform.io/hashicorp/aws\"]",
      "instances": [
        {
          "schema_version": 0,
          "attributes": {
            "arn": "arn:aws:iam::278280499340:role/databricks-myMwsCredentials2-cross-account-role",
            "assume_role_policy": "{\"Statement\":[{\"Action\":\"sts:AssumeRole\",\"Condition\":{\"StringEquals\":{\"sts:ExternalId\":\"c92415d6-29e6-4584-b2f8-ad3e0d82836d\"}},\"Effect\":\"Allow\",\"Principal\":{\"AWS\":\"arn:aws:iam::414351767826:root\"}}],\"Version\":\"2012-10-17\"}",
            "create_date": "2024-02-28T21:11:33Z",
            "description": "Cross Account Role for Databricks",
            "force_detach_policies": false,
            "id": "databricks-myMwsCredentials2-cross-account-role",
            "inline_policy": [],
            "managed_policy_arns": [],
            "max_session_duration": 3600,
            "name": "databricks-myMwsCredentials2-cross-account-role",
            "name_prefix": "",
            "path": "/",
            "permissions_boundary": "",
            "tags": null,
            "tags_all": {},
            "unique_id": "AROAUBSWPOCGDV3775H5Q"
          },
          "sensitive_attributes": [],
          "private": "bnVsbA==",
          "dependencies": [
            "module.myMwsCredentials.data.databricks_aws_assume_role_policy.aws_assume_role_policy"
          ]
        }
      ]
    },
    {
      "module": "module.myMwsCredentials[\"mws_credentials_2\"].module.iam_role_policy",
      "mode": "managed",
      "type": "aws_iam_role_policy",
      "name": "iam_role_policy",
      "provider": "provider[\"registry.terraform.io/hashicorp/aws\"]",
      "instances": [
        {
          "schema_version": 0,
          "attributes": {
            "id": "databricks-myMwsCredentials2-cross-account-role:databricks-myMwsCredentials2-cross-account-role-policy",
            "name": "databricks-myMwsCredentials2-cross-account-role-policy",
            "name_prefix": "",
            "policy": "{\"Version\":\"2012-10-17\",\"Statement\":[{\"Action\":[\"ec2:AllocateAddress\",\"ec2:AssignPrivateIpAddresses\",\"ec2:AssociateDhcpOptions\",\"ec2:AssociateIamInstanceProfile\",\"ec2:AssociateRouteTable\",\"ec2:AttachInternetGateway\",\"ec2:AttachVolume\",\"ec2:AuthorizeSecurityGroupEgress\",\"ec2:AuthorizeSecurityGroupIngress\",\"ec2:CancelSpotInstanceRequests\",\"ec2:CreateDhcpOptions\",\"ec2:CreateFleet\",\"ec2:CreateInternetGateway\",\"ec2:CreateKeyPair\",\"ec2:CreateLaunchTemplate\",\"ec2:CreateLaunchTemplateVersion\",\"ec2:CreateNatGateway\",\"ec2:CreatePlacementGroup\",\"ec2:CreateRoute\",\"ec2:CreateRouteTable\",\"ec2:CreateSecurityGroup\",\"ec2:CreateSubnet\",\"ec2:CreateTags\",\"ec2:CreateVolume\",\"ec2:CreateVpc\",\"ec2:CreateVpcEndpoint\",\"ec2:DeleteDhcpOptions\",\"ec2:DeleteFleets\",\"ec2:DeleteInternetGateway\",\"ec2:DeleteKeyPair\",\"ec2:DeleteLaunchTemplate\",\"ec2:DeleteLaunchTemplateVersions\",\"ec2:DeleteNatGateway\",\"ec2:DeletePlacementGroup\",\"ec2:DeleteRoute\",\"ec2:DeleteRouteTable\",\"ec2:DeleteSecurityGroup\",\"ec2:DeleteSubnet\",\"ec2:DeleteTags\",\"ec2:DeleteVolume\",\"ec2:DeleteVpc\",\"ec2:DeleteVpcEndpoints\",\"ec2:DescribeAvailabilityZones\",\"ec2:DescribeFleetHistory\",\"ec2:DescribeFleetInstances\",\"ec2:DescribeFleets\",\"ec2:DescribeIamInstanceProfileAssociations\",\"ec2:DescribeInstanceStatus\",\"ec2:DescribeInstances\",\"ec2:DescribeInternetGateways\",\"ec2:DescribeLaunchTemplates\",\"ec2:DescribeLaunchTemplateVersions\",\"ec2:DescribeNatGateways\",\"ec2:DescribeNetworkAcls\",\"ec2:DescribePlacementGroups\",\"ec2:DescribePrefixLists\",\"ec2:DescribeReservedInstancesOfferings\",\"ec2:DescribeRouteTables\",\"ec2:DescribeSecurityGroups\",\"ec2:DescribeSpotInstanceRequests\",\"ec2:DescribeSpotPriceHistory\",\"ec2:DescribeSubnets\",\"ec2:DescribeVolumes\",\"ec2:DescribeVpcAttribute\",\"ec2:DescribeVpcs\",\"ec2:DetachInternetGateway\",\"ec2:DetachVolume\",\"ec2:DisassociateIamInstanceProfile\",\"ec2:DisassociateRouteTable\",\"ec2:GetLaunchTemplateData\",\"ec2:GetSpotPlacementScores\",\"ec2:ModifyFleet\",\"ec2:ModifyLaunchTemplate\",\"ec2:ModifyVpcAttribute\",\"ec2:ReleaseAddress\",\"ec2:ReplaceIamInstanceProfileAssociation\",\"ec2:RequestSpotInstances\",\"ec2:RevokeSecurityGroupEgress\",\"ec2:RevokeSecurityGroupIngress\",\"ec2:RunInstances\",\"ec2:TerminateInstances\"],\"Effect\":\"Allow\",\"Resource\":\"*\"},{\"Action\":[\"iam:CreateServiceLinkedRole\",\"iam:PutRolePolicy\"],\"Condition\":{\"StringLike\":{\"iam:AWSServiceName\":\"spot.amazonaws.com\"}},\"Effect\":\"Allow\",\"Resource\":\"arn:aws:iam::*:role/aws-service-role/spot.amazonaws.com/AWSServiceRoleForEC2Spot\"}]}",
            "role": "databricks-myMwsCredentials2-cross-account-role"
          },
          "sensitive_attributes": [],
          "private": "bnVsbA==",
          "dependencies": [
            "module.myMwsCredentials.data.databricks_aws_assume_role_policy.aws_assume_role_policy",
            "module.myMwsCredentials.data.databricks_aws_crossaccount_policy.aws_crossaccount_policy",
            "module.myMwsCredentials.module.iam_role.aws_iam_role.iam_role"
          ]
        }
      ]
    },
    {
      "module": "module.myMwsCredentials[\"mws_credentials_2\"].module.mws_credentials",
      "mode": "managed",
      "type": "databricks_mws_credentials",
      "name": "mws_credentials",
      "provider": "provider[\"registry.terraform.io/databricks/databricks\"].mws",
      "instances": [
        {
          "schema_version": 0,
          "attributes": {
            "account_id": "c92415d6-29e6-4584-b2f8-ad3e0d82836d",
            "creation_time": 1709154705114,
            "credentials_id": "3058a0df-2c4f-45f9-8f34-de9cb86d2ee6",
            "credentials_name": "myMwsCredentials2",
            "external_id": "c92415d6-29e6-4584-b2f8-ad3e0d82836d",
            "id": "c92415d6-29e6-4584-b2f8-ad3e0d82836d/3058a0df-2c4f-45f9-8f34-de9cb86d2ee6",
            "role_arn": "arn:aws:iam::278280499340:role/databricks-myMwsCredentials2-cross-account-role"
          },
          "sensitive_attributes": [],
          "private": "bnVsbA==",
          "dependencies": [
            "module.myMwsCredentials.data.databricks_aws_assume_role_policy.aws_assume_role_policy",
            "module.myMwsCredentials.module.iam_role.aws_iam_role.iam_role",
            "module.myMwsCredentials.module.sleep.time_sleep.sleep"
          ]
        }
      ]
    },
    {
      "module": "module.myMwsCredentials[\"mws_credentials_2\"].module.sleep",
      "mode": "managed",
      "type": "time_sleep",
      "name": "sleep",
      "provider": "provider[\"registry.terraform.io/hashicorp/time\"]",
      "instances": [
        {
          "schema_version": 0,
          "attributes": {
            "create_duration": "10s",
            "destroy_duration": null,
            "id": "2024-02-28T21:11:44Z",
            "triggers": null
          },
          "sensitive_attributes": [],
          "dependencies": [
            "module.myMwsCredentials.data.databricks_aws_assume_role_policy.aws_assume_role_policy",
            "module.myMwsCredentials.module.iam_role.aws_iam_role.iam_role"
          ]
        }
      ]
    },
    {
      "module": "module.myMwsNetworks[\"mws_networks_1\"].module.mws_networks",
      "mode": "managed",
      "type": "databricks_mws_networks",
      "name": "mws_networks",
      "provider": "provider[\"registry.terraform.io/databricks/databricks\"].mws",
      "instances": [
        {
          "schema_version": 0,
          "attributes": {
            "account_id": "c92415d6-29e6-4584-b2f8-ad3e0d82836d",
            "creation_time": 1709154771889,
            "error_messages": null,
            "gcp_network_info": [],
            "id": "c92415d6-29e6-4584-b2f8-ad3e0d82836d/a7eef55e-61e6-4237-b679-47c1e160ae10",
            "network_id": "a7eef55e-61e6-4237-b679-47c1e160ae10",
            "network_name": "myMwsNetworks1",
            "security_group_ids": [
              "sg-0a9cacbd5b6f4a743"
            ],
            "subnet_ids": [
              "subnet-0c9d5258064e3b274",
              "subnet-0fdadb93b0171647d"
            ],
            "vpc_endpoints": [
              {
                "dataplane_relay": [
                  "c6e58b28-3f81-4a5b-9590-2b19b782778d"
                ],
                "rest_api": [
                  "84fcf6e6-65dd-4bbd-8ae7-b5290f595174"
                ]
              }
            ],
            "vpc_id": "vpc-0efc3728e364be4ae",
            "vpc_status": "UNATTACHED",
            "workspace_id": 0
          },
          "sensitive_attributes": [],
          "private": "bnVsbA==",
          "dependencies": [
            "module.myMwsVpcEndpoints.module.mws_vpc_endpoint.databricks_mws_vpc_endpoint.mws_vpc_endpoint",
            "module.myRouteTables.module.route_table.aws_route_table.route_table",
            "module.mySecurityGroups.module.security_group.aws_security_group.security_group",
            "module.mySubnets.module.route_table_association.aws_route_table_association.route_table_association",
            "module.mySubnets.module.subnet.aws_subnet.subnet",
            "module.myVpcEndpoints.module.vpc_endpoint.aws_vpc_endpoint.vpc_endpoint",
            "module.myVpcs.module.vpc.aws_vpc.vpc"
          ]
        }
      ]
    },
    {
      "module": "module.myMwsPrivateAccessSettings[\"mws_private_access_settings_1\"].module.mws_private_access_settings",
      "mode": "managed",
      "type": "databricks_mws_private_access_settings",
      "name": "mws_private_access_settings",
      "provider": "provider[\"registry.terraform.io/databricks/databricks\"].mws",
      "instances": [
        {
          "schema_version": 0,
          "attributes": {
            "account_id": "c92415d6-29e6-4584-b2f8-ad3e0d82836d",
            "allowed_vpc_endpoint_ids": null,
            "id": "c92415d6-29e6-4584-b2f8-ad3e0d82836d/e81d5c83-a96e-48ea-9d88-2f89b1e834b1",
            "private_access_level": "ACCOUNT",
            "private_access_settings_id": "e81d5c83-a96e-48ea-9d88-2f89b1e834b1",
            "private_access_settings_name": "myMwsPrivateAccessSettings1",
            "public_access_enabled": true,
            "region": "ap-northeast-1"
          },
          "sensitive_attributes": [],
          "private": "bnVsbA=="
        }
      ]
    },
    {
      "module": "module.myMwsStorageConfigurations[\"mws_storage_configurations_1\"]",
      "mode": "data",
      "type": "databricks_aws_bucket_policy",
      "name": "this",
      "provider": "provider[\"registry.terraform.io/databricks/databricks\"].mws",
      "instances": [
        {
          "schema_version": 0,
          "attributes": {
            "bucket": "mys31-20240225",
            "databricks_account_id": "414351767826",
            "databricks_e2_account_id": null,
            "full_access_role": null,
            "id": "mys31-20240225",
            "json": "{\n  \"Version\": \"2012-10-17\",\n  \"Statement\": [\n    {\n      \"Effect\": \"Allow\",\n      \"Action\": [\n        \"s3:GetObject\",\n        \"s3:GetObjectVersion\",\n        \"s3:PutObject\",\n        \"s3:DeleteObject\",\n        \"s3:ListBucket\",\n        \"s3:GetBucketLocation\"\n      ],\n      \"Resource\": [\n        \"arn:aws:s3:::mys31-20240225/*\",\n        \"arn:aws:s3:::mys31-20240225\"\n      ],\n      \"Principal\": {\n        \"AWS\": \"arn:aws:iam::414351767826:root\"\n      }\n    }\n  ]\n}"
          },
          "sensitive_attributes": []
        }
      ]
    },
    {
      "module": "module.myMwsStorageConfigurations[\"mws_storage_configurations_1\"].module.mws_storage_configurations",
      "mode": "managed",
      "type": "databricks_mws_storage_configurations",
      "name": "mws_storage_configurations",
      "provider": "provider[\"registry.terraform.io/databricks/databricks\"].mws",
      "instances": [
        {
          "schema_version": 0,
          "attributes": {
            "account_id": "c92415d6-29e6-4584-b2f8-ad3e0d82836d",
            "bucket_name": "mys31-20240225",
            "creation_time": 1709154696877,
            "id": "c92415d6-29e6-4584-b2f8-ad3e0d82836d/ed94066e-52e4-475b-a82e-de9c8643b802",
            "storage_configuration_id": "ed94066e-52e4-475b-a82e-de9c8643b802",
            "storage_configuration_name": "myMwsStorageConfigurations1"
          },
          "sensitive_attributes": [],
          "private": "bnVsbA==",
          "dependencies": [
            "module.myS3Buckets.module.s3_bucket.aws_s3_bucket.s3_bucket",
            "module.myS3Buckets.module.s3_bucket_public_access_block.aws_s3_bucket_public_access_block.s3_bucket_public_access_block",
            "module.myS3Buckets.module.s3_bucket_server_side_encryption_configuration.aws_s3_bucket_server_side_encryption_configuration.s3_bucket_server_side_encryption_configuration",
            "module.myS3Buckets.module.s3_bucket_versioning.aws_s3_bucket_versioning.s3_bucket_versioning"
          ]
        }
      ]
    },
    {
      "module": "module.myMwsStorageConfigurations[\"mws_storage_configurations_1\"].module.s3_bucket_policy",
      "mode": "managed",
      "type": "aws_s3_bucket_policy",
      "name": "s3_bucket_policy",
      "provider": "provider[\"registry.terraform.io/hashicorp/aws\"]",
      "instances": [
        {
          "schema_version": 0,
          "attributes": {
            "bucket": "mys31-20240225",
            "id": "mys31-20240225",
            "policy": "{\"Statement\":[{\"Action\":[\"s3:GetObject\",\"s3:GetObjectVersion\",\"s3:PutObject\",\"s3:DeleteObject\",\"s3:ListBucket\",\"s3:GetBucketLocation\"],\"Effect\":\"Allow\",\"Principal\":{\"AWS\":\"arn:aws:iam::414351767826:root\"},\"Resource\":[\"arn:aws:s3:::mys31-20240225/*\",\"arn:aws:s3:::mys31-20240225\"]}],\"Version\":\"2012-10-17\"}"
          },
          "sensitive_attributes": [],
          "private": "bnVsbA==",
          "dependencies": [
            "module.myMwsStorageConfigurations.data.databricks_aws_bucket_policy.this",
            "module.myS3Buckets.module.s3_bucket.aws_s3_bucket.s3_bucket",
            "module.myS3Buckets.module.s3_bucket_public_access_block.aws_s3_bucket_public_access_block.s3_bucket_public_access_block",
            "module.myS3Buckets.module.s3_bucket_server_side_encryption_configuration.aws_s3_bucket_server_side_encryption_configuration.s3_bucket_server_side_encryption_configuration",
            "module.myS3Buckets.module.s3_bucket_versioning.aws_s3_bucket_versioning.s3_bucket_versioning"
          ]
        }
      ]
    },
    {
      "module": "module.myMwsVpcEndpoints[\"mws_vpc_endpoint_1\"].module.mws_vpc_endpoint",
      "mode": "managed",
      "type": "databricks_mws_vpc_endpoint",
      "name": "mws_vpc_endpoint",
      "provider": "provider[\"registry.terraform.io/databricks/databricks\"].mws",
      "instances": [
        {
          "schema_version": 0,
          "attributes": {
            "account_id": "c92415d6-29e6-4584-b2f8-ad3e0d82836d",
            "aws_account_id": "278280499340",
            "aws_endpoint_service_id": "vpce-svc-02691fd610d24fd64",
            "aws_vpc_endpoint_id": "vpce-09d8ac3e11e6d3452",
            "gcp_vpc_endpoint_info": [],
            "id": "c92415d6-29e6-4584-b2f8-ad3e0d82836d/84fcf6e6-65dd-4bbd-8ae7-b5290f595174",
            "region": "ap-northeast-1",
            "state": "available",
            "use_case": "WORKSPACE_ACCESS",
            "vpc_endpoint_id": "84fcf6e6-65dd-4bbd-8ae7-b5290f595174",
            "vpc_endpoint_name": "myMwsVpcEndpoints1"
          },
          "sensitive_attributes": [],
          "private": "bnVsbA==",
          "dependencies": [
            "module.myRouteTables.module.route_table.aws_route_table.route_table",
            "module.mySecurityGroups.module.security_group.aws_security_group.security_group",
            "module.mySubnets.module.route_table_association.aws_route_table_association.route_table_association",
            "module.mySubnets.module.subnet.aws_subnet.subnet",
            "module.myVpcEndpoints.module.vpc_endpoint.aws_vpc_endpoint.vpc_endpoint",
            "module.myVpcs.module.vpc.aws_vpc.vpc"
          ]
        }
      ]
    },
    {
      "module": "module.myMwsVpcEndpoints[\"mws_vpc_endpoint_2\"].module.mws_vpc_endpoint",
      "mode": "managed",
      "type": "databricks_mws_vpc_endpoint",
      "name": "mws_vpc_endpoint",
      "provider": "provider[\"registry.terraform.io/databricks/databricks\"].mws",
      "instances": [
        {
          "schema_version": 0,
          "attributes": {
            "account_id": "c92415d6-29e6-4584-b2f8-ad3e0d82836d",
            "aws_account_id": "278280499340",
            "aws_endpoint_service_id": "vpce-svc-02aa633bda3edbec0",
            "aws_vpc_endpoint_id": "vpce-004f3e947a88c96e9",
            "gcp_vpc_endpoint_info": [],
            "id": "c92415d6-29e6-4584-b2f8-ad3e0d82836d/c6e58b28-3f81-4a5b-9590-2b19b782778d",
            "region": "ap-northeast-1",
            "state": "available",
            "use_case": "DATAPLANE_RELAY_ACCESS",
            "vpc_endpoint_id": "c6e58b28-3f81-4a5b-9590-2b19b782778d",
            "vpc_endpoint_name": "myMwsVpcEndpoints2"
          },
          "sensitive_attributes": [],
          "private": "bnVsbA==",
          "dependencies": [
            "module.myRouteTables.module.route_table.aws_route_table.route_table",
            "module.mySecurityGroups.module.security_group.aws_security_group.security_group",
            "module.mySubnets.module.route_table_association.aws_route_table_association.route_table_association",
            "module.mySubnets.module.subnet.aws_subnet.subnet",
            "module.myVpcEndpoints.module.vpc_endpoint.aws_vpc_endpoint.vpc_endpoint",
            "module.myVpcs.module.vpc.aws_vpc.vpc"
          ]
        }
      ]
    },
    {
      "module": "module.myMwsWorkspaces[\"mws_workspaces_1\"]",
      "mode": "data",
      "type": "databricks_user",
      "name": "admin_user",
      "provider": "provider[\"registry.terraform.io/databricks/databricks\"].mws",
      "instances": [
        {
          "schema_version": 0,
          "attributes": {
            "acl_principal_id": "users/ihsotas@adawak.net",
            "alphanumeric": "ihsotas",
            "application_id": "",
            "display_name": "SATOSHI KAWADA",
            "external_id": "",
            "home": "/Users/ihsotas@adawak.net",
            "id": "1061178695831015",
            "repos": "/Repos/ihsotas@adawak.net",
            "user_id": null,
            "user_name": "ihsotas@adawak.net"
          },
          "sensitive_attributes": []
        }
      ]
    },
    {
      "module": "module.myMwsWorkspaces[\"mws_workspaces_1\"].module.metastore_assignment",
      "mode": "managed",
      "type": "databricks_metastore_assignment",
      "name": "metastore_assignment",
      "provider": "provider[\"registry.terraform.io/databricks/databricks\"].mws",
      "instances": [
        {
          "schema_version": 0,
          "attributes": {
            "default_catalog_name": "hive_metastore",
            "id": "6329809466645210|3a080c79-8dc4-49d9-87be-3483b505a0f7",
            "metastore_id": "3a080c79-8dc4-49d9-87be-3483b505a0f7",
            "workspace_id": 6329809466645210
          },
          "sensitive_attributes": [],
          "private": "bnVsbA==",
          "dependencies": [
            "module.myMetastores.module.metastore.databricks_metastore.metastore",
            "module.myMwsCredentials.data.databricks_aws_assume_role_policy.aws_assume_role_policy",
            "module.myMwsCredentials.data.databricks_aws_crossaccount_policy.aws_crossaccount_policy",
            "module.myMwsCredentials.module.iam_role.aws_iam_role.iam_role",
            "module.myMwsCredentials.module.iam_role_policy.aws_iam_role_policy.iam_role_policy",
            "module.myMwsCredentials.module.mws_credentials.databricks_mws_credentials.mws_credentials",
            "module.myMwsCredentials.module.sleep.time_sleep.sleep",
            "module.myMwsNetworks.module.mws_networks.databricks_mws_networks.mws_networks",
            "module.myMwsPrivateAccessSettings.module.mws_private_access_settings.databricks_mws_private_access_settings.mws_private_access_settings",
            "module.myMwsStorageConfigurations.data.databricks_aws_bucket_policy.this",
            "module.myMwsStorageConfigurations.module.mws_storage_configurations.databricks_mws_storage_configurations.mws_storage_configurations",
            "module.myMwsStorageConfigurations.module.s3_bucket_policy.aws_s3_bucket_policy.s3_bucket_policy",
            "module.myMwsVpcEndpoints.module.mws_vpc_endpoint.databricks_mws_vpc_endpoint.mws_vpc_endpoint",
            "module.myMwsWorkspaces.module.mws_workspaces.databricks_mws_workspaces.mws_workspaces",
            "module.myRouteTables.module.route_table.aws_route_table.route_table",
            "module.myS3Buckets.module.s3_bucket.aws_s3_bucket.s3_bucket",
            "module.myS3Buckets.module.s3_bucket_public_access_block.aws_s3_bucket_public_access_block.s3_bucket_public_access_block",
            "module.myS3Buckets.module.s3_bucket_server_side_encryption_configuration.aws_s3_bucket_server_side_encryption_configuration.s3_bucket_server_side_encryption_configuration",
            "module.myS3Buckets.module.s3_bucket_versioning.aws_s3_bucket_versioning.s3_bucket_versioning",
            "module.mySecurityGroups.module.security_group.aws_security_group.security_group",
            "module.mySubnets.module.route_table_association.aws_route_table_association.route_table_association",
            "module.mySubnets.module.subnet.aws_subnet.subnet",
            "module.myVpcEndpoints.module.vpc_endpoint.aws_vpc_endpoint.vpc_endpoint",
            "module.myVpcs.module.vpc.aws_vpc.vpc"
          ]
        }
      ]
    },
    {
      "module": "module.myMwsWorkspaces[\"mws_workspaces_1\"].module.mws_permission_assignment",
      "mode": "managed",
      "type": "databricks_mws_permission_assignment",
      "name": "mws_permission_assignment",
      "provider": "provider[\"registry.terraform.io/databricks/databricks\"].mws",
      "instances": [
        {
          "schema_version": 0,
          "attributes": {
            "id": "6329809466645210|1061178695831015",
            "permissions": [
              "ADMIN"
            ],
            "principal_id": 1061178695831015,
            "workspace_id": 6329809466645210
          },
          "sensitive_attributes": [],
          "private": "bnVsbA==",
          "dependencies": [
            "module.myMetastores.module.metastore.databricks_metastore.metastore",
            "module.myMwsCredentials.data.databricks_aws_assume_role_policy.aws_assume_role_policy",
            "module.myMwsCredentials.data.databricks_aws_crossaccount_policy.aws_crossaccount_policy",
            "module.myMwsCredentials.module.iam_role.aws_iam_role.iam_role",
            "module.myMwsCredentials.module.iam_role_policy.aws_iam_role_policy.iam_role_policy",
            "module.myMwsCredentials.module.mws_credentials.databricks_mws_credentials.mws_credentials",
            "module.myMwsCredentials.module.sleep.time_sleep.sleep",
            "module.myMwsNetworks.module.mws_networks.databricks_mws_networks.mws_networks",
            "module.myMwsPrivateAccessSettings.module.mws_private_access_settings.databricks_mws_private_access_settings.mws_private_access_settings",
            "module.myMwsStorageConfigurations.data.databricks_aws_bucket_policy.this",
            "module.myMwsStorageConfigurations.module.mws_storage_configurations.databricks_mws_storage_configurations.mws_storage_configurations",
            "module.myMwsStorageConfigurations.module.s3_bucket_policy.aws_s3_bucket_policy.s3_bucket_policy",
            "module.myMwsVpcEndpoints.module.mws_vpc_endpoint.databricks_mws_vpc_endpoint.mws_vpc_endpoint",
            "module.myMwsWorkspaces.data.databricks_user.admin_user",
            "module.myMwsWorkspaces.module.metastore_assignment.databricks_metastore_assignment.metastore_assignment",
            "module.myMwsWorkspaces.module.mws_workspaces.databricks_mws_workspaces.mws_workspaces",
            "module.myRouteTables.module.route_table.aws_route_table.route_table",
            "module.myS3Buckets.module.s3_bucket.aws_s3_bucket.s3_bucket",
            "module.myS3Buckets.module.s3_bucket_public_access_block.aws_s3_bucket_public_access_block.s3_bucket_public_access_block",
            "module.myS3Buckets.module.s3_bucket_server_side_encryption_configuration.aws_s3_bucket_server_side_encryption_configuration.s3_bucket_server_side_encryption_configuration",
            "module.myS3Buckets.module.s3_bucket_versioning.aws_s3_bucket_versioning.s3_bucket_versioning",
            "module.mySecurityGroups.module.security_group.aws_security_group.security_group",
            "module.mySubnets.module.route_table_association.aws_route_table_association.route_table_association",
            "module.mySubnets.module.subnet.aws_subnet.subnet",
            "module.myVpcEndpoints.module.vpc_endpoint.aws_vpc_endpoint.vpc_endpoint",
            "module.myVpcs.module.vpc.aws_vpc.vpc"
          ]
        }
      ]
    },
    {
      "module": "module.myMwsWorkspaces[\"mws_workspaces_1\"].module.mws_workspaces",
      "mode": "managed",
      "type": "databricks_mws_workspaces",
      "name": "mws_workspaces",
      "provider": "provider[\"registry.terraform.io/databricks/databricks\"].mws",
      "instances": [
        {
          "schema_version": 3,
          "attributes": {
            "account_id": "c92415d6-29e6-4584-b2f8-ad3e0d82836d",
            "aws_region": "ap-northeast-1",
            "cloud": null,
            "cloud_resource_container": [],
            "creation_time": 1709154779048,
            "credentials_id": "e3ac4a9b-6b2d-46af-8e2e-54ac035e2f92",
            "custom_tags": null,
            "customer_managed_key_id": null,
            "deployment_name": "dbc-f13509cc-8a14",
            "external_customer_info": [],
            "gcp_managed_network_config": [],
            "gke_config": [],
            "id": "c92415d6-29e6-4584-b2f8-ad3e0d82836d/6329809466645210",
            "is_no_public_ip_enabled": true,
            "location": null,
            "managed_services_customer_managed_key_id": null,
            "network_id": "a7eef55e-61e6-4237-b679-47c1e160ae10",
            "pricing_tier": "ENTERPRISE",
            "private_access_settings_id": "e81d5c83-a96e-48ea-9d88-2f89b1e834b1",
            "storage_configuration_id": "ed94066e-52e4-475b-a82e-de9c8643b802",
            "storage_customer_managed_key_id": null,
            "timeouts": null,
            "token": [],
            "workspace_id": 6329809466645210,
            "workspace_name": "myMwsWorkspaces1",
            "workspace_status": "RUNNING",
            "workspace_status_message": "Workspace is running.",
            "workspace_url": "https://dbc-f13509cc-8a14.cloud.databricks.com"
          },
          "sensitive_attributes": [],
          "private": "eyJlMmJmYjczMC1lY2FhLTExZTYtOGY4OC0zNDM2M2JjN2M0YzAiOnsiY3JlYXRlIjoxMjAwMDAwMDAwMDAwLCJyZWFkIjoxMjAwMDAwMDAwMDAwLCJ1cGRhdGUiOjEyMDAwMDAwMDAwMDB9LCJzY2hlbWFfdmVyc2lvbiI6IjMifQ==",
          "dependencies": [
            "module.myMwsCredentials.data.databricks_aws_assume_role_policy.aws_assume_role_policy",
            "module.myMwsCredentials.data.databricks_aws_crossaccount_policy.aws_crossaccount_policy",
            "module.myMwsCredentials.module.iam_role.aws_iam_role.iam_role",
            "module.myMwsCredentials.module.iam_role_policy.aws_iam_role_policy.iam_role_policy",
            "module.myMwsCredentials.module.mws_credentials.databricks_mws_credentials.mws_credentials",
            "module.myMwsCredentials.module.sleep.time_sleep.sleep",
            "module.myMwsNetworks.module.mws_networks.databricks_mws_networks.mws_networks",
            "module.myMwsPrivateAccessSettings.module.mws_private_access_settings.databricks_mws_private_access_settings.mws_private_access_settings",
            "module.myMwsStorageConfigurations.data.databricks_aws_bucket_policy.this",
            "module.myMwsStorageConfigurations.module.mws_storage_configurations.databricks_mws_storage_configurations.mws_storage_configurations",
            "module.myMwsStorageConfigurations.module.s3_bucket_policy.aws_s3_bucket_policy.s3_bucket_policy",
            "module.myMwsVpcEndpoints.module.mws_vpc_endpoint.databricks_mws_vpc_endpoint.mws_vpc_endpoint",
            "module.myRouteTables.module.route_table.aws_route_table.route_table",
            "module.myS3Buckets.module.s3_bucket.aws_s3_bucket.s3_bucket",
            "module.myS3Buckets.module.s3_bucket_public_access_block.aws_s3_bucket_public_access_block.s3_bucket_public_access_block",
            "module.myS3Buckets.module.s3_bucket_server_side_encryption_configuration.aws_s3_bucket_server_side_encryption_configuration.s3_bucket_server_side_encryption_configuration",
            "module.myS3Buckets.module.s3_bucket_versioning.aws_s3_bucket_versioning.s3_bucket_versioning",
            "module.mySecurityGroups.module.security_group.aws_security_group.security_group",
            "module.mySubnets.module.route_table_association.aws_route_table_association.route_table_association",
            "module.mySubnets.module.subnet.aws_subnet.subnet",
            "module.myVpcEndpoints.module.vpc_endpoint.aws_vpc_endpoint.vpc_endpoint",
            "module.myVpcs.module.vpc.aws_vpc.vpc"
          ]
        }
      ]
    },
    {
      "module": "module.myNatGateways[\"nat_gateway_1\"].module.nat_gateway",
      "mode": "managed",
      "type": "aws_nat_gateway",
      "name": "nat_gateway",
      "provider": "provider[\"registry.terraform.io/hashicorp/aws\"]",
      "instances": [
        {
          "schema_version": 0,
          "attributes": {
            "allocation_id": "eipalloc-01548956c29815f0b",
            "association_id": "eipassoc-0c0fc32b8e2aee03d",
            "connectivity_type": "public",
            "id": "nat-045b1d62b9bf46bcf",
            "network_interface_id": "eni-05764b6f92fed4497",
            "private_ip": "10.128.0.247",
            "public_ip": "35.77.142.65",
            "secondary_allocation_ids": null,
            "secondary_private_ip_address_count": 0,
            "secondary_private_ip_addresses": [],
            "subnet_id": "subnet-099a398f0d0014834",
            "tags": {
              "Name": "myNatGateway1"
            },
            "tags_all": {
              "Name": "myNatGateway1"
            },
            "timeouts": null
          },
          "sensitive_attributes": [],
          "private": "eyJlMmJmYjczMC1lY2FhLTExZTYtOGY4OC0zNDM2M2JjN2M0YzAiOnsiY3JlYXRlIjo2MDAwMDAwMDAwMDAsImRlbGV0ZSI6MTgwMDAwMDAwMDAwMCwidXBkYXRlIjo2MDAwMDAwMDAwMDB9fQ==",
          "dependencies": [
            "module.myEIPs.module.eip.aws_eip.eip",
            "module.myRouteTables.module.route_table.aws_route_table.route_table",
            "module.mySubnets.module.route_table_association.aws_route_table_association.route_table_association",
            "module.mySubnets.module.subnet.aws_subnet.subnet",
            "module.myVpcs.module.vpc.aws_vpc.vpc"
          ]
        }
      ]
    },
    {
      "module": "module.myRouteTables[\"route_table_1\"].module.route_table",
      "mode": "managed",
      "type": "aws_route_table",
      "name": "route_table",
      "provider": "provider[\"registry.terraform.io/hashicorp/aws\"]",
      "instances": [
        {
          "schema_version": 0,
          "attributes": {
            "arn": "arn:aws:ec2:ap-northeast-1:278280499340:route-table/rtb-0abef86b1779b0647",
            "id": "rtb-0abef86b1779b0647",
            "owner_id": "278280499340",
            "propagating_vgws": [],
            "route": [],
            "tags": {
              "Name": "myRouteTable1"
            },
            "tags_all": {
              "Name": "myRouteTable1"
            },
            "timeouts": null,
            "vpc_id": "vpc-0efc3728e364be4ae"
          },
          "sensitive_attributes": [],
          "private": "eyJlMmJmYjczMC1lY2FhLTExZTYtOGY4OC0zNDM2M2JjN2M0YzAiOnsiY3JlYXRlIjozMDAwMDAwMDAwMDAsImRlbGV0ZSI6MzAwMDAwMDAwMDAwLCJ1cGRhdGUiOjEyMDAwMDAwMDAwMH19",
          "dependencies": [
            "module.myVpcs.module.vpc.aws_vpc.vpc"
          ]
        }
      ]
    },
    {
      "module": "module.myRouteTables[\"route_table_2\"].module.route_table",
      "mode": "managed",
      "type": "aws_route_table",
      "name": "route_table",
      "provider": "provider[\"registry.terraform.io/hashicorp/aws\"]",
      "instances": [
        {
          "schema_version": 0,
          "attributes": {
            "arn": "arn:aws:ec2:ap-northeast-1:278280499340:route-table/rtb-0eb7f2561c3b76e9d",
            "id": "rtb-0eb7f2561c3b76e9d",
            "owner_id": "278280499340",
            "propagating_vgws": [],
            "route": [],
            "tags": {
              "Name": "myRouteTable2"
            },
            "tags_all": {
              "Name": "myRouteTable2"
            },
            "timeouts": null,
            "vpc_id": "vpc-0efc3728e364be4ae"
          },
          "sensitive_attributes": [],
          "private": "eyJlMmJmYjczMC1lY2FhLTExZTYtOGY4OC0zNDM2M2JjN2M0YzAiOnsiY3JlYXRlIjozMDAwMDAwMDAwMDAsImRlbGV0ZSI6MzAwMDAwMDAwMDAwLCJ1cGRhdGUiOjEyMDAwMDAwMDAwMH19",
          "dependencies": [
            "module.myVpcs.module.vpc.aws_vpc.vpc"
          ]
        }
      ]
    },
    {
      "module": "module.myRouteTables[\"route_table_3\"].module.route_table",
      "mode": "managed",
      "type": "aws_route_table",
      "name": "route_table",
      "provider": "provider[\"registry.terraform.io/hashicorp/aws\"]",
      "instances": [
        {
          "schema_version": 0,
          "attributes": {
            "arn": "arn:aws:ec2:ap-northeast-1:278280499340:route-table/rtb-0bc6ff78102ccf7f7",
            "id": "rtb-0bc6ff78102ccf7f7",
            "owner_id": "278280499340",
            "propagating_vgws": [],
            "route": [],
            "tags": {
              "Name": "myRouteTable3"
            },
            "tags_all": {
              "Name": "myRouteTable3"
            },
            "timeouts": null,
            "vpc_id": "vpc-0efc3728e364be4ae"
          },
          "sensitive_attributes": [],
          "private": "eyJlMmJmYjczMC1lY2FhLTExZTYtOGY4OC0zNDM2M2JjN2M0YzAiOnsiY3JlYXRlIjozMDAwMDAwMDAwMDAsImRlbGV0ZSI6MzAwMDAwMDAwMDAwLCJ1cGRhdGUiOjEyMDAwMDAwMDAwMH19",
          "dependencies": [
            "module.myVpcs.module.vpc.aws_vpc.vpc"
          ]
        }
      ]
    },
    {
      "module": "module.myRoutes[\"route_1\"].module.route",
      "mode": "managed",
      "type": "aws_route",
      "name": "route",
      "provider": "provider[\"registry.terraform.io/hashicorp/aws\"]",
      "instances": [
        {
          "schema_version": 0,
          "attributes": {
            "carrier_gateway_id": "",
            "core_network_arn": "",
            "destination_cidr_block": "0.0.0.0/0",
            "destination_ipv6_cidr_block": "",
            "destination_prefix_list_id": "",
            "egress_only_gateway_id": "",
            "gateway_id": "igw-00b15d0c62da75cdd",
            "id": "r-rtb-0abef86b1779b06471080289494",
            "instance_id": "",
            "instance_owner_id": "",
            "local_gateway_id": "",
            "nat_gateway_id": "",
            "network_interface_id": "",
            "origin": "CreateRoute",
            "route_table_id": "rtb-0abef86b1779b0647",
            "state": "active",
            "timeouts": null,
            "transit_gateway_id": "",
            "vpc_endpoint_id": "",
            "vpc_peering_connection_id": ""
          },
          "sensitive_attributes": [],
          "private": "eyJlMmJmYjczMC1lY2FhLTExZTYtOGY4OC0zNDM2M2JjN2M0YzAiOnsiY3JlYXRlIjozMDAwMDAwMDAwMDAsImRlbGV0ZSI6MzAwMDAwMDAwMDAwLCJ1cGRhdGUiOjEyMDAwMDAwMDAwMH19",
          "dependencies": [
            "module.myEIPs.module.eip.aws_eip.eip",
            "module.myInternetGateways.module.intenet_gateway.aws_internet_gateway.internet_gateway",
            "module.myNatGateways.module.nat_gateway.aws_nat_gateway.nat_gateway",
            "module.myRouteTables.module.route_table.aws_route_table.route_table",
            "module.mySubnets.module.route_table_association.aws_route_table_association.route_table_association",
            "module.mySubnets.module.subnet.aws_subnet.subnet",
            "module.myVpcs.module.vpc.aws_vpc.vpc"
          ]
        }
      ]
    },
    {
      "module": "module.myRoutes[\"route_2\"].module.route",
      "mode": "managed",
      "type": "aws_route",
      "name": "route",
      "provider": "provider[\"registry.terraform.io/hashicorp/aws\"]",
      "instances": [
        {
          "schema_version": 0,
          "attributes": {
            "carrier_gateway_id": "",
            "core_network_arn": "",
            "destination_cidr_block": "0.0.0.0/0",
            "destination_ipv6_cidr_block": "",
            "destination_prefix_list_id": "",
            "egress_only_gateway_id": "",
            "gateway_id": "",
            "id": "r-rtb-0eb7f2561c3b76e9d1080289494",
            "instance_id": "",
            "instance_owner_id": "",
            "local_gateway_id": "",
            "nat_gateway_id": "nat-045b1d62b9bf46bcf",
            "network_interface_id": "",
            "origin": "CreateRoute",
            "route_table_id": "rtb-0eb7f2561c3b76e9d",
            "state": "active",
            "timeouts": null,
            "transit_gateway_id": "",
            "vpc_endpoint_id": "",
            "vpc_peering_connection_id": ""
          },
          "sensitive_attributes": [],
          "private": "eyJlMmJmYjczMC1lY2FhLTExZTYtOGY4OC0zNDM2M2JjN2M0YzAiOnsiY3JlYXRlIjozMDAwMDAwMDAwMDAsImRlbGV0ZSI6MzAwMDAwMDAwMDAwLCJ1cGRhdGUiOjEyMDAwMDAwMDAwMH19",
          "dependencies": [
            "module.myEIPs.module.eip.aws_eip.eip",
            "module.myInternetGateways.module.intenet_gateway.aws_internet_gateway.internet_gateway",
            "module.myNatGateways.module.nat_gateway.aws_nat_gateway.nat_gateway",
            "module.myRouteTables.module.route_table.aws_route_table.route_table",
            "module.mySubnets.module.route_table_association.aws_route_table_association.route_table_association",
            "module.mySubnets.module.subnet.aws_subnet.subnet",
            "module.myVpcs.module.vpc.aws_vpc.vpc"
          ]
        }
      ]
    },
    {
      "module": "module.myS3Buckets[\"s3_bucket_1\"].module.s3_bucket",
      "mode": "managed",
      "type": "aws_s3_bucket",
      "name": "s3_bucket",
      "provider": "provider[\"registry.terraform.io/hashicorp/aws\"]",
      "instances": [
        {
          "schema_version": 0,
          "attributes": {
            "acceleration_status": "",
            "acl": null,
            "arn": "arn:aws:s3:::mys31-20240225",
            "bucket": "mys31-20240225",
            "bucket_domain_name": "mys31-20240225.s3.amazonaws.com",
            "bucket_prefix": "",
            "bucket_regional_domain_name": "mys31-20240225.s3.ap-northeast-1.amazonaws.com",
            "cors_rule": [],
            "force_destroy": false,
            "grant": [
              {
                "id": "abf487917e405b598a0dd2f9962d382ed8a07c8a377d57791a4b1ea26bccd49f",
                "permissions": [
                  "FULL_CONTROL"
                ],
                "type": "CanonicalUser",
                "uri": ""
              }
            ],
            "hosted_zone_id": "Z2M4EHUR26P7ZW",
            "id": "mys31-20240225",
            "lifecycle_rule": [],
            "logging": [],
            "object_lock_configuration": [],
            "object_lock_enabled": false,
            "policy": "",
            "region": "ap-northeast-1",
            "replication_configuration": [],
            "request_payer": "BucketOwner",
            "server_side_encryption_configuration": [
              {
                "rule": [
                  {
                    "apply_server_side_encryption_by_default": [
                      {
                        "kms_master_key_id": "",
                        "sse_algorithm": "AES256"
                      }
                    ],
                    "bucket_key_enabled": false
                  }
                ]
              }
            ],
            "tags": {
              "Name": "myS31"
            },
            "tags_all": {
              "Name": "myS31"
            },
            "timeouts": null,
            "versioning": [
              {
                "enabled": false,
                "mfa_delete": false
              }
            ],
            "website": [],
            "website_domain": null,
            "website_endpoint": null
          },
          "sensitive_attributes": [],
          "private": "eyJlMmJmYjczMC1lY2FhLTExZTYtOGY4OC0zNDM2M2JjN2M0YzAiOnsiY3JlYXRlIjoxMjAwMDAwMDAwMDAwLCJkZWxldGUiOjM2MDAwMDAwMDAwMDAsInJlYWQiOjEyMDAwMDAwMDAwMDAsInVwZGF0ZSI6MTIwMDAwMDAwMDAwMH19"
        }
      ]
    },
    {
      "module": "module.myS3Buckets[\"s3_bucket_1\"].module.s3_bucket_public_access_block",
      "mode": "managed",
      "type": "aws_s3_bucket_public_access_block",
      "name": "s3_bucket_public_access_block",
      "provider": "provider[\"registry.terraform.io/hashicorp/aws\"]",
      "instances": [
        {
          "schema_version": 0,
          "attributes": {
            "block_public_acls": true,
            "block_public_policy": true,
            "bucket": "mys31-20240225",
            "id": "mys31-20240225",
            "ignore_public_acls": true,
            "restrict_public_buckets": true
          },
          "sensitive_attributes": [],
          "private": "bnVsbA==",
          "dependencies": [
            "module.myS3Buckets.module.s3_bucket.aws_s3_bucket.s3_bucket"
          ]
        }
      ]
    },
    {
      "module": "module.myS3Buckets[\"s3_bucket_1\"].module.s3_bucket_server_side_encryption_configuration",
      "mode": "managed",
      "type": "aws_s3_bucket_server_side_encryption_configuration",
      "name": "s3_bucket_server_side_encryption_configuration",
      "provider": "provider[\"registry.terraform.io/hashicorp/aws\"]",
      "instances": [
        {
          "schema_version": 0,
          "attributes": {
            "bucket": "mys31-20240225",
            "expected_bucket_owner": "",
            "id": "mys31-20240225",
            "rule": [
              {
                "apply_server_side_encryption_by_default": [
                  {
                    "kms_master_key_id": "",
                    "sse_algorithm": "AES256"
                  }
                ],
                "bucket_key_enabled": null
              }
            ]
          },
          "sensitive_attributes": [],
          "private": "bnVsbA==",
          "dependencies": [
            "module.myS3Buckets.module.s3_bucket.aws_s3_bucket.s3_bucket"
          ]
        }
      ]
    },
    {
      "module": "module.myS3Buckets[\"s3_bucket_1\"].module.s3_bucket_versioning",
      "mode": "managed",
      "type": "aws_s3_bucket_versioning",
      "name": "s3_bucket_versioning",
      "provider": "provider[\"registry.terraform.io/hashicorp/aws\"]",
      "instances": [
        {
          "schema_version": 0,
          "attributes": {
            "bucket": "mys31-20240225",
            "expected_bucket_owner": "",
            "id": "mys31-20240225",
            "mfa": null,
            "versioning_configuration": [
              {
                "mfa_delete": "",
                "status": "Disabled"
              }
            ]
          },
          "sensitive_attributes": [],
          "private": "bnVsbA==",
          "dependencies": [
            "module.myS3Buckets.module.s3_bucket.aws_s3_bucket.s3_bucket"
          ]
        }
      ]
    },
    {
      "module": "module.myS3Buckets[\"s3_bucket_2\"].module.s3_bucket",
      "mode": "managed",
      "type": "aws_s3_bucket",
      "name": "s3_bucket",
      "provider": "provider[\"registry.terraform.io/hashicorp/aws\"]",
      "instances": [
        {
          "schema_version": 0,
          "attributes": {
            "acceleration_status": "",
            "acl": null,
            "arn": "arn:aws:s3:::mys32-20240225",
            "bucket": "mys32-20240225",
            "bucket_domain_name": "mys32-20240225.s3.amazonaws.com",
            "bucket_prefix": "",
            "bucket_regional_domain_name": "mys32-20240225.s3.ap-northeast-1.amazonaws.com",
            "cors_rule": [],
            "force_destroy": false,
            "grant": [
              {
                "id": "abf487917e405b598a0dd2f9962d382ed8a07c8a377d57791a4b1ea26bccd49f",
                "permissions": [
                  "FULL_CONTROL"
                ],
                "type": "CanonicalUser",
                "uri": ""
              }
            ],
            "hosted_zone_id": "Z2M4EHUR26P7ZW",
            "id": "mys32-20240225",
            "lifecycle_rule": [],
            "logging": [],
            "object_lock_configuration": [],
            "object_lock_enabled": false,
            "policy": "",
            "region": "ap-northeast-1",
            "replication_configuration": [],
            "request_payer": "BucketOwner",
            "server_side_encryption_configuration": [
              {
                "rule": [
                  {
                    "apply_server_side_encryption_by_default": [
                      {
                        "kms_master_key_id": "",
                        "sse_algorithm": "AES256"
                      }
                    ],
                    "bucket_key_enabled": false
                  }
                ]
              }
            ],
            "tags": {
              "Name": "myS32"
            },
            "tags_all": {
              "Name": "myS32"
            },
            "timeouts": null,
            "versioning": [
              {
                "enabled": false,
                "mfa_delete": false
              }
            ],
            "website": [],
            "website_domain": null,
            "website_endpoint": null
          },
          "sensitive_attributes": [],
          "private": "eyJlMmJmYjczMC1lY2FhLTExZTYtOGY4OC0zNDM2M2JjN2M0YzAiOnsiY3JlYXRlIjoxMjAwMDAwMDAwMDAwLCJkZWxldGUiOjM2MDAwMDAwMDAwMDAsInJlYWQiOjEyMDAwMDAwMDAwMDAsInVwZGF0ZSI6MTIwMDAwMDAwMDAwMH19"
        }
      ]
    },
    {
      "module": "module.myS3Buckets[\"s3_bucket_2\"].module.s3_bucket_public_access_block",
      "mode": "managed",
      "type": "aws_s3_bucket_public_access_block",
      "name": "s3_bucket_public_access_block",
      "provider": "provider[\"registry.terraform.io/hashicorp/aws\"]",
      "instances": [
        {
          "schema_version": 0,
          "attributes": {
            "block_public_acls": true,
            "block_public_policy": true,
            "bucket": "mys32-20240225",
            "id": "mys32-20240225",
            "ignore_public_acls": true,
            "restrict_public_buckets": true
          },
          "sensitive_attributes": [],
          "private": "bnVsbA==",
          "dependencies": [
            "module.myS3Buckets.module.s3_bucket.aws_s3_bucket.s3_bucket"
          ]
        }
      ]
    },
    {
      "module": "module.myS3Buckets[\"s3_bucket_2\"].module.s3_bucket_server_side_encryption_configuration",
      "mode": "managed",
      "type": "aws_s3_bucket_server_side_encryption_configuration",
      "name": "s3_bucket_server_side_encryption_configuration",
      "provider": "provider[\"registry.terraform.io/hashicorp/aws\"]",
      "instances": [
        {
          "schema_version": 0,
          "attributes": {
            "bucket": "mys32-20240225",
            "expected_bucket_owner": "",
            "id": "mys32-20240225",
            "rule": [
              {
                "apply_server_side_encryption_by_default": [
                  {
                    "kms_master_key_id": "",
                    "sse_algorithm": "AES256"
                  }
                ],
                "bucket_key_enabled": null
              }
            ]
          },
          "sensitive_attributes": [],
          "private": "bnVsbA==",
          "dependencies": [
            "module.myS3Buckets.module.s3_bucket.aws_s3_bucket.s3_bucket"
          ]
        }
      ]
    },
    {
      "module": "module.myS3Buckets[\"s3_bucket_2\"].module.s3_bucket_versioning",
      "mode": "managed",
      "type": "aws_s3_bucket_versioning",
      "name": "s3_bucket_versioning",
      "provider": "provider[\"registry.terraform.io/hashicorp/aws\"]",
      "instances": [
        {
          "schema_version": 0,
          "attributes": {
            "bucket": "mys32-20240225",
            "expected_bucket_owner": "",
            "id": "mys32-20240225",
            "mfa": null,
            "versioning_configuration": [
              {
                "mfa_delete": "",
                "status": "Disabled"
              }
            ]
          },
          "sensitive_attributes": [],
          "private": "bnVsbA==",
          "dependencies": [
            "module.myS3Buckets.module.s3_bucket.aws_s3_bucket.s3_bucket"
          ]
        }
      ]
    },
    {
      "module": "module.mySecurityGroups[\"security_group_1\"].module.security_group",
      "mode": "managed",
      "type": "aws_security_group",
      "name": "security_group",
      "provider": "provider[\"registry.terraform.io/hashicorp/aws\"]",
      "instances": [
        {
          "schema_version": 1,
          "attributes": {
            "arn": "arn:aws:ec2:ap-northeast-1:278280499340:security-group/sg-0a9cacbd5b6f4a743",
            "description": "Managed by Terraform",
            "egress": [],
            "id": "sg-0a9cacbd5b6f4a743",
            "ingress": [],
            "name": "terraform-20240228211144870100000002",
            "name_prefix": "terraform-",
            "owner_id": "278280499340",
            "revoke_rules_on_delete": false,
            "tags": {
              "Name": "mySecurityGroup1"
            },
            "tags_all": {
              "Name": "mySecurityGroup1"
            },
            "timeouts": null,
            "vpc_id": "vpc-0efc3728e364be4ae"
          },
          "sensitive_attributes": [],
          "private": "eyJlMmJmYjczMC1lY2FhLTExZTYtOGY4OC0zNDM2M2JjN2M0YzAiOnsiY3JlYXRlIjo2MDAwMDAwMDAwMDAsImRlbGV0ZSI6OTAwMDAwMDAwMDAwfSwic2NoZW1hX3ZlcnNpb24iOiIxIn0=",
          "dependencies": [
            "module.myVpcs.module.vpc.aws_vpc.vpc"
          ]
        }
      ]
    },
    {
      "module": "module.mySecurityGroups[\"security_group_2\"].module.security_group",
      "mode": "managed",
      "type": "aws_security_group",
      "name": "security_group",
      "provider": "provider[\"registry.terraform.io/hashicorp/aws\"]",
      "instances": [
        {
          "schema_version": 1,
          "attributes": {
            "arn": "arn:aws:ec2:ap-northeast-1:278280499340:security-group/sg-02cc5a83765c37279",
            "description": "Managed by Terraform",
            "egress": [],
            "id": "sg-02cc5a83765c37279",
            "ingress": [],
            "name": "terraform-20240228211145428900000005",
            "name_prefix": "terraform-",
            "owner_id": "278280499340",
            "revoke_rules_on_delete": false,
            "tags": {
              "Name": "mySecurityGroup2"
            },
            "tags_all": {
              "Name": "mySecurityGroup2"
            },
            "timeouts": null,
            "vpc_id": "vpc-0efc3728e364be4ae"
          },
          "sensitive_attributes": [],
          "private": "eyJlMmJmYjczMC1lY2FhLTExZTYtOGY4OC0zNDM2M2JjN2M0YzAiOnsiY3JlYXRlIjo2MDAwMDAwMDAwMDAsImRlbGV0ZSI6OTAwMDAwMDAwMDAwfSwic2NoZW1hX3ZlcnNpb24iOiIxIn0=",
          "dependencies": [
            "module.myVpcs.module.vpc.aws_vpc.vpc"
          ]
        }
      ]
    },
    {
      "module": "module.mySubnets[\"subnet_1\"].module.route_table_association",
      "mode": "managed",
      "type": "aws_route_table_association",
      "name": "route_table_association",
      "provider": "provider[\"registry.terraform.io/hashicorp/aws\"]",
      "instances": [
        {
          "schema_version": 0,
          "attributes": {
            "gateway_id": "",
            "id": "rtbassoc-00517984e888a7a86",
            "route_table_id": "rtb-0abef86b1779b0647",
            "subnet_id": "subnet-099a398f0d0014834",
            "timeouts": null
          },
          "sensitive_attributes": [],
          "private": "eyJlMmJmYjczMC1lY2FhLTExZTYtOGY4OC0zNDM2M2JjN2M0YzAiOnsiY3JlYXRlIjozMDAwMDAwMDAwMDAsImRlbGV0ZSI6MzAwMDAwMDAwMDAwLCJ1cGRhdGUiOjEyMDAwMDAwMDAwMH19",
          "dependencies": [
            "module.myRouteTables.module.route_table.aws_route_table.route_table",
            "module.mySubnets.module.subnet.aws_subnet.subnet",
            "module.myVpcs.module.vpc.aws_vpc.vpc"
          ]
        }
      ]
    },
    {
      "module": "module.mySubnets[\"subnet_1\"].module.subnet",
      "mode": "managed",
      "type": "aws_subnet",
      "name": "subnet",
      "provider": "provider[\"registry.terraform.io/hashicorp/aws\"]",
      "instances": [
        {
          "schema_version": 1,
          "attributes": {
            "arn": "arn:aws:ec2:ap-northeast-1:278280499340:subnet/subnet-099a398f0d0014834",
            "assign_ipv6_address_on_creation": false,
            "availability_zone": "ap-northeast-1a",
            "availability_zone_id": "apne1-az4",
            "cidr_block": "10.128.0.0/24",
            "customer_owned_ipv4_pool": "",
            "enable_dns64": false,
            "enable_lni_at_device_index": 0,
            "enable_resource_name_dns_a_record_on_launch": false,
            "enable_resource_name_dns_aaaa_record_on_launch": false,
            "id": "subnet-099a398f0d0014834",
            "ipv6_cidr_block": "",
            "ipv6_cidr_block_association_id": "",
            "ipv6_native": false,
            "map_customer_owned_ip_on_launch": false,
            "map_public_ip_on_launch": false,
            "outpost_arn": "",
            "owner_id": "278280499340",
            "private_dns_hostname_type_on_launch": "ip-name",
            "tags": {
              "Name": "mySubnet1"
            },
            "tags_all": {
              "Name": "mySubnet1"
            },
            "timeouts": null,
            "vpc_id": "vpc-0efc3728e364be4ae"
          },
          "sensitive_attributes": [],
          "private": "eyJlMmJmYjczMC1lY2FhLTExZTYtOGY4OC0zNDM2M2JjN2M0YzAiOnsiY3JlYXRlIjo2MDAwMDAwMDAwMDAsImRlbGV0ZSI6MTIwMDAwMDAwMDAwMH0sInNjaGVtYV92ZXJzaW9uIjoiMSJ9",
          "dependencies": [
            "module.myVpcs.module.vpc.aws_vpc.vpc"
          ]
        }
      ]
    },
    {
      "module": "module.mySubnets[\"subnet_2\"].module.route_table_association",
      "mode": "managed",
      "type": "aws_route_table_association",
      "name": "route_table_association",
      "provider": "provider[\"registry.terraform.io/hashicorp/aws\"]",
      "instances": [
        {
          "schema_version": 0,
          "attributes": {
            "gateway_id": "",
            "id": "rtbassoc-0e1b683d86a85c68f",
            "route_table_id": "rtb-0eb7f2561c3b76e9d",
            "subnet_id": "subnet-0c9d5258064e3b274",
            "timeouts": null
          },
          "sensitive_attributes": [],
          "private": "eyJlMmJmYjczMC1lY2FhLTExZTYtOGY4OC0zNDM2M2JjN2M0YzAiOnsiY3JlYXRlIjozMDAwMDAwMDAwMDAsImRlbGV0ZSI6MzAwMDAwMDAwMDAwLCJ1cGRhdGUiOjEyMDAwMDAwMDAwMH19",
          "dependencies": [
            "module.myRouteTables.module.route_table.aws_route_table.route_table",
            "module.mySubnets.module.subnet.aws_subnet.subnet",
            "module.myVpcs.module.vpc.aws_vpc.vpc"
          ]
        }
      ]
    },
    {
      "module": "module.mySubnets[\"subnet_2\"].module.subnet",
      "mode": "managed",
      "type": "aws_subnet",
      "name": "subnet",
      "provider": "provider[\"registry.terraform.io/hashicorp/aws\"]",
      "instances": [
        {
          "schema_version": 1,
          "attributes": {
            "arn": "arn:aws:ec2:ap-northeast-1:278280499340:subnet/subnet-0c9d5258064e3b274",
            "assign_ipv6_address_on_creation": false,
            "availability_zone": "ap-northeast-1c",
            "availability_zone_id": "apne1-az1",
            "cidr_block": "10.128.1.0/24",
            "customer_owned_ipv4_pool": "",
            "enable_dns64": false,
            "enable_lni_at_device_index": 0,
            "enable_resource_name_dns_a_record_on_launch": false,
            "enable_resource_name_dns_aaaa_record_on_launch": false,
            "id": "subnet-0c9d5258064e3b274",
            "ipv6_cidr_block": "",
            "ipv6_cidr_block_association_id": "",
            "ipv6_native": false,
            "map_customer_owned_ip_on_launch": false,
            "map_public_ip_on_launch": false,
            "outpost_arn": "",
            "owner_id": "278280499340",
            "private_dns_hostname_type_on_launch": "ip-name",
            "tags": {
              "Name": "mySubnet2"
            },
            "tags_all": {
              "Name": "mySubnet2"
            },
            "timeouts": null,
            "vpc_id": "vpc-0efc3728e364be4ae"
          },
          "sensitive_attributes": [],
          "private": "eyJlMmJmYjczMC1lY2FhLTExZTYtOGY4OC0zNDM2M2JjN2M0YzAiOnsiY3JlYXRlIjo2MDAwMDAwMDAwMDAsImRlbGV0ZSI6MTIwMDAwMDAwMDAwMH0sInNjaGVtYV92ZXJzaW9uIjoiMSJ9",
          "dependencies": [
            "module.myVpcs.module.vpc.aws_vpc.vpc"
          ]
        }
      ]
    },
    {
      "module": "module.mySubnets[\"subnet_3\"].module.route_table_association",
      "mode": "managed",
      "type": "aws_route_table_association",
      "name": "route_table_association",
      "provider": "provider[\"registry.terraform.io/hashicorp/aws\"]",
      "instances": [
        {
          "schema_version": 0,
          "attributes": {
            "gateway_id": "",
            "id": "rtbassoc-0f1e00449d3917270",
            "route_table_id": "rtb-0eb7f2561c3b76e9d",
            "subnet_id": "subnet-0fdadb93b0171647d",
            "timeouts": null
          },
          "sensitive_attributes": [],
          "private": "eyJlMmJmYjczMC1lY2FhLTExZTYtOGY4OC0zNDM2M2JjN2M0YzAiOnsiY3JlYXRlIjozMDAwMDAwMDAwMDAsImRlbGV0ZSI6MzAwMDAwMDAwMDAwLCJ1cGRhdGUiOjEyMDAwMDAwMDAwMH19",
          "dependencies": [
            "module.myRouteTables.module.route_table.aws_route_table.route_table",
            "module.mySubnets.module.subnet.aws_subnet.subnet",
            "module.myVpcs.module.vpc.aws_vpc.vpc"
          ]
        }
      ]
    },
    {
      "module": "module.mySubnets[\"subnet_3\"].module.subnet",
      "mode": "managed",
      "type": "aws_subnet",
      "name": "subnet",
      "provider": "provider[\"registry.terraform.io/hashicorp/aws\"]",
      "instances": [
        {
          "schema_version": 1,
          "attributes": {
            "arn": "arn:aws:ec2:ap-northeast-1:278280499340:subnet/subnet-0fdadb93b0171647d",
            "assign_ipv6_address_on_creation": false,
            "availability_zone": "ap-northeast-1d",
            "availability_zone_id": "apne1-az2",
            "cidr_block": "10.128.2.0/24",
            "customer_owned_ipv4_pool": "",
            "enable_dns64": false,
            "enable_lni_at_device_index": 0,
            "enable_resource_name_dns_a_record_on_launch": false,
            "enable_resource_name_dns_aaaa_record_on_launch": false,
            "id": "subnet-0fdadb93b0171647d",
            "ipv6_cidr_block": "",
            "ipv6_cidr_block_association_id": "",
            "ipv6_native": false,
            "map_customer_owned_ip_on_launch": false,
            "map_public_ip_on_launch": false,
            "outpost_arn": "",
            "owner_id": "278280499340",
            "private_dns_hostname_type_on_launch": "ip-name",
            "tags": {
              "Name": "mySubnet3"
            },
            "tags_all": {
              "Name": "mySubnet3"
            },
            "timeouts": null,
            "vpc_id": "vpc-0efc3728e364be4ae"
          },
          "sensitive_attributes": [],
          "private": "eyJlMmJmYjczMC1lY2FhLTExZTYtOGY4OC0zNDM2M2JjN2M0YzAiOnsiY3JlYXRlIjo2MDAwMDAwMDAwMDAsImRlbGV0ZSI6MTIwMDAwMDAwMDAwMH0sInNjaGVtYV92ZXJzaW9uIjoiMSJ9",
          "dependencies": [
            "module.myVpcs.module.vpc.aws_vpc.vpc"
          ]
        }
      ]
    },
    {
      "module": "module.mySubnets[\"subnet_4\"].module.route_table_association",
      "mode": "managed",
      "type": "aws_route_table_association",
      "name": "route_table_association",
      "provider": "provider[\"registry.terraform.io/hashicorp/aws\"]",
      "instances": [
        {
          "schema_version": 0,
          "attributes": {
            "gateway_id": "",
            "id": "rtbassoc-095fcd382600a7f33",
            "route_table_id": "rtb-0bc6ff78102ccf7f7",
            "subnet_id": "subnet-0aac36f317a5dfb48",
            "timeouts": null
          },
          "sensitive_attributes": [],
          "private": "eyJlMmJmYjczMC1lY2FhLTExZTYtOGY4OC0zNDM2M2JjN2M0YzAiOnsiY3JlYXRlIjozMDAwMDAwMDAwMDAsImRlbGV0ZSI6MzAwMDAwMDAwMDAwLCJ1cGRhdGUiOjEyMDAwMDAwMDAwMH19",
          "dependencies": [
            "module.myRouteTables.module.route_table.aws_route_table.route_table",
            "module.mySubnets.module.subnet.aws_subnet.subnet",
            "module.myVpcs.module.vpc.aws_vpc.vpc"
          ]
        }
      ]
    },
    {
      "module": "module.mySubnets[\"subnet_4\"].module.subnet",
      "mode": "managed",
      "type": "aws_subnet",
      "name": "subnet",
      "provider": "provider[\"registry.terraform.io/hashicorp/aws\"]",
      "instances": [
        {
          "schema_version": 1,
          "attributes": {
            "arn": "arn:aws:ec2:ap-northeast-1:278280499340:subnet/subnet-0aac36f317a5dfb48",
            "assign_ipv6_address_on_creation": false,
            "availability_zone": "ap-northeast-1a",
            "availability_zone_id": "apne1-az4",
            "cidr_block": "10.128.3.0/24",
            "customer_owned_ipv4_pool": "",
            "enable_dns64": false,
            "enable_lni_at_device_index": 0,
            "enable_resource_name_dns_a_record_on_launch": false,
            "enable_resource_name_dns_aaaa_record_on_launch": false,
            "id": "subnet-0aac36f317a5dfb48",
            "ipv6_cidr_block": "",
            "ipv6_cidr_block_association_id": "",
            "ipv6_native": false,
            "map_customer_owned_ip_on_launch": false,
            "map_public_ip_on_launch": false,
            "outpost_arn": "",
            "owner_id": "278280499340",
            "private_dns_hostname_type_on_launch": "ip-name",
            "tags": {
              "Name": "mySubnet4"
            },
            "tags_all": {
              "Name": "mySubnet4"
            },
            "timeouts": null,
            "vpc_id": "vpc-0efc3728e364be4ae"
          },
          "sensitive_attributes": [],
          "private": "eyJlMmJmYjczMC1lY2FhLTExZTYtOGY4OC0zNDM2M2JjN2M0YzAiOnsiY3JlYXRlIjo2MDAwMDAwMDAwMDAsImRlbGV0ZSI6MTIwMDAwMDAwMDAwMH0sInNjaGVtYV92ZXJzaW9uIjoiMSJ9",
          "dependencies": [
            "module.myVpcs.module.vpc.aws_vpc.vpc"
          ]
        }
      ]
    },
    {
      "module": "module.myVpcEndpoints[\"vpc_endpoint_1\"].module.vpc_endpoint",
      "mode": "managed",
      "type": "aws_vpc_endpoint",
      "name": "vpc_endpoint",
      "provider": "provider[\"registry.terraform.io/hashicorp/aws\"]",
      "instances": [
        {
          "schema_version": 0,
          "attributes": {
            "arn": "arn:aws:ec2:ap-northeast-1:278280499340:vpc-endpoint/vpce-0ab90aeec71737c5d",
            "auto_accept": null,
            "cidr_blocks": [
              "3.5.152.0/21",
              "52.219.162.0/23",
              "52.219.0.0/20",
              "52.219.16.0/22",
              "52.219.196.0/22",
              "52.219.172.0/22",
              "52.219.195.0/24",
              "52.219.200.0/23",
              "52.219.150.0/23",
              "52.219.20.0/24",
              "52.219.152.0/22",
              "52.219.136.0/22",
              "52.219.68.0/22"
            ],
            "dns_entry": [],
            "dns_options": [],
            "id": "vpce-0ab90aeec71737c5d",
            "ip_address_type": "",
            "network_interface_ids": [],
            "owner_id": "278280499340",
            "policy": "{\"Statement\":[{\"Action\":\"*\",\"Effect\":\"Allow\",\"Principal\":\"*\",\"Resource\":\"*\"}],\"Version\":\"2008-10-17\"}",
            "prefix_list_id": "pl-61a54008",
            "private_dns_enabled": false,
            "requester_managed": false,
            "route_table_ids": [
              "rtb-0eb7f2561c3b76e9d"
            ],
            "security_group_ids": [],
            "service_name": "com.amazonaws.ap-northeast-1.s3",
            "state": "available",
            "subnet_ids": [],
            "tags": {
              "Name": "myVpcEndpoint1"
            },
            "tags_all": {
              "Name": "myVpcEndpoint1"
            },
            "timeouts": null,
            "vpc_endpoint_type": "Gateway",
            "vpc_id": "vpc-0efc3728e364be4ae"
          },
          "sensitive_attributes": [],
          "private": "eyJlMmJmYjczMC1lY2FhLTExZTYtOGY4OC0zNDM2M2JjN2M0YzAiOnsiY3JlYXRlIjo2MDAwMDAwMDAwMDAsImRlbGV0ZSI6NjAwMDAwMDAwMDAwLCJ1cGRhdGUiOjYwMDAwMDAwMDAwMH19",
          "dependencies": [
            "module.myRouteTables.module.route_table.aws_route_table.route_table",
            "module.mySecurityGroups.module.security_group.aws_security_group.security_group",
            "module.mySubnets.module.route_table_association.aws_route_table_association.route_table_association",
            "module.mySubnets.module.subnet.aws_subnet.subnet",
            "module.myVpcs.module.vpc.aws_vpc.vpc"
          ]
        }
      ]
    },
    {
      "module": "module.myVpcEndpoints[\"vpc_endpoint_2\"].module.vpc_endpoint",
      "mode": "managed",
      "type": "aws_vpc_endpoint",
      "name": "vpc_endpoint",
      "provider": "provider[\"registry.terraform.io/hashicorp/aws\"]",
      "instances": [
        {
          "schema_version": 0,
          "attributes": {
            "arn": "arn:aws:ec2:ap-northeast-1:278280499340:vpc-endpoint/vpce-094bfd3abe3ce67f9",
            "auto_accept": null,
            "cidr_blocks": [],
            "dns_entry": [
              {
                "dns_name": "vpce-094bfd3abe3ce67f9-krou3jel.sts.ap-northeast-1.vpce.amazonaws.com",
                "hosted_zone_id": "Z2E726K9Y6RL4W"
              },
              {
                "dns_name": "vpce-094bfd3abe3ce67f9-krou3jel-ap-northeast-1d.sts.ap-northeast-1.vpce.amazonaws.com",
                "hosted_zone_id": "Z2E726K9Y6RL4W"
              },
              {
                "dns_name": "vpce-094bfd3abe3ce67f9-krou3jel-ap-northeast-1c.sts.ap-northeast-1.vpce.amazonaws.com",
                "hosted_zone_id": "Z2E726K9Y6RL4W"
              },
              {
                "dns_name": "sts.ap-northeast-1.amazonaws.com",
                "hosted_zone_id": "Z043293715KLGF46UEANZ"
              }
            ],
            "dns_options": [
              {
                "dns_record_ip_type": "ipv4",
                "private_dns_only_for_inbound_resolver_endpoint": false
              }
            ],
            "id": "vpce-094bfd3abe3ce67f9",
            "ip_address_type": "ipv4",
            "network_interface_ids": [
              "eni-017182a7b37fb93dd",
              "eni-0e644d2f3e74fa9e2"
            ],
            "owner_id": "278280499340",
            "policy": "{\"Statement\":[{\"Action\":\"*\",\"Effect\":\"Allow\",\"Principal\":\"*\",\"Resource\":\"*\"}]}",
            "prefix_list_id": null,
            "private_dns_enabled": true,
            "requester_managed": false,
            "route_table_ids": [],
            "security_group_ids": [
              "sg-0a9cacbd5b6f4a743"
            ],
            "service_name": "com.amazonaws.ap-northeast-1.sts",
            "state": "available",
            "subnet_ids": [
              "subnet-0c9d5258064e3b274",
              "subnet-0fdadb93b0171647d"
            ],
            "tags": {
              "Name": "myVpcEndpoint2"
            },
            "tags_all": {
              "Name": "myVpcEndpoint2"
            },
            "timeouts": null,
            "vpc_endpoint_type": "Interface",
            "vpc_id": "vpc-0efc3728e364be4ae"
          },
          "sensitive_attributes": [],
          "private": "eyJlMmJmYjczMC1lY2FhLTExZTYtOGY4OC0zNDM2M2JjN2M0YzAiOnsiY3JlYXRlIjo2MDAwMDAwMDAwMDAsImRlbGV0ZSI6NjAwMDAwMDAwMDAwLCJ1cGRhdGUiOjYwMDAwMDAwMDAwMH19",
          "dependencies": [
            "module.myRouteTables.module.route_table.aws_route_table.route_table",
            "module.mySecurityGroups.module.security_group.aws_security_group.security_group",
            "module.mySubnets.module.route_table_association.aws_route_table_association.route_table_association",
            "module.mySubnets.module.subnet.aws_subnet.subnet",
            "module.myVpcs.module.vpc.aws_vpc.vpc"
          ]
        }
      ]
    },
    {
      "module": "module.myVpcEndpoints[\"vpc_endpoint_3\"].module.vpc_endpoint",
      "mode": "managed",
      "type": "aws_vpc_endpoint",
      "name": "vpc_endpoint",
      "provider": "provider[\"registry.terraform.io/hashicorp/aws\"]",
      "instances": [
        {
          "schema_version": 0,
          "attributes": {
            "arn": "arn:aws:ec2:ap-northeast-1:278280499340:vpc-endpoint/vpce-07af1ea574c30c071",
            "auto_accept": null,
            "cidr_blocks": [],
            "dns_entry": [
              {
                "dns_name": "vpce-07af1ea574c30c071-7he9gx83.kinesis.ap-northeast-1.vpce.amazonaws.com",
                "hosted_zone_id": "Z2E726K9Y6RL4W"
              },
              {
                "dns_name": "vpce-07af1ea574c30c071-7he9gx83-ap-northeast-1c.kinesis.ap-northeast-1.vpce.amazonaws.com",
                "hosted_zone_id": "Z2E726K9Y6RL4W"
              },
              {
                "dns_name": "vpce-07af1ea574c30c071-7he9gx83-ap-northeast-1d.kinesis.ap-northeast-1.vpce.amazonaws.com",
                "hosted_zone_id": "Z2E726K9Y6RL4W"
              },
              {
                "dns_name": "kinesis.ap-northeast-1.amazonaws.com",
                "hosted_zone_id": "Z04264062WWPLR6E4Q78R"
              },
              {
                "dns_name": "data-kinesis.ap-northeast-1.amazonaws.com",
                "hosted_zone_id": "Z0433901192SJGN668ZOU"
              },
              {
                "dns_name": "*.data-kinesis.ap-northeast-1.amazonaws.com",
                "hosted_zone_id": "Z0433901192SJGN668ZOU"
              },
              {
                "dns_name": "control-kinesis.ap-northeast-1.amazonaws.com",
                "hosted_zone_id": "Z0170247282BH9UB1TIIS"
              },
              {
                "dns_name": "*.control-kinesis.ap-northeast-1.amazonaws.com",
                "hosted_zone_id": "Z0170247282BH9UB1TIIS"
              }
            ],
            "dns_options": [
              {
                "dns_record_ip_type": "ipv4",
                "private_dns_only_for_inbound_resolver_endpoint": false
              }
            ],
            "id": "vpce-07af1ea574c30c071",
            "ip_address_type": "ipv4",
            "network_interface_ids": [
              "eni-06d48427f3646f247",
              "eni-08cb88eafdbb14224"
            ],
            "owner_id": "278280499340",
            "policy": "{\"Statement\":[{\"Action\":\"*\",\"Effect\":\"Allow\",\"Principal\":\"*\",\"Resource\":\"*\"}]}",
            "prefix_list_id": null,
            "private_dns_enabled": true,
            "requester_managed": false,
            "route_table_ids": [],
            "security_group_ids": [
              "sg-0a9cacbd5b6f4a743"
            ],
            "service_name": "com.amazonaws.ap-northeast-1.kinesis-streams",
            "state": "available",
            "subnet_ids": [
              "subnet-0c9d5258064e3b274",
              "subnet-0fdadb93b0171647d"
            ],
            "tags": {
              "Name": "myVpcEndpoint3"
            },
            "tags_all": {
              "Name": "myVpcEndpoint3"
            },
            "timeouts": null,
            "vpc_endpoint_type": "Interface",
            "vpc_id": "vpc-0efc3728e364be4ae"
          },
          "sensitive_attributes": [],
          "private": "eyJlMmJmYjczMC1lY2FhLTExZTYtOGY4OC0zNDM2M2JjN2M0YzAiOnsiY3JlYXRlIjo2MDAwMDAwMDAwMDAsImRlbGV0ZSI6NjAwMDAwMDAwMDAwLCJ1cGRhdGUiOjYwMDAwMDAwMDAwMH19",
          "dependencies": [
            "module.myRouteTables.module.route_table.aws_route_table.route_table",
            "module.mySecurityGroups.module.security_group.aws_security_group.security_group",
            "module.mySubnets.module.route_table_association.aws_route_table_association.route_table_association",
            "module.mySubnets.module.subnet.aws_subnet.subnet",
            "module.myVpcs.module.vpc.aws_vpc.vpc"
          ]
        }
      ]
    },
    {
      "module": "module.myVpcEndpoints[\"vpc_endpoint_4\"].module.vpc_endpoint",
      "mode": "managed",
      "type": "aws_vpc_endpoint",
      "name": "vpc_endpoint",
      "provider": "provider[\"registry.terraform.io/hashicorp/aws\"]",
      "instances": [
        {
          "schema_version": 0,
          "attributes": {
            "arn": "arn:aws:ec2:ap-northeast-1:278280499340:vpc-endpoint/vpce-09d8ac3e11e6d3452",
            "auto_accept": null,
            "cidr_blocks": [],
            "dns_entry": [
              {
                "dns_name": "vpce-09d8ac3e11e6d3452-2j605hen.vpce-svc-02691fd610d24fd64.ap-northeast-1.vpce.amazonaws.com",
                "hosted_zone_id": "Z2E726K9Y6RL4W"
              },
              {
                "dns_name": "vpce-09d8ac3e11e6d3452-2j605hen-ap-northeast-1a.vpce-svc-02691fd610d24fd64.ap-northeast-1.vpce.amazonaws.com",
                "hosted_zone_id": "Z2E726K9Y6RL4W"
              },
              {
                "dns_name": "tokyo.privatelink.cloud.databricks.com",
                "hosted_zone_id": "Z070198417KJHGAB152EI"
              }
            ],
            "dns_options": [
              {
                "dns_record_ip_type": "ipv4",
                "private_dns_only_for_inbound_resolver_endpoint": false
              }
            ],
            "id": "vpce-09d8ac3e11e6d3452",
            "ip_address_type": "ipv4",
            "network_interface_ids": [
              "eni-0e9a00ac52b30fd63"
            ],
            "owner_id": "278280499340",
            "policy": "{\"Statement\":[{\"Action\":\"*\",\"Effect\":\"Allow\",\"Principal\":\"*\",\"Resource\":\"*\"}]}",
            "prefix_list_id": null,
            "private_dns_enabled": true,
            "requester_managed": false,
            "route_table_ids": [],
            "security_group_ids": [
              "sg-02cc5a83765c37279"
            ],
            "service_name": "com.amazonaws.vpce.ap-northeast-1.vpce-svc-02691fd610d24fd64",
            "state": "available",
            "subnet_ids": [
              "subnet-0aac36f317a5dfb48"
            ],
            "tags": {
              "Name": "myVpcEndpoint4"
            },
            "tags_all": {
              "Name": "myVpcEndpoint4"
            },
            "timeouts": null,
            "vpc_endpoint_type": "Interface",
            "vpc_id": "vpc-0efc3728e364be4ae"
          },
          "sensitive_attributes": [],
          "private": "eyJlMmJmYjczMC1lY2FhLTExZTYtOGY4OC0zNDM2M2JjN2M0YzAiOnsiY3JlYXRlIjo2MDAwMDAwMDAwMDAsImRlbGV0ZSI6NjAwMDAwMDAwMDAwLCJ1cGRhdGUiOjYwMDAwMDAwMDAwMH19",
          "dependencies": [
            "module.myRouteTables.module.route_table.aws_route_table.route_table",
            "module.mySecurityGroups.module.security_group.aws_security_group.security_group",
            "module.mySubnets.module.route_table_association.aws_route_table_association.route_table_association",
            "module.mySubnets.module.subnet.aws_subnet.subnet",
            "module.myVpcs.module.vpc.aws_vpc.vpc"
          ]
        }
      ]
    },
    {
      "module": "module.myVpcEndpoints[\"vpc_endpoint_5\"].module.vpc_endpoint",
      "mode": "managed",
      "type": "aws_vpc_endpoint",
      "name": "vpc_endpoint",
      "provider": "provider[\"registry.terraform.io/hashicorp/aws\"]",
      "instances": [
        {
          "schema_version": 0,
          "attributes": {
            "arn": "arn:aws:ec2:ap-northeast-1:278280499340:vpc-endpoint/vpce-004f3e947a88c96e9",
            "auto_accept": null,
            "cidr_blocks": [],
            "dns_entry": [
              {
                "dns_name": "vpce-004f3e947a88c96e9-2friz543.vpce-svc-02aa633bda3edbec0.ap-northeast-1.vpce.amazonaws.com",
                "hosted_zone_id": "Z2E726K9Y6RL4W"
              },
              {
                "dns_name": "vpce-004f3e947a88c96e9-2friz543-ap-northeast-1a.vpce-svc-02aa633bda3edbec0.ap-northeast-1.vpce.amazonaws.com",
                "hosted_zone_id": "Z2E726K9Y6RL4W"
              },
              {
                "dns_name": "tunnel.privatelink.ap-northeast-1.cloud.databricks.com",
                "hosted_zone_id": "Z0021711Z0KIM0KHLMGW"
              }
            ],
            "dns_options": [
              {
                "dns_record_ip_type": "ipv4",
                "private_dns_only_for_inbound_resolver_endpoint": false
              }
            ],
            "id": "vpce-004f3e947a88c96e9",
            "ip_address_type": "ipv4",
            "network_interface_ids": [
              "eni-06e470ffb5808249a"
            ],
            "owner_id": "278280499340",
            "policy": "{\"Statement\":[{\"Action\":\"*\",\"Effect\":\"Allow\",\"Principal\":\"*\",\"Resource\":\"*\"}]}",
            "prefix_list_id": null,
            "private_dns_enabled": true,
            "requester_managed": false,
            "route_table_ids": [],
            "security_group_ids": [
              "sg-02cc5a83765c37279"
            ],
            "service_name": "com.amazonaws.vpce.ap-northeast-1.vpce-svc-02aa633bda3edbec0",
            "state": "available",
            "subnet_ids": [
              "subnet-0aac36f317a5dfb48"
            ],
            "tags": {
              "Name": "myVpcEndpoint5"
            },
            "tags_all": {
              "Name": "myVpcEndpoint5"
            },
            "timeouts": null,
            "vpc_endpoint_type": "Interface",
            "vpc_id": "vpc-0efc3728e364be4ae"
          },
          "sensitive_attributes": [],
          "private": "eyJlMmJmYjczMC1lY2FhLTExZTYtOGY4OC0zNDM2M2JjN2M0YzAiOnsiY3JlYXRlIjo2MDAwMDAwMDAwMDAsImRlbGV0ZSI6NjAwMDAwMDAwMDAwLCJ1cGRhdGUiOjYwMDAwMDAwMDAwMH19",
          "dependencies": [
            "module.myRouteTables.module.route_table.aws_route_table.route_table",
            "module.mySecurityGroups.module.security_group.aws_security_group.security_group",
            "module.mySubnets.module.route_table_association.aws_route_table_association.route_table_association",
            "module.mySubnets.module.subnet.aws_subnet.subnet",
            "module.myVpcs.module.vpc.aws_vpc.vpc"
          ]
        }
      ]
    },
    {
      "module": "module.myVpcSecurityGroupEgressRules[\"vpc_security_group_egress_rule_1\"].module.vpc_security_group_egress_rule",
      "mode": "managed",
      "type": "aws_vpc_security_group_egress_rule",
      "name": "vpc_security_group_egress_rule",
      "provider": "provider[\"registry.terraform.io/hashicorp/aws\"]",
      "instances": [
        {
          "schema_version": 0,
          "attributes": {
            "arn": "arn:aws:ec2:ap-northeast-1:278280499340:security-group-rule/sgr-090307d9ab9e6e0e6",
            "cidr_ipv4": null,
            "cidr_ipv6": null,
            "description": null,
            "from_port": 0,
            "id": "sgr-090307d9ab9e6e0e6",
            "ip_protocol": "TCP",
            "prefix_list_id": null,
            "referenced_security_group_id": "sg-0a9cacbd5b6f4a743",
            "security_group_id": "sg-0a9cacbd5b6f4a743",
            "security_group_rule_id": "sgr-090307d9ab9e6e0e6",
            "tags": {
              "Name": "myVpcSecurityGroupEgressRule1"
            },
            "tags_all": {
              "Name": "myVpcSecurityGroupEgressRule1"
            },
            "to_port": 65535
          },
          "sensitive_attributes": [],
          "dependencies": [
            "module.mySecurityGroups.module.security_group.aws_security_group.security_group",
            "module.myVpcs.module.vpc.aws_vpc.vpc"
          ]
        }
      ]
    },
    {
      "module": "module.myVpcSecurityGroupEgressRules[\"vpc_security_group_egress_rule_2\"].module.vpc_security_group_egress_rule",
      "mode": "managed",
      "type": "aws_vpc_security_group_egress_rule",
      "name": "vpc_security_group_egress_rule",
      "provider": "provider[\"registry.terraform.io/hashicorp/aws\"]",
      "instances": [
        {
          "schema_version": 0,
          "attributes": {
            "arn": "arn:aws:ec2:ap-northeast-1:278280499340:security-group-rule/sgr-0d9865656cd3dace1",
            "cidr_ipv4": null,
            "cidr_ipv6": null,
            "description": null,
            "from_port": 0,
            "id": "sgr-0d9865656cd3dace1",
            "ip_protocol": "UDP",
            "prefix_list_id": null,
            "referenced_security_group_id": "sg-0a9cacbd5b6f4a743",
            "security_group_id": "sg-0a9cacbd5b6f4a743",
            "security_group_rule_id": "sgr-0d9865656cd3dace1",
            "tags": {
              "Name": "myVpcSecurityGroupEgressRule2"
            },
            "tags_all": {
              "Name": "myVpcSecurityGroupEgressRule2"
            },
            "to_port": 65535
          },
          "sensitive_attributes": [],
          "dependencies": [
            "module.mySecurityGroups.module.security_group.aws_security_group.security_group",
            "module.myVpcs.module.vpc.aws_vpc.vpc"
          ]
        }
      ]
    },
    {
      "module": "module.myVpcSecurityGroupEgressRules[\"vpc_security_group_egress_rule_3\"].module.vpc_security_group_egress_rule",
      "mode": "managed",
      "type": "aws_vpc_security_group_egress_rule",
      "name": "vpc_security_group_egress_rule",
      "provider": "provider[\"registry.terraform.io/hashicorp/aws\"]",
      "instances": [
        {
          "schema_version": 0,
          "attributes": {
            "arn": "arn:aws:ec2:ap-northeast-1:278280499340:security-group-rule/sgr-0b446694f232a9275",
            "cidr_ipv4": "0.0.0.0/0",
            "cidr_ipv6": null,
            "description": null,
            "from_port": 443,
            "id": "sgr-0b446694f232a9275",
            "ip_protocol": "TCP",
            "prefix_list_id": null,
            "referenced_security_group_id": null,
            "security_group_id": "sg-0a9cacbd5b6f4a743",
            "security_group_rule_id": "sgr-0b446694f232a9275",
            "tags": {
              "Name": "myVpcSecurityGroupEgressRule3"
            },
            "tags_all": {
              "Name": "myVpcSecurityGroupEgressRule3"
            },
            "to_port": 443
          },
          "sensitive_attributes": [],
          "dependencies": [
            "module.mySecurityGroups.module.security_group.aws_security_group.security_group",
            "module.myVpcs.module.vpc.aws_vpc.vpc"
          ]
        }
      ]
    },
    {
      "module": "module.myVpcSecurityGroupEgressRules[\"vpc_security_group_egress_rule_4\"].module.vpc_security_group_egress_rule",
      "mode": "managed",
      "type": "aws_vpc_security_group_egress_rule",
      "name": "vpc_security_group_egress_rule",
      "provider": "provider[\"registry.terraform.io/hashicorp/aws\"]",
      "instances": [
        {
          "schema_version": 0,
          "attributes": {
            "arn": "arn:aws:ec2:ap-northeast-1:278280499340:security-group-rule/sgr-08dafc92b61357e36",
            "cidr_ipv4": "0.0.0.0/0",
            "cidr_ipv6": null,
            "description": null,
            "from_port": 3306,
            "id": "sgr-08dafc92b61357e36",
            "ip_protocol": "TCP",
            "prefix_list_id": null,
            "referenced_security_group_id": null,
            "security_group_id": "sg-0a9cacbd5b6f4a743",
            "security_group_rule_id": "sgr-08dafc92b61357e36",
            "tags": {
              "Name": "myVpcSecurityGroupEgressRule4"
            },
            "tags_all": {
              "Name": "myVpcSecurityGroupEgressRule4"
            },
            "to_port": 3306
          },
          "sensitive_attributes": [],
          "dependencies": [
            "module.mySecurityGroups.module.security_group.aws_security_group.security_group",
            "module.myVpcs.module.vpc.aws_vpc.vpc"
          ]
        }
      ]
    },
    {
      "module": "module.myVpcSecurityGroupEgressRules[\"vpc_security_group_egress_rule_5\"].module.vpc_security_group_egress_rule",
      "mode": "managed",
      "type": "aws_vpc_security_group_egress_rule",
      "name": "vpc_security_group_egress_rule",
      "provider": "provider[\"registry.terraform.io/hashicorp/aws\"]",
      "instances": [
        {
          "schema_version": 0,
          "attributes": {
            "arn": "arn:aws:ec2:ap-northeast-1:278280499340:security-group-rule/sgr-0b0f04c58107ba93f",
            "cidr_ipv4": "0.0.0.0/0",
            "cidr_ipv6": null,
            "description": null,
            "from_port": 6666,
            "id": "sgr-0b0f04c58107ba93f",
            "ip_protocol": "TCP",
            "prefix_list_id": null,
            "referenced_security_group_id": null,
            "security_group_id": "sg-0a9cacbd5b6f4a743",
            "security_group_rule_id": "sgr-0b0f04c58107ba93f",
            "tags": {
              "Name": "myVpcSecurityGroupEgressRule5"
            },
            "tags_all": {
              "Name": "myVpcSecurityGroupEgressRule5"
            },
            "to_port": 6666
          },
          "sensitive_attributes": [],
          "dependencies": [
            "module.mySecurityGroups.module.security_group.aws_security_group.security_group",
            "module.myVpcs.module.vpc.aws_vpc.vpc"
          ]
        }
      ]
    },
    {
      "module": "module.myVpcSecurityGroupEgressRules[\"vpc_security_group_egress_rule_6\"].module.vpc_security_group_egress_rule",
      "mode": "managed",
      "type": "aws_vpc_security_group_egress_rule",
      "name": "vpc_security_group_egress_rule",
      "provider": "provider[\"registry.terraform.io/hashicorp/aws\"]",
      "instances": [
        {
          "schema_version": 0,
          "attributes": {
            "arn": "arn:aws:ec2:ap-northeast-1:278280499340:security-group-rule/sgr-0568056add22b8c29",
            "cidr_ipv4": "10.128.0.0/16",
            "cidr_ipv6": null,
            "description": null,
            "from_port": 443,
            "id": "sgr-0568056add22b8c29",
            "ip_protocol": "TCP",
            "prefix_list_id": null,
            "referenced_security_group_id": null,
            "security_group_id": "sg-02cc5a83765c37279",
            "security_group_rule_id": "sgr-0568056add22b8c29",
            "tags": {
              "Name": "myVpcSecurityGroupEgressRule6"
            },
            "tags_all": {
              "Name": "myVpcSecurityGroupEgressRule6"
            },
            "to_port": 443
          },
          "sensitive_attributes": [],
          "dependencies": [
            "module.mySecurityGroups.module.security_group.aws_security_group.security_group",
            "module.myVpcs.module.vpc.aws_vpc.vpc"
          ]
        }
      ]
    },
    {
      "module": "module.myVpcSecurityGroupEgressRules[\"vpc_security_group_egress_rule_7\"].module.vpc_security_group_egress_rule",
      "mode": "managed",
      "type": "aws_vpc_security_group_egress_rule",
      "name": "vpc_security_group_egress_rule",
      "provider": "provider[\"registry.terraform.io/hashicorp/aws\"]",
      "instances": [
        {
          "schema_version": 0,
          "attributes": {
            "arn": "arn:aws:ec2:ap-northeast-1:278280499340:security-group-rule/sgr-0b26fef8747f7d2ec",
            "cidr_ipv4": "10.128.0.0/16",
            "cidr_ipv6": null,
            "description": null,
            "from_port": 6666,
            "id": "sgr-0b26fef8747f7d2ec",
            "ip_protocol": "TCP",
            "prefix_list_id": null,
            "referenced_security_group_id": null,
            "security_group_id": "sg-02cc5a83765c37279",
            "security_group_rule_id": "sgr-0b26fef8747f7d2ec",
            "tags": {
              "Name": "myVpcSecurityGroupEgressRule7"
            },
            "tags_all": {
              "Name": "myVpcSecurityGroupEgressRule7"
            },
            "to_port": 6666
          },
          "sensitive_attributes": [],
          "dependencies": [
            "module.mySecurityGroups.module.security_group.aws_security_group.security_group",
            "module.myVpcs.module.vpc.aws_vpc.vpc"
          ]
        }
      ]
    },
    {
      "module": "module.myVpcSecurityGroupEgressRules[\"vpc_security_group_egress_rule_8\"].module.vpc_security_group_egress_rule",
      "mode": "managed",
      "type": "aws_vpc_security_group_egress_rule",
      "name": "vpc_security_group_egress_rule",
      "provider": "provider[\"registry.terraform.io/hashicorp/aws\"]",
      "instances": [
        {
          "schema_version": 0,
          "attributes": {
            "arn": "arn:aws:ec2:ap-northeast-1:278280499340:security-group-rule/sgr-09ca898e1741a3cca",
            "cidr_ipv4": "10.128.3.0/24",
            "cidr_ipv6": null,
            "description": null,
            "from_port": 443,
            "id": "sgr-09ca898e1741a3cca",
            "ip_protocol": "TCP",
            "prefix_list_id": null,
            "referenced_security_group_id": null,
            "security_group_id": "sg-02cc5a83765c37279",
            "security_group_rule_id": "sgr-09ca898e1741a3cca",
            "tags": {
              "Name": "myVpcSecurityGroupEgressRule6"
            },
            "tags_all": {
              "Name": "myVpcSecurityGroupEgressRule6"
            },
            "to_port": 443
          },
          "sensitive_attributes": [],
          "dependencies": [
            "module.mySecurityGroups.module.security_group.aws_security_group.security_group",
            "module.myVpcs.module.vpc.aws_vpc.vpc"
          ]
        }
      ]
    },
    {
      "module": "module.myVpcSecurityGroupEgressRules[\"vpc_security_group_egress_rule_9\"].module.vpc_security_group_egress_rule",
      "mode": "managed",
      "type": "aws_vpc_security_group_egress_rule",
      "name": "vpc_security_group_egress_rule",
      "provider": "provider[\"registry.terraform.io/hashicorp/aws\"]",
      "instances": [
        {
          "schema_version": 0,
          "attributes": {
            "arn": "arn:aws:ec2:ap-northeast-1:278280499340:security-group-rule/sgr-0fb817ab182adada5",
            "cidr_ipv4": "10.128.3.0/24",
            "cidr_ipv6": null,
            "description": null,
            "from_port": 6666,
            "id": "sgr-0fb817ab182adada5",
            "ip_protocol": "TCP",
            "prefix_list_id": null,
            "referenced_security_group_id": null,
            "security_group_id": "sg-02cc5a83765c37279",
            "security_group_rule_id": "sgr-0fb817ab182adada5",
            "tags": {
              "Name": "myVpcSecurityGroupEgressRule7"
            },
            "tags_all": {
              "Name": "myVpcSecurityGroupEgressRule7"
            },
            "to_port": 6666
          },
          "sensitive_attributes": [],
          "dependencies": [
            "module.mySecurityGroups.module.security_group.aws_security_group.security_group",
            "module.myVpcs.module.vpc.aws_vpc.vpc"
          ]
        }
      ]
    },
    {
      "module": "module.myVpcSecurityGroupIngressRules[\"vpc_security_group_ingress_rule_1\"].module.vpc_security_group_ingress_rule",
      "mode": "managed",
      "type": "aws_vpc_security_group_ingress_rule",
      "name": "vpc_security_group_ingress_rule",
      "provider": "provider[\"registry.terraform.io/hashicorp/aws\"]",
      "instances": [
        {
          "schema_version": 0,
          "attributes": {
            "arn": "arn:aws:ec2:ap-northeast-1:278280499340:security-group-rule/sgr-09df5104246d8a02e",
            "cidr_ipv4": null,
            "cidr_ipv6": null,
            "description": null,
            "from_port": 0,
            "id": "sgr-09df5104246d8a02e",
            "ip_protocol": "TCP",
            "prefix_list_id": null,
            "referenced_security_group_id": "sg-0a9cacbd5b6f4a743",
            "security_group_id": "sg-0a9cacbd5b6f4a743",
            "security_group_rule_id": "sgr-09df5104246d8a02e",
            "tags": {
              "Name": "myVpcSecurityGroupIngressRule1"
            },
            "tags_all": {
              "Name": "myVpcSecurityGroupIngressRule1"
            },
            "to_port": 65535
          },
          "sensitive_attributes": [],
          "dependencies": [
            "module.mySecurityGroups.module.security_group.aws_security_group.security_group",
            "module.myVpcs.module.vpc.aws_vpc.vpc"
          ]
        }
      ]
    },
    {
      "module": "module.myVpcSecurityGroupIngressRules[\"vpc_security_group_ingress_rule_2\"].module.vpc_security_group_ingress_rule",
      "mode": "managed",
      "type": "aws_vpc_security_group_ingress_rule",
      "name": "vpc_security_group_ingress_rule",
      "provider": "provider[\"registry.terraform.io/hashicorp/aws\"]",
      "instances": [
        {
          "schema_version": 0,
          "attributes": {
            "arn": "arn:aws:ec2:ap-northeast-1:278280499340:security-group-rule/sgr-012fc8661e7b4727e",
            "cidr_ipv4": null,
            "cidr_ipv6": null,
            "description": null,
            "from_port": 0,
            "id": "sgr-012fc8661e7b4727e",
            "ip_protocol": "UDP",
            "prefix_list_id": null,
            "referenced_security_group_id": "sg-0a9cacbd5b6f4a743",
            "security_group_id": "sg-0a9cacbd5b6f4a743",
            "security_group_rule_id": "sgr-012fc8661e7b4727e",
            "tags": {
              "Name": "myVpcSecurityGroupIngressRule2"
            },
            "tags_all": {
              "Name": "myVpcSecurityGroupIngressRule2"
            },
            "to_port": 65535
          },
          "sensitive_attributes": [],
          "dependencies": [
            "module.mySecurityGroups.module.security_group.aws_security_group.security_group",
            "module.myVpcs.module.vpc.aws_vpc.vpc"
          ]
        }
      ]
    },
    {
      "module": "module.myVpcSecurityGroupIngressRules[\"vpc_security_group_ingress_rule_3\"].module.vpc_security_group_ingress_rule",
      "mode": "managed",
      "type": "aws_vpc_security_group_ingress_rule",
      "name": "vpc_security_group_ingress_rule",
      "provider": "provider[\"registry.terraform.io/hashicorp/aws\"]",
      "instances": [
        {
          "schema_version": 0,
          "attributes": {
            "arn": "arn:aws:ec2:ap-northeast-1:278280499340:security-group-rule/sgr-057027ff4804f44b7",
            "cidr_ipv4": "10.128.0.0/16",
            "cidr_ipv6": null,
            "description": null,
            "from_port": 443,
            "id": "sgr-057027ff4804f44b7",
            "ip_protocol": "TCP",
            "prefix_list_id": null,
            "referenced_security_group_id": null,
            "security_group_id": "sg-02cc5a83765c37279",
            "security_group_rule_id": "sgr-057027ff4804f44b7",
            "tags": {
              "Name": "myVpcSecurityGroupIngressRule3"
            },
            "tags_all": {
              "Name": "myVpcSecurityGroupIngressRule3"
            },
            "to_port": 443
          },
          "sensitive_attributes": [],
          "dependencies": [
            "module.mySecurityGroups.module.security_group.aws_security_group.security_group",
            "module.myVpcs.module.vpc.aws_vpc.vpc"
          ]
        }
      ]
    },
    {
      "module": "module.myVpcSecurityGroupIngressRules[\"vpc_security_group_ingress_rule_4\"].module.vpc_security_group_ingress_rule",
      "mode": "managed",
      "type": "aws_vpc_security_group_ingress_rule",
      "name": "vpc_security_group_ingress_rule",
      "provider": "provider[\"registry.terraform.io/hashicorp/aws\"]",
      "instances": [
        {
          "schema_version": 0,
          "attributes": {
            "arn": "arn:aws:ec2:ap-northeast-1:278280499340:security-group-rule/sgr-0d4d961c2cae66a99",
            "cidr_ipv4": "10.128.0.0/16",
            "cidr_ipv6": null,
            "description": null,
            "from_port": 6666,
            "id": "sgr-0d4d961c2cae66a99",
            "ip_protocol": "TCP",
            "prefix_list_id": null,
            "referenced_security_group_id": null,
            "security_group_id": "sg-02cc5a83765c37279",
            "security_group_rule_id": "sgr-0d4d961c2cae66a99",
            "tags": {
              "Name": "myVpcSecurityGroupIngressRule4"
            },
            "tags_all": {
              "Name": "myVpcSecurityGroupIngressRule4"
            },
            "to_port": 6666
          },
          "sensitive_attributes": [],
          "dependencies": [
            "module.mySecurityGroups.module.security_group.aws_security_group.security_group",
            "module.myVpcs.module.vpc.aws_vpc.vpc"
          ]
        }
      ]
    },
    {
      "module": "module.myVpcSecurityGroupIngressRules[\"vpc_security_group_ingress_rule_5\"].module.vpc_security_group_ingress_rule",
      "mode": "managed",
      "type": "aws_vpc_security_group_ingress_rule",
      "name": "vpc_security_group_ingress_rule",
      "provider": "provider[\"registry.terraform.io/hashicorp/aws\"]",
      "instances": [
        {
          "schema_version": 0,
          "attributes": {
            "arn": "arn:aws:ec2:ap-northeast-1:278280499340:security-group-rule/sgr-0795d4edb92d3e0cf",
            "cidr_ipv4": "10.128.3.0/24",
            "cidr_ipv6": null,
            "description": null,
            "from_port": 443,
            "id": "sgr-0795d4edb92d3e0cf",
            "ip_protocol": "TCP",
            "prefix_list_id": null,
            "referenced_security_group_id": null,
            "security_group_id": "sg-02cc5a83765c37279",
            "security_group_rule_id": "sgr-0795d4edb92d3e0cf",
            "tags": {
              "Name": "myVpcSecurityGroupIngressRule5"
            },
            "tags_all": {
              "Name": "myVpcSecurityGroupIngressRule5"
            },
            "to_port": 443
          },
          "sensitive_attributes": [],
          "dependencies": [
            "module.mySecurityGroups.module.security_group.aws_security_group.security_group",
            "module.myVpcs.module.vpc.aws_vpc.vpc"
          ]
        }
      ]
    },
    {
      "module": "module.myVpcSecurityGroupIngressRules[\"vpc_security_group_ingress_rule_6\"].module.vpc_security_group_ingress_rule",
      "mode": "managed",
      "type": "aws_vpc_security_group_ingress_rule",
      "name": "vpc_security_group_ingress_rule",
      "provider": "provider[\"registry.terraform.io/hashicorp/aws\"]",
      "instances": [
        {
          "schema_version": 0,
          "attributes": {
            "arn": "arn:aws:ec2:ap-northeast-1:278280499340:security-group-rule/sgr-047161d6abacebe3a",
            "cidr_ipv4": "10.128.3.0/24",
            "cidr_ipv6": null,
            "description": null,
            "from_port": 6666,
            "id": "sgr-047161d6abacebe3a",
            "ip_protocol": "TCP",
            "prefix_list_id": null,
            "referenced_security_group_id": null,
            "security_group_id": "sg-02cc5a83765c37279",
            "security_group_rule_id": "sgr-047161d6abacebe3a",
            "tags": {
              "Name": "myVpcSecurityGroupIngressRule6"
            },
            "tags_all": {
              "Name": "myVpcSecurityGroupIngressRule6"
            },
            "to_port": 6666
          },
          "sensitive_attributes": [],
          "dependencies": [
            "module.mySecurityGroups.module.security_group.aws_security_group.security_group",
            "module.myVpcs.module.vpc.aws_vpc.vpc"
          ]
        }
      ]
    },
    {
      "module": "module.myVpcs[\"vpc_1\"].module.vpc",
      "mode": "managed",
      "type": "aws_vpc",
      "name": "vpc",
      "provider": "provider[\"registry.terraform.io/hashicorp/aws\"]",
      "instances": [
        {
          "schema_version": 1,
          "attributes": {
            "arn": "arn:aws:ec2:ap-northeast-1:278280499340:vpc/vpc-0efc3728e364be4ae",
            "assign_generated_ipv6_cidr_block": false,
            "cidr_block": "10.128.0.0/16",
            "default_network_acl_id": "acl-06dbd49d8cf9d37b4",
            "default_route_table_id": "rtb-0a8a6fda58e413722",
            "default_security_group_id": "sg-01a84097a9eec4402",
            "dhcp_options_id": "dopt-02c74a7b7cb023bb0",
            "enable_dns_hostnames": true,
            "enable_dns_support": true,
            "enable_network_address_usage_metrics": false,
            "id": "vpc-0efc3728e364be4ae",
            "instance_tenancy": "default",
            "ipv4_ipam_pool_id": null,
            "ipv4_netmask_length": null,
            "ipv6_association_id": "",
            "ipv6_cidr_block": "",
            "ipv6_cidr_block_network_border_group": "",
            "ipv6_ipam_pool_id": "",
            "ipv6_netmask_length": 0,
            "main_route_table_id": "rtb-0a8a6fda58e413722",
            "owner_id": "278280499340",
            "tags": {
              "Name": "myVpc1"
            },
            "tags_all": {
              "Name": "myVpc1"
            }
          },
          "sensitive_attributes": [],
          "private": "eyJzY2hlbWFfdmVyc2lvbiI6IjEifQ=="
        }
      ]
    }
  ],
  "check_results": null
}
