{
  "version": 4,
  "terraform_version": "1.7.4",
  "serial": 17,
  "lineage": "2df88484-b1eb-3ac4-2963-5995453ba0d5",
  "outputs": {},
  "resources": [
    {
      "module": "module.myInternetGateways[\"internet_gateway_1\"].module.intenet_gateway",
      "mode": "managed",
      "type": "aws_internet_gateway",
      "name": "internet_gateway",
      "provider": "provider[\"registry.terraform.io/hashicorp/aws\"]",
      "instances": [
        {
          "schema_version": 0,
          "attributes": {
            "arn": "arn:aws:ec2:ap-northeast-1:278280499340:internet-gateway/igw-0e53a5831838db23b",
            "id": "igw-0e53a5831838db23b",
            "owner_id": "278280499340",
            "tags": {
              "Name": "myInternetGateway1"
            },
            "tags_all": {
              "Name": "myInternetGateway1"
            },
            "timeouts": null,
            "vpc_id": "vpc-0d6a5c4381f47521f"
          },
          "sensitive_attributes": [],
          "private": "eyJlMmJmYjczMC1lY2FhLTExZTYtOGY4OC0zNDM2M2JjN2M0YzAiOnsiY3JlYXRlIjoxMjAwMDAwMDAwMDAwLCJkZWxldGUiOjEyMDAwMDAwMDAwMDAsInVwZGF0ZSI6MTIwMDAwMDAwMDAwMH19",
          "dependencies": [
            "module.myVpcs.module.vpc.aws_vpc.vpc"
          ]
        }
      ]
    },
    {
      "module": "module.myRouteTables[\"route_table_1\"].module.route_table",
      "mode": "managed",
      "type": "aws_route_table",
      "name": "route_table",
      "provider": "provider[\"registry.terraform.io/hashicorp/aws\"]",
      "instances": [
        {
          "schema_version": 0,
          "attributes": {
            "arn": "arn:aws:ec2:ap-northeast-1:278280499340:route-table/rtb-0ed69e369d8c80c71",
            "id": "rtb-0ed69e369d8c80c71",
            "owner_id": "278280499340",
            "propagating_vgws": [],
            "route": [],
            "tags": {
              "Name": "myRouteTable1"
            },
            "tags_all": {
              "Name": "myRouteTable1"
            },
            "timeouts": null,
            "vpc_id": "vpc-0d6a5c4381f47521f"
          },
          "sensitive_attributes": [],
          "private": "eyJlMmJmYjczMC1lY2FhLTExZTYtOGY4OC0zNDM2M2JjN2M0YzAiOnsiY3JlYXRlIjozMDAwMDAwMDAwMDAsImRlbGV0ZSI6MzAwMDAwMDAwMDAwLCJ1cGRhdGUiOjEyMDAwMDAwMDAwMH19",
          "dependencies": [
            "module.myVpcs.module.vpc.aws_vpc.vpc"
          ]
        }
      ]
    },
    {
      "module": "module.myVpcs[\"vpc_1\"].module.vpc",
      "mode": "managed",
      "type": "aws_vpc",
      "name": "vpc",
      "provider": "provider[\"registry.terraform.io/hashicorp/aws\"]",
      "instances": [
        {
          "schema_version": 1,
          "attributes": {
            "arn": "arn:aws:ec2:ap-northeast-1:278280499340:vpc/vpc-0d6a5c4381f47521f",
            "assign_generated_ipv6_cidr_block": false,
            "cidr_block": "10.128.0.0/16",
            "default_network_acl_id": "acl-0a282edfa92313f9c",
            "default_route_table_id": "rtb-0669c739709fb3b50",
            "default_security_group_id": "sg-01ce3d0edd8a5e966",
            "dhcp_options_id": "dopt-02c74a7b7cb023bb0",
            "enable_dns_hostnames": true,
            "enable_dns_support": true,
            "enable_network_address_usage_metrics": false,
            "id": "vpc-0d6a5c4381f47521f",
            "instance_tenancy": "default",
            "ipv4_ipam_pool_id": null,
            "ipv4_netmask_length": null,
            "ipv6_association_id": "",
            "ipv6_cidr_block": "",
            "ipv6_cidr_block_network_border_group": "",
            "ipv6_ipam_pool_id": "",
            "ipv6_netmask_length": 0,
            "main_route_table_id": "rtb-0669c739709fb3b50",
            "owner_id": "278280499340",
            "tags": {
              "Name": "myVpc1"
            },
            "tags_all": {
              "Name": "myVpc1"
            }
          },
          "sensitive_attributes": [],
          "private": "eyJzY2hlbWFfdmVyc2lvbiI6IjEifQ=="
        }
      ]
    }
  ],
  "check_results": null
}
