{
  "version": 4,
  "terraform_version": "1.7.4",
  "serial": 276,
  "lineage": "b5ab861a-a341-496e-1e82-22e81fabfc87",
  "outputs": {},
  "resources": [
    {
      "module": "module.myEIPs[\"eip_1\"].module.eip",
      "mode": "managed",
      "type": "aws_eip",
      "name": "eip",
      "provider": "provider[\"registry.terraform.io/hashicorp/aws\"]",
      "instances": [
        {
          "schema_version": 0,
          "attributes": {
            "address": null,
            "allocation_id": "eipalloc-06b1d500221ba2d50",
            "associate_with_private_ip": null,
            "association_id": "",
            "carrier_ip": "",
            "customer_owned_ip": "",
            "customer_owned_ipv4_pool": "",
            "domain": "vpc",
            "id": "eipalloc-06b1d500221ba2d50",
            "instance": "",
            "network_border_group": "ap-northeast-1",
            "network_interface": "",
            "private_dns": null,
            "private_ip": "",
            "public_dns": "ec2-54-250-9-185.ap-northeast-1.compute.amazonaws.com",
            "public_ip": "54.250.9.185",
            "public_ipv4_pool": "amazon",
            "tags": {
              "Name": "myEIP1"
            },
            "tags_all": {
              "Name": "myEIP1"
            },
            "timeouts": null,
            "vpc": true
          },
          "sensitive_attributes": [],
          "private": "eyJlMmJmYjczMC1lY2FhLTExZTYtOGY4OC0zNDM2M2JjN2M0YzAiOnsiZGVsZXRlIjoxODAwMDAwMDAwMDAsInJlYWQiOjkwMDAwMDAwMDAwMCwidXBkYXRlIjozMDAwMDAwMDAwMDB9fQ=="
        }
      ]
    },
    {
      "module": "module.myInternetGateways[\"internet_gateway_1\"].module.intenet_gateway",
      "mode": "managed",
      "type": "aws_internet_gateway",
      "name": "internet_gateway",
      "provider": "provider[\"registry.terraform.io/hashicorp/aws\"]",
      "instances": [
        {
          "schema_version": 0,
          "attributes": {
            "arn": "arn:aws:ec2:ap-northeast-1:278280499340:internet-gateway/igw-0e25fb7d666eab91d",
            "id": "igw-0e25fb7d666eab91d",
            "owner_id": "278280499340",
            "tags": {
              "Name": "myInternetGateway1"
            },
            "tags_all": {
              "Name": "myInternetGateway1"
            },
            "timeouts": null,
            "vpc_id": "vpc-081bbd3110f88f719"
          },
          "sensitive_attributes": [],
          "private": "eyJlMmJmYjczMC1lY2FhLTExZTYtOGY4OC0zNDM2M2JjN2M0YzAiOnsiY3JlYXRlIjoxMjAwMDAwMDAwMDAwLCJkZWxldGUiOjEyMDAwMDAwMDAwMDAsInVwZGF0ZSI6MTIwMDAwMDAwMDAwMH19",
          "dependencies": [
            "module.myVpcs.module.vpc.aws_vpc.vpc"
          ]
        }
      ]
    },
    {
      "module": "module.myMwsCredentials[\"mws_credentials_1\"]",
      "mode": "data",
      "type": "databricks_aws_assume_role_policy",
      "name": "aws_assume_role_policy",
      "provider": "provider[\"registry.terraform.io/databricks/databricks\"].mws",
      "instances": [
        {
          "schema_version": 0,
          "attributes": {
            "databricks_account_id": "414351767826",
            "external_id": "c92415d6-29e6-4584-b2f8-ad3e0d82836d",
            "for_log_delivery": false,
            "id": "c92415d6-29e6-4584-b2f8-ad3e0d82836d",
            "json": "{\n  \"Version\": \"2012-10-17\",\n  \"Statement\": [\n    {\n      \"Effect\": \"Allow\",\n      \"Action\": \"sts:AssumeRole\",\n      \"Principal\": {\n        \"AWS\": \"arn:aws:iam::414351767826:root\"\n      },\n      \"Condition\": {\n        \"StringEquals\": {\n          \"sts:ExternalId\": \"c92415d6-29e6-4584-b2f8-ad3e0d82836d\"\n        }\n      }\n    }\n  ]\n}"
          },
          "sensitive_attributes": []
        }
      ]
    },
    {
      "module": "module.myMwsCredentials[\"mws_credentials_1\"]",
      "mode": "data",
      "type": "databricks_aws_crossaccount_policy",
      "name": "aws_crossaccount_policy",
      "provider": "provider[\"registry.terraform.io/databricks/databricks\"].mws",
      "instances": [
        {
          "schema_version": 0,
          "attributes": {
            "id": "cross-account",
            "json": "{\n  \"Version\": \"2012-10-17\",\n  \"Statement\": [\n    {\n      \"Effect\": \"Allow\",\n      \"Action\": [\n        \"ec2:AllocateAddress\",\n        \"ec2:AssignPrivateIpAddresses\",\n        \"ec2:AssociateDhcpOptions\",\n        \"ec2:AssociateIamInstanceProfile\",\n        \"ec2:AssociateRouteTable\",\n        \"ec2:AttachInternetGateway\",\n        \"ec2:AttachVolume\",\n        \"ec2:AuthorizeSecurityGroupEgress\",\n        \"ec2:AuthorizeSecurityGroupIngress\",\n        \"ec2:CancelSpotInstanceRequests\",\n        \"ec2:CreateDhcpOptions\",\n        \"ec2:CreateFleet\",\n        \"ec2:CreateInternetGateway\",\n        \"ec2:CreateKeyPair\",\n        \"ec2:CreateLaunchTemplate\",\n        \"ec2:CreateLaunchTemplateVersion\",\n        \"ec2:CreateNatGateway\",\n        \"ec2:CreatePlacementGroup\",\n        \"ec2:CreateRoute\",\n        \"ec2:CreateRouteTable\",\n        \"ec2:CreateSecurityGroup\",\n        \"ec2:CreateSubnet\",\n        \"ec2:CreateTags\",\n        \"ec2:CreateVolume\",\n        \"ec2:CreateVpc\",\n        \"ec2:CreateVpcEndpoint\",\n        \"ec2:DeleteDhcpOptions\",\n        \"ec2:DeleteFleets\",\n        \"ec2:DeleteInternetGateway\",\n        \"ec2:DeleteKeyPair\",\n        \"ec2:DeleteLaunchTemplate\",\n        \"ec2:DeleteLaunchTemplateVersions\",\n        \"ec2:DeleteNatGateway\",\n        \"ec2:DeletePlacementGroup\",\n        \"ec2:DeleteRoute\",\n        \"ec2:DeleteRouteTable\",\n        \"ec2:DeleteSecurityGroup\",\n        \"ec2:DeleteSubnet\",\n        \"ec2:DeleteTags\",\n        \"ec2:DeleteVolume\",\n        \"ec2:DeleteVpc\",\n        \"ec2:DeleteVpcEndpoints\",\n        \"ec2:DescribeAvailabilityZones\",\n        \"ec2:DescribeFleetHistory\",\n        \"ec2:DescribeFleetInstances\",\n        \"ec2:DescribeFleets\",\n        \"ec2:DescribeIamInstanceProfileAssociations\",\n        \"ec2:DescribeInstanceStatus\",\n        \"ec2:DescribeInstances\",\n        \"ec2:DescribeInternetGateways\",\n        \"ec2:DescribeLaunchTemplates\",\n        \"ec2:DescribeLaunchTemplateVersions\",\n        \"ec2:DescribeNatGateways\",\n        \"ec2:DescribeNetworkAcls\",\n        \"ec2:DescribePlacementGroups\",\n        \"ec2:DescribePrefixLists\",\n        \"ec2:DescribeReservedInstancesOfferings\",\n        \"ec2:DescribeRouteTables\",\n        \"ec2:DescribeSecurityGroups\",\n        \"ec2:DescribeSpotInstanceRequests\",\n        \"ec2:DescribeSpotPriceHistory\",\n        \"ec2:DescribeSubnets\",\n        \"ec2:DescribeVolumes\",\n        \"ec2:DescribeVpcAttribute\",\n        \"ec2:DescribeVpcs\",\n        \"ec2:DetachInternetGateway\",\n        \"ec2:DetachVolume\",\n        \"ec2:DisassociateIamInstanceProfile\",\n        \"ec2:DisassociateRouteTable\",\n        \"ec2:GetLaunchTemplateData\",\n        \"ec2:GetSpotPlacementScores\",\n        \"ec2:ModifyFleet\",\n        \"ec2:ModifyLaunchTemplate\",\n        \"ec2:ModifyVpcAttribute\",\n        \"ec2:ReleaseAddress\",\n        \"ec2:ReplaceIamInstanceProfileAssociation\",\n        \"ec2:RequestSpotInstances\",\n        \"ec2:RevokeSecurityGroupEgress\",\n        \"ec2:RevokeSecurityGroupIngress\",\n        \"ec2:RunInstances\",\n        \"ec2:TerminateInstances\"\n      ],\n      \"Resource\": \"*\"\n    },\n    {\n      \"Effect\": \"Allow\",\n      \"Action\": [\n        \"iam:CreateServiceLinkedRole\",\n        \"iam:PutRolePolicy\"\n      ],\n      \"Resource\": \"arn:aws:iam::*:role/aws-service-role/spot.amazonaws.com/AWSServiceRoleForEC2Spot\",\n      \"Condition\": {\n        \"StringLike\": {\n          \"iam:AWSServiceName\": \"spot.amazonaws.com\"\n        }\n      }\n    }\n  ]\n}",
            "pass_roles": null
          },
          "sensitive_attributes": []
        }
      ]
    },
    {
      "module": "module.myMwsCredentials[\"mws_credentials_1\"].module.iam_role",
      "mode": "managed",
      "type": "aws_iam_role",
      "name": "iam_role",
      "provider": "provider[\"registry.terraform.io/hashicorp/aws\"]",
      "instances": [
        {
          "schema_version": 0,
          "attributes": {
            "arn": "arn:aws:iam::278280499340:role/databricks-myMwsCredentials1-cross-account-role",
            "assume_role_policy": "{\"Statement\":[{\"Action\":\"sts:AssumeRole\",\"Condition\":{\"StringEquals\":{\"sts:ExternalId\":\"c92415d6-29e6-4584-b2f8-ad3e0d82836d\"}},\"Effect\":\"Allow\",\"Principal\":{\"AWS\":\"arn:aws:iam::414351767826:root\"}}],\"Version\":\"2012-10-17\"}",
            "create_date": "2024-02-25T12:46:15Z",
            "description": "Cross Account Role for Databricks",
            "force_detach_policies": false,
            "id": "databricks-myMwsCredentials1-cross-account-role",
            "inline_policy": [],
            "managed_policy_arns": [],
            "max_session_duration": 3600,
            "name": "databricks-myMwsCredentials1-cross-account-role",
            "name_prefix": "",
            "path": "/",
            "permissions_boundary": "",
            "tags": null,
            "tags_all": {},
            "unique_id": "AROAUBSWPOCGNMZ7HQKLE"
          },
          "sensitive_attributes": [],
          "private": "bnVsbA==",
          "dependencies": [
            "module.myMwsCredentials.data.databricks_aws_assume_role_policy.aws_assume_role_policy"
          ]
        }
      ]
    },
    {
      "module": "module.myMwsCredentials[\"mws_credentials_1\"].module.iam_role_policy",
      "mode": "managed",
      "type": "aws_iam_role_policy",
      "name": "iam_role_policy",
      "provider": "provider[\"registry.terraform.io/hashicorp/aws\"]",
      "instances": [
        {
          "schema_version": 0,
          "attributes": {
            "id": "databricks-myMwsCredentials1-cross-account-role:databricks-myMwsCredentials1-cross-account-role-policy",
            "name": "databricks-myMwsCredentials1-cross-account-role-policy",
            "name_prefix": "",
            "policy": "{\"Version\":\"2012-10-17\",\"Statement\":[{\"Action\":[\"ec2:AllocateAddress\",\"ec2:AssignPrivateIpAddresses\",\"ec2:AssociateDhcpOptions\",\"ec2:AssociateIamInstanceProfile\",\"ec2:AssociateRouteTable\",\"ec2:AttachInternetGateway\",\"ec2:AttachVolume\",\"ec2:AuthorizeSecurityGroupEgress\",\"ec2:AuthorizeSecurityGroupIngress\",\"ec2:CancelSpotInstanceRequests\",\"ec2:CreateDhcpOptions\",\"ec2:CreateFleet\",\"ec2:CreateInternetGateway\",\"ec2:CreateKeyPair\",\"ec2:CreateLaunchTemplate\",\"ec2:CreateLaunchTemplateVersion\",\"ec2:CreateNatGateway\",\"ec2:CreatePlacementGroup\",\"ec2:CreateRoute\",\"ec2:CreateRouteTable\",\"ec2:CreateSecurityGroup\",\"ec2:CreateSubnet\",\"ec2:CreateTags\",\"ec2:CreateVolume\",\"ec2:CreateVpc\",\"ec2:CreateVpcEndpoint\",\"ec2:DeleteDhcpOptions\",\"ec2:DeleteFleets\",\"ec2:DeleteInternetGateway\",\"ec2:DeleteKeyPair\",\"ec2:DeleteLaunchTemplate\",\"ec2:DeleteLaunchTemplateVersions\",\"ec2:DeleteNatGateway\",\"ec2:DeletePlacementGroup\",\"ec2:DeleteRoute\",\"ec2:DeleteRouteTable\",\"ec2:DeleteSecurityGroup\",\"ec2:DeleteSubnet\",\"ec2:DeleteTags\",\"ec2:DeleteVolume\",\"ec2:DeleteVpc\",\"ec2:DeleteVpcEndpoints\",\"ec2:DescribeAvailabilityZones\",\"ec2:DescribeFleetHistory\",\"ec2:DescribeFleetInstances\",\"ec2:DescribeFleets\",\"ec2:DescribeIamInstanceProfileAssociations\",\"ec2:DescribeInstanceStatus\",\"ec2:DescribeInstances\",\"ec2:DescribeInternetGateways\",\"ec2:DescribeLaunchTemplates\",\"ec2:DescribeLaunchTemplateVersions\",\"ec2:DescribeNatGateways\",\"ec2:DescribeNetworkAcls\",\"ec2:DescribePlacementGroups\",\"ec2:DescribePrefixLists\",\"ec2:DescribeReservedInstancesOfferings\",\"ec2:DescribeRouteTables\",\"ec2:DescribeSecurityGroups\",\"ec2:DescribeSpotInstanceRequests\",\"ec2:DescribeSpotPriceHistory\",\"ec2:DescribeSubnets\",\"ec2:DescribeVolumes\",\"ec2:DescribeVpcAttribute\",\"ec2:DescribeVpcs\",\"ec2:DetachInternetGateway\",\"ec2:DetachVolume\",\"ec2:DisassociateIamInstanceProfile\",\"ec2:DisassociateRouteTable\",\"ec2:GetLaunchTemplateData\",\"ec2:GetSpotPlacementScores\",\"ec2:ModifyFleet\",\"ec2:ModifyLaunchTemplate\",\"ec2:ModifyVpcAttribute\",\"ec2:ReleaseAddress\",\"ec2:ReplaceIamInstanceProfileAssociation\",\"ec2:RequestSpotInstances\",\"ec2:RevokeSecurityGroupEgress\",\"ec2:RevokeSecurityGroupIngress\",\"ec2:RunInstances\",\"ec2:TerminateInstances\"],\"Effect\":\"Allow\",\"Resource\":\"*\"},{\"Action\":[\"iam:CreateServiceLinkedRole\",\"iam:PutRolePolicy\"],\"Condition\":{\"StringLike\":{\"iam:AWSServiceName\":\"spot.amazonaws.com\"}},\"Effect\":\"Allow\",\"Resource\":\"arn:aws:iam::*:role/aws-service-role/spot.amazonaws.com/AWSServiceRoleForEC2Spot\"}]}",
            "role": "databricks-myMwsCredentials1-cross-account-role"
          },
          "sensitive_attributes": [],
          "private": "bnVsbA==",
          "dependencies": [
            "module.myMwsCredentials.data.databricks_aws_assume_role_policy.aws_assume_role_policy",
            "module.myMwsCredentials.data.databricks_aws_crossaccount_policy.aws_crossaccount_policy",
            "module.myMwsCredentials.module.iam_role.aws_iam_role.iam_role"
          ]
        }
      ]
    },
    {
      "module": "module.myMwsCredentials[\"mws_credentials_1\"].module.mws_credentials",
      "mode": "managed",
      "type": "databricks_mws_credentials",
      "name": "mws_credentials",
      "provider": "provider[\"registry.terraform.io/databricks/databricks\"].mws",
      "instances": [
        {
          "schema_version": 0,
          "attributes": {
            "account_id": "c92415d6-29e6-4584-b2f8-ad3e0d82836d",
            "creation_time": 1708865187136,
            "credentials_id": "d3882877-e542-42e7-b90e-a99d1143ef88",
            "credentials_name": "myMwsCredentials1",
            "external_id": "c92415d6-29e6-4584-b2f8-ad3e0d82836d",
            "id": "c92415d6-29e6-4584-b2f8-ad3e0d82836d/d3882877-e542-42e7-b90e-a99d1143ef88",
            "role_arn": "arn:aws:iam::278280499340:role/databricks-myMwsCredentials1-cross-account-role"
          },
          "sensitive_attributes": [],
          "private": "bnVsbA==",
          "dependencies": [
            "module.myMwsCredentials.data.databricks_aws_assume_role_policy.aws_assume_role_policy",
            "module.myMwsCredentials.module.iam_role.aws_iam_role.iam_role",
            "module.myMwsCredentials.module.sleep.time_sleep.sleep"
          ]
        }
      ]
    },
    {
      "module": "module.myMwsCredentials[\"mws_credentials_1\"].module.sleep",
      "mode": "managed",
      "type": "time_sleep",
      "name": "sleep",
      "provider": "provider[\"registry.terraform.io/hashicorp/time\"]",
      "instances": [
        {
          "schema_version": 0,
          "attributes": {
            "create_duration": "10s",
            "destroy_duration": null,
            "id": "2024-02-25T12:46:26Z",
            "triggers": null
          },
          "sensitive_attributes": [],
          "dependencies": [
            "module.myMwsCredentials.data.databricks_aws_assume_role_policy.aws_assume_role_policy",
            "module.myMwsCredentials.module.iam_role.aws_iam_role.iam_role"
          ]
        }
      ]
    },
    {
      "module": "module.myMwsCredentials[\"mws_credentials_2\"]",
      "mode": "data",
      "type": "databricks_aws_assume_role_policy",
      "name": "aws_assume_role_policy",
      "provider": "provider[\"registry.terraform.io/databricks/databricks\"].mws",
      "instances": [
        {
          "schema_version": 0,
          "attributes": {
            "databricks_account_id": "414351767826",
            "external_id": "c92415d6-29e6-4584-b2f8-ad3e0d82836d",
            "for_log_delivery": false,
            "id": "c92415d6-29e6-4584-b2f8-ad3e0d82836d",
            "json": "{\n  \"Version\": \"2012-10-17\",\n  \"Statement\": [\n    {\n      \"Effect\": \"Allow\",\n      \"Action\": \"sts:AssumeRole\",\n      \"Principal\": {\n        \"AWS\": \"arn:aws:iam::414351767826:root\"\n      },\n      \"Condition\": {\n        \"StringEquals\": {\n          \"sts:ExternalId\": \"c92415d6-29e6-4584-b2f8-ad3e0d82836d\"\n        }\n      }\n    }\n  ]\n}"
          },
          "sensitive_attributes": []
        }
      ]
    },
    {
      "module": "module.myMwsCredentials[\"mws_credentials_2\"]",
      "mode": "data",
      "type": "databricks_aws_crossaccount_policy",
      "name": "aws_crossaccount_policy",
      "provider": "provider[\"registry.terraform.io/databricks/databricks\"].mws",
      "instances": [
        {
          "schema_version": 0,
          "attributes": {
            "id": "cross-account",
            "json": "{\n  \"Version\": \"2012-10-17\",\n  \"Statement\": [\n    {\n      \"Effect\": \"Allow\",\n      \"Action\": [\n        \"ec2:AllocateAddress\",\n        \"ec2:AssignPrivateIpAddresses\",\n        \"ec2:AssociateDhcpOptions\",\n        \"ec2:AssociateIamInstanceProfile\",\n        \"ec2:AssociateRouteTable\",\n        \"ec2:AttachInternetGateway\",\n        \"ec2:AttachVolume\",\n        \"ec2:AuthorizeSecurityGroupEgress\",\n        \"ec2:AuthorizeSecurityGroupIngress\",\n        \"ec2:CancelSpotInstanceRequests\",\n        \"ec2:CreateDhcpOptions\",\n        \"ec2:CreateFleet\",\n        \"ec2:CreateInternetGateway\",\n        \"ec2:CreateKeyPair\",\n        \"ec2:CreateLaunchTemplate\",\n        \"ec2:CreateLaunchTemplateVersion\",\n        \"ec2:CreateNatGateway\",\n        \"ec2:CreatePlacementGroup\",\n        \"ec2:CreateRoute\",\n        \"ec2:CreateRouteTable\",\n        \"ec2:CreateSecurityGroup\",\n        \"ec2:CreateSubnet\",\n        \"ec2:CreateTags\",\n        \"ec2:CreateVolume\",\n        \"ec2:CreateVpc\",\n        \"ec2:CreateVpcEndpoint\",\n        \"ec2:DeleteDhcpOptions\",\n        \"ec2:DeleteFleets\",\n        \"ec2:DeleteInternetGateway\",\n        \"ec2:DeleteKeyPair\",\n        \"ec2:DeleteLaunchTemplate\",\n        \"ec2:DeleteLaunchTemplateVersions\",\n        \"ec2:DeleteNatGateway\",\n        \"ec2:DeletePlacementGroup\",\n        \"ec2:DeleteRoute\",\n        \"ec2:DeleteRouteTable\",\n        \"ec2:DeleteSecurityGroup\",\n        \"ec2:DeleteSubnet\",\n        \"ec2:DeleteTags\",\n        \"ec2:DeleteVolume\",\n        \"ec2:DeleteVpc\",\n        \"ec2:DeleteVpcEndpoints\",\n        \"ec2:DescribeAvailabilityZones\",\n        \"ec2:DescribeFleetHistory\",\n        \"ec2:DescribeFleetInstances\",\n        \"ec2:DescribeFleets\",\n        \"ec2:DescribeIamInstanceProfileAssociations\",\n        \"ec2:DescribeInstanceStatus\",\n        \"ec2:DescribeInstances\",\n        \"ec2:DescribeInternetGateways\",\n        \"ec2:DescribeLaunchTemplates\",\n        \"ec2:DescribeLaunchTemplateVersions\",\n        \"ec2:DescribeNatGateways\",\n        \"ec2:DescribeNetworkAcls\",\n        \"ec2:DescribePlacementGroups\",\n        \"ec2:DescribePrefixLists\",\n        \"ec2:DescribeReservedInstancesOfferings\",\n        \"ec2:DescribeRouteTables\",\n        \"ec2:DescribeSecurityGroups\",\n        \"ec2:DescribeSpotInstanceRequests\",\n        \"ec2:DescribeSpotPriceHistory\",\n        \"ec2:DescribeSubnets\",\n        \"ec2:DescribeVolumes\",\n        \"ec2:DescribeVpcAttribute\",\n        \"ec2:DescribeVpcs\",\n        \"ec2:DetachInternetGateway\",\n        \"ec2:DetachVolume\",\n        \"ec2:DisassociateIamInstanceProfile\",\n        \"ec2:DisassociateRouteTable\",\n        \"ec2:GetLaunchTemplateData\",\n        \"ec2:GetSpotPlacementScores\",\n        \"ec2:ModifyFleet\",\n        \"ec2:ModifyLaunchTemplate\",\n        \"ec2:ModifyVpcAttribute\",\n        \"ec2:ReleaseAddress\",\n        \"ec2:ReplaceIamInstanceProfileAssociation\",\n        \"ec2:RequestSpotInstances\",\n        \"ec2:RevokeSecurityGroupEgress\",\n        \"ec2:RevokeSecurityGroupIngress\",\n        \"ec2:RunInstances\",\n        \"ec2:TerminateInstances\"\n      ],\n      \"Resource\": \"*\"\n    },\n    {\n      \"Effect\": \"Allow\",\n      \"Action\": [\n        \"iam:CreateServiceLinkedRole\",\n        \"iam:PutRolePolicy\"\n      ],\n      \"Resource\": \"arn:aws:iam::*:role/aws-service-role/spot.amazonaws.com/AWSServiceRoleForEC2Spot\",\n      \"Condition\": {\n        \"StringLike\": {\n          \"iam:AWSServiceName\": \"spot.amazonaws.com\"\n        }\n      }\n    }\n  ]\n}",
            "pass_roles": null
          },
          "sensitive_attributes": []
        }
      ]
    },
    {
      "module": "module.myMwsCredentials[\"mws_credentials_2\"].module.iam_role",
      "mode": "managed",
      "type": "aws_iam_role",
      "name": "iam_role",
      "provider": "provider[\"registry.terraform.io/hashicorp/aws\"]",
      "instances": [
        {
          "schema_version": 0,
          "attributes": {
            "arn": "arn:aws:iam::278280499340:role/databricks-myMwsCredentials2-cross-account-role",
            "assume_role_policy": "{\"Statement\":[{\"Action\":\"sts:AssumeRole\",\"Condition\":{\"StringEquals\":{\"sts:ExternalId\":\"c92415d6-29e6-4584-b2f8-ad3e0d82836d\"}},\"Effect\":\"Allow\",\"Principal\":{\"AWS\":\"arn:aws:iam::414351767826:root\"}}],\"Version\":\"2012-10-17\"}",
            "create_date": "2024-02-25T12:46:15Z",
            "description": "Cross Account Role for Databricks",
            "force_detach_policies": false,
            "id": "databricks-myMwsCredentials2-cross-account-role",
            "inline_policy": [],
            "managed_policy_arns": [],
            "max_session_duration": 3600,
            "name": "databricks-myMwsCredentials2-cross-account-role",
            "name_prefix": "",
            "path": "/",
            "permissions_boundary": "",
            "tags": null,
            "tags_all": {},
            "unique_id": "AROAUBSWPOCGFZG5IIAV5"
          },
          "sensitive_attributes": [],
          "private": "bnVsbA==",
          "dependencies": [
            "module.myMwsCredentials.data.databricks_aws_assume_role_policy.aws_assume_role_policy"
          ]
        }
      ]
    },
    {
      "module": "module.myMwsCredentials[\"mws_credentials_2\"].module.iam_role_policy",
      "mode": "managed",
      "type": "aws_iam_role_policy",
      "name": "iam_role_policy",
      "provider": "provider[\"registry.terraform.io/hashicorp/aws\"]",
      "instances": [
        {
          "schema_version": 0,
          "attributes": {
            "id": "databricks-myMwsCredentials2-cross-account-role:databricks-myMwsCredentials2-cross-account-role-policy",
            "name": "databricks-myMwsCredentials2-cross-account-role-policy",
            "name_prefix": "",
            "policy": "{\"Version\":\"2012-10-17\",\"Statement\":[{\"Action\":[\"ec2:AllocateAddress\",\"ec2:AssignPrivateIpAddresses\",\"ec2:AssociateDhcpOptions\",\"ec2:AssociateIamInstanceProfile\",\"ec2:AssociateRouteTable\",\"ec2:AttachInternetGateway\",\"ec2:AttachVolume\",\"ec2:AuthorizeSecurityGroupEgress\",\"ec2:AuthorizeSecurityGroupIngress\",\"ec2:CancelSpotInstanceRequests\",\"ec2:CreateDhcpOptions\",\"ec2:CreateFleet\",\"ec2:CreateInternetGateway\",\"ec2:CreateKeyPair\",\"ec2:CreateLaunchTemplate\",\"ec2:CreateLaunchTemplateVersion\",\"ec2:CreateNatGateway\",\"ec2:CreatePlacementGroup\",\"ec2:CreateRoute\",\"ec2:CreateRouteTable\",\"ec2:CreateSecurityGroup\",\"ec2:CreateSubnet\",\"ec2:CreateTags\",\"ec2:CreateVolume\",\"ec2:CreateVpc\",\"ec2:CreateVpcEndpoint\",\"ec2:DeleteDhcpOptions\",\"ec2:DeleteFleets\",\"ec2:DeleteInternetGateway\",\"ec2:DeleteKeyPair\",\"ec2:DeleteLaunchTemplate\",\"ec2:DeleteLaunchTemplateVersions\",\"ec2:DeleteNatGateway\",\"ec2:DeletePlacementGroup\",\"ec2:DeleteRoute\",\"ec2:DeleteRouteTable\",\"ec2:DeleteSecurityGroup\",\"ec2:DeleteSubnet\",\"ec2:DeleteTags\",\"ec2:DeleteVolume\",\"ec2:DeleteVpc\",\"ec2:DeleteVpcEndpoints\",\"ec2:DescribeAvailabilityZones\",\"ec2:DescribeFleetHistory\",\"ec2:DescribeFleetInstances\",\"ec2:DescribeFleets\",\"ec2:DescribeIamInstanceProfileAssociations\",\"ec2:DescribeInstanceStatus\",\"ec2:DescribeInstances\",\"ec2:DescribeInternetGateways\",\"ec2:DescribeLaunchTemplates\",\"ec2:DescribeLaunchTemplateVersions\",\"ec2:DescribeNatGateways\",\"ec2:DescribeNetworkAcls\",\"ec2:DescribePlacementGroups\",\"ec2:DescribePrefixLists\",\"ec2:DescribeReservedInstancesOfferings\",\"ec2:DescribeRouteTables\",\"ec2:DescribeSecurityGroups\",\"ec2:DescribeSpotInstanceRequests\",\"ec2:DescribeSpotPriceHistory\",\"ec2:DescribeSubnets\",\"ec2:DescribeVolumes\",\"ec2:DescribeVpcAttribute\",\"ec2:DescribeVpcs\",\"ec2:DetachInternetGateway\",\"ec2:DetachVolume\",\"ec2:DisassociateIamInstanceProfile\",\"ec2:DisassociateRouteTable\",\"ec2:GetLaunchTemplateData\",\"ec2:GetSpotPlacementScores\",\"ec2:ModifyFleet\",\"ec2:ModifyLaunchTemplate\",\"ec2:ModifyVpcAttribute\",\"ec2:ReleaseAddress\",\"ec2:ReplaceIamInstanceProfileAssociation\",\"ec2:RequestSpotInstances\",\"ec2:RevokeSecurityGroupEgress\",\"ec2:RevokeSecurityGroupIngress\",\"ec2:RunInstances\",\"ec2:TerminateInstances\"],\"Effect\":\"Allow\",\"Resource\":\"*\"},{\"Action\":[\"iam:CreateServiceLinkedRole\",\"iam:PutRolePolicy\"],\"Condition\":{\"StringLike\":{\"iam:AWSServiceName\":\"spot.amazonaws.com\"}},\"Effect\":\"Allow\",\"Resource\":\"arn:aws:iam::*:role/aws-service-role/spot.amazonaws.com/AWSServiceRoleForEC2Spot\"}]}",
            "role": "databricks-myMwsCredentials2-cross-account-role"
          },
          "sensitive_attributes": [],
          "private": "bnVsbA==",
          "dependencies": [
            "module.myMwsCredentials.data.databricks_aws_assume_role_policy.aws_assume_role_policy",
            "module.myMwsCredentials.data.databricks_aws_crossaccount_policy.aws_crossaccount_policy",
            "module.myMwsCredentials.module.iam_role.aws_iam_role.iam_role"
          ]
        }
      ]
    },
    {
      "module": "module.myMwsCredentials[\"mws_credentials_2\"].module.mws_credentials",
      "mode": "managed",
      "type": "databricks_mws_credentials",
      "name": "mws_credentials",
      "provider": "provider[\"registry.terraform.io/databricks/databricks\"].mws",
      "instances": [
        {
          "schema_version": 0,
          "attributes": {
            "account_id": "c92415d6-29e6-4584-b2f8-ad3e0d82836d",
            "creation_time": 1708865187148,
            "credentials_id": "ff90fdb0-4aa2-48ef-8ae7-034799073537",
            "credentials_name": "myMwsCredentials2",
            "external_id": "c92415d6-29e6-4584-b2f8-ad3e0d82836d",
            "id": "c92415d6-29e6-4584-b2f8-ad3e0d82836d/ff90fdb0-4aa2-48ef-8ae7-034799073537",
            "role_arn": "arn:aws:iam::278280499340:role/databricks-myMwsCredentials2-cross-account-role"
          },
          "sensitive_attributes": [],
          "private": "bnVsbA==",
          "dependencies": [
            "module.myMwsCredentials.data.databricks_aws_assume_role_policy.aws_assume_role_policy",
            "module.myMwsCredentials.module.iam_role.aws_iam_role.iam_role",
            "module.myMwsCredentials.module.sleep.time_sleep.sleep"
          ]
        }
      ]
    },
    {
      "module": "module.myMwsCredentials[\"mws_credentials_2\"].module.sleep",
      "mode": "managed",
      "type": "time_sleep",
      "name": "sleep",
      "provider": "provider[\"registry.terraform.io/hashicorp/time\"]",
      "instances": [
        {
          "schema_version": 0,
          "attributes": {
            "create_duration": "10s",
            "destroy_duration": null,
            "id": "2024-02-25T12:46:26Z",
            "triggers": null
          },
          "sensitive_attributes": [],
          "dependencies": [
            "module.myMwsCredentials.data.databricks_aws_assume_role_policy.aws_assume_role_policy",
            "module.myMwsCredentials.module.iam_role.aws_iam_role.iam_role"
          ]
        }
      ]
    },
    {
      "module": "module.myMwsNetworks[\"mws_networks_1\"].module.mws_networks",
      "mode": "managed",
      "type": "databricks_mws_networks",
      "name": "mws_networks",
      "provider": "provider[\"registry.terraform.io/databricks/databricks\"].mws",
      "instances": [
        {
          "schema_version": 0,
          "attributes": {
            "account_id": "c92415d6-29e6-4584-b2f8-ad3e0d82836d",
            "creation_time": 1708865188495,
            "error_messages": null,
            "gcp_network_info": [],
            "id": "c92415d6-29e6-4584-b2f8-ad3e0d82836d/377e6501-a5c7-4b89-9989-b0f95b85ae6f",
            "network_id": "377e6501-a5c7-4b89-9989-b0f95b85ae6f",
            "network_name": "myMwsNetworks1",
            "security_group_ids": [
              "sg-059f7f1176382f9d4"
            ],
            "subnet_ids": [
              "subnet-02490a28cbe2e95c1",
              "subnet-09a5b0c0e9d50a024"
            ],
            "vpc_endpoints": null,
            "vpc_id": "vpc-081bbd3110f88f719",
            "vpc_status": "UNATTACHED",
            "workspace_id": 0
          },
          "sensitive_attributes": [],
          "private": "bnVsbA==",
          "dependencies": [
            "module.myRouteTables.module.route_table.aws_route_table.route_table",
            "module.mySecurityGroups.module.security_group.aws_security_group.security_group",
            "module.mySubnets.module.route_table_association.aws_route_table_association.route_table_association",
            "module.mySubnets.module.subnet.aws_subnet.subnet",
            "module.myVpcs.module.vpc.aws_vpc.vpc"
          ]
        }
      ]
    },
    {
      "module": "module.myMwsStorageConfigurations[\"mws_storage_configurations_1\"]",
      "mode": "data",
      "type": "databricks_aws_bucket_policy",
      "name": "this",
      "provider": "provider[\"registry.terraform.io/databricks/databricks\"].mws",
      "instances": [
        {
          "schema_version": 0,
          "attributes": {
            "bucket": "mys31-20240225",
            "databricks_account_id": "414351767826",
            "databricks_e2_account_id": null,
            "full_access_role": null,
            "id": "mys31-20240225",
            "json": "{\n  \"Version\": \"2012-10-17\",\n  \"Statement\": [\n    {\n      \"Effect\": \"Allow\",\n      \"Action\": [\n        \"s3:GetObject\",\n        \"s3:GetObjectVersion\",\n        \"s3:PutObject\",\n        \"s3:DeleteObject\",\n        \"s3:ListBucket\",\n        \"s3:GetBucketLocation\"\n      ],\n      \"Resource\": [\n        \"arn:aws:s3:::mys31-20240225/*\",\n        \"arn:aws:s3:::mys31-20240225\"\n      ],\n      \"Principal\": {\n        \"AWS\": \"arn:aws:iam::414351767826:root\"\n      }\n    }\n  ]\n}"
          },
          "sensitive_attributes": []
        }
      ]
    },
    {
      "module": "module.myMwsStorageConfigurations[\"mws_storage_configurations_1\"].module.mws_storage_configurations",
      "mode": "managed",
      "type": "databricks_mws_storage_configurations",
      "name": "mws_storage_configurations",
      "provider": "provider[\"registry.terraform.io/databricks/databricks\"].mws",
      "instances": [
        {
          "schema_version": 0,
          "attributes": {
            "account_id": "c92415d6-29e6-4584-b2f8-ad3e0d82836d",
            "bucket_name": "mys31-20240225",
            "creation_time": 1708865179418,
            "id": "c92415d6-29e6-4584-b2f8-ad3e0d82836d/de135306-f88c-4eb0-ade5-6f0f655d7490",
            "storage_configuration_id": "de135306-f88c-4eb0-ade5-6f0f655d7490",
            "storage_configuration_name": "myMwsStorageConfigurations1"
          },
          "sensitive_attributes": [],
          "private": "bnVsbA==",
          "dependencies": [
            "module.myS3Buckets.module.s3_bucket.aws_s3_bucket.s3_bucket",
            "module.myS3Buckets.module.s3_bucket_public_access_block.aws_s3_bucket_public_access_block.s3_bucket_public_access_block",
            "module.myS3Buckets.module.s3_bucket_server_side_encryption_configuration.aws_s3_bucket_server_side_encryption_configuration.s3_bucket_server_side_encryption_configuration",
            "module.myS3Buckets.module.s3_bucket_versioning.aws_s3_bucket_versioning.s3_bucket_versioning"
          ]
        }
      ]
    },
    {
      "module": "module.myMwsStorageConfigurations[\"mws_storage_configurations_1\"].module.s3_bucket_policy",
      "mode": "managed",
      "type": "aws_s3_bucket_policy",
      "name": "s3_bucket_policy",
      "provider": "provider[\"registry.terraform.io/hashicorp/aws\"]",
      "instances": [
        {
          "schema_version": 0,
          "attributes": {
            "bucket": "mys31-20240225",
            "id": "mys31-20240225",
            "policy": "{\"Statement\":[{\"Action\":[\"s3:GetObject\",\"s3:GetObjectVersion\",\"s3:PutObject\",\"s3:DeleteObject\",\"s3:ListBucket\",\"s3:GetBucketLocation\"],\"Effect\":\"Allow\",\"Principal\":{\"AWS\":\"arn:aws:iam::414351767826:root\"},\"Resource\":[\"arn:aws:s3:::mys31-20240225/*\",\"arn:aws:s3:::mys31-20240225\"]}],\"Version\":\"2012-10-17\"}"
          },
          "sensitive_attributes": [],
          "private": "bnVsbA==",
          "dependencies": [
            "module.myMwsStorageConfigurations.data.databricks_aws_bucket_policy.this",
            "module.myS3Buckets.module.s3_bucket.aws_s3_bucket.s3_bucket",
            "module.myS3Buckets.module.s3_bucket_public_access_block.aws_s3_bucket_public_access_block.s3_bucket_public_access_block",
            "module.myS3Buckets.module.s3_bucket_server_side_encryption_configuration.aws_s3_bucket_server_side_encryption_configuration.s3_bucket_server_side_encryption_configuration",
            "module.myS3Buckets.module.s3_bucket_versioning.aws_s3_bucket_versioning.s3_bucket_versioning"
          ]
        }
      ]
    },
    {
      "module": "module.myMwsWorkspaces[\"mws_workspaces_1\"].module.mws_workspaces",
      "mode": "managed",
      "type": "databricks_mws_workspaces",
      "name": "mws_workspaces",
      "provider": "provider[\"registry.terraform.io/databricks/databricks\"].mws",
      "instances": [
        {
          "schema_version": 3,
          "attributes": {
            "account_id": "c92415d6-29e6-4584-b2f8-ad3e0d82836d",
            "aws_region": "ap-northeast-1",
            "cloud": null,
            "cloud_resource_container": [],
            "creation_time": 1708865195654,
            "credentials_id": "d3882877-e542-42e7-b90e-a99d1143ef88",
            "custom_tags": null,
            "customer_managed_key_id": null,
            "deployment_name": "dbc-82fffdac-eec6",
            "external_customer_info": [],
            "gcp_managed_network_config": [],
            "gke_config": [],
            "id": "c92415d6-29e6-4584-b2f8-ad3e0d82836d/7844938181974761",
            "is_no_public_ip_enabled": true,
            "location": null,
            "managed_services_customer_managed_key_id": null,
            "network_id": "377e6501-a5c7-4b89-9989-b0f95b85ae6f",
            "pricing_tier": "ENTERPRISE",
            "private_access_settings_id": null,
            "storage_configuration_id": "de135306-f88c-4eb0-ade5-6f0f655d7490",
            "storage_customer_managed_key_id": null,
            "timeouts": null,
            "token": [],
            "workspace_id": 7844938181974761,
            "workspace_name": "myMwsWorkspaces1",
            "workspace_status": "RUNNING",
            "workspace_status_message": "Workspace is running.",
            "workspace_url": "https://dbc-82fffdac-eec6.cloud.databricks.com"
          },
          "sensitive_attributes": [],
          "private": "eyJlMmJmYjczMC1lY2FhLTExZTYtOGY4OC0zNDM2M2JjN2M0YzAiOnsiY3JlYXRlIjoxMjAwMDAwMDAwMDAwLCJyZWFkIjoxMjAwMDAwMDAwMDAwLCJ1cGRhdGUiOjEyMDAwMDAwMDAwMDB9LCJzY2hlbWFfdmVyc2lvbiI6IjMifQ==",
          "dependencies": [
            "module.myMwsCredentials.data.databricks_aws_assume_role_policy.aws_assume_role_policy",
            "module.myMwsCredentials.data.databricks_aws_crossaccount_policy.aws_crossaccount_policy",
            "module.myMwsCredentials.module.iam_role.aws_iam_role.iam_role",
            "module.myMwsCredentials.module.iam_role_policy.aws_iam_role_policy.iam_role_policy",
            "module.myMwsCredentials.module.mws_credentials.databricks_mws_credentials.mws_credentials",
            "module.myMwsCredentials.module.sleep.time_sleep.sleep",
            "module.myMwsNetworks.module.mws_networks.databricks_mws_networks.mws_networks",
            "module.myMwsStorageConfigurations.data.databricks_aws_bucket_policy.this",
            "module.myMwsStorageConfigurations.module.mws_storage_configurations.databricks_mws_storage_configurations.mws_storage_configurations",
            "module.myMwsStorageConfigurations.module.s3_bucket_policy.aws_s3_bucket_policy.s3_bucket_policy",
            "module.myRouteTables.module.route_table.aws_route_table.route_table",
            "module.myS3Buckets.module.s3_bucket.aws_s3_bucket.s3_bucket",
            "module.myS3Buckets.module.s3_bucket_public_access_block.aws_s3_bucket_public_access_block.s3_bucket_public_access_block",
            "module.myS3Buckets.module.s3_bucket_server_side_encryption_configuration.aws_s3_bucket_server_side_encryption_configuration.s3_bucket_server_side_encryption_configuration",
            "module.myS3Buckets.module.s3_bucket_versioning.aws_s3_bucket_versioning.s3_bucket_versioning",
            "module.mySecurityGroups.module.security_group.aws_security_group.security_group",
            "module.mySubnets.module.route_table_association.aws_route_table_association.route_table_association",
            "module.mySubnets.module.subnet.aws_subnet.subnet",
            "module.myVpcs.module.vpc.aws_vpc.vpc"
          ]
        }
      ]
    },
    {
      "module": "module.myNatGateways[\"nat_gateway_1\"].module.nat_gateway",
      "mode": "managed",
      "type": "aws_nat_gateway",
      "name": "nat_gateway",
      "provider": "provider[\"registry.terraform.io/hashicorp/aws\"]",
      "instances": [
        {
          "schema_version": 0,
          "attributes": {
            "allocation_id": "eipalloc-06b1d500221ba2d50",
            "association_id": "eipassoc-0de00436ac766a9f8",
            "connectivity_type": "public",
            "id": "nat-0a9e4acf9a3dcf36e",
            "network_interface_id": "eni-066781b43ac0ac9bf",
            "private_ip": "10.128.0.9",
            "public_ip": "54.250.9.185",
            "secondary_allocation_ids": null,
            "secondary_private_ip_address_count": 0,
            "secondary_private_ip_addresses": [],
            "subnet_id": "subnet-0c1fbf786c081fbb3",
            "tags": {
              "Name": "myNatGateway1"
            },
            "tags_all": {
              "Name": "myNatGateway1"
            },
            "timeouts": null
          },
          "sensitive_attributes": [],
          "private": "eyJlMmJmYjczMC1lY2FhLTExZTYtOGY4OC0zNDM2M2JjN2M0YzAiOnsiY3JlYXRlIjo2MDAwMDAwMDAwMDAsImRlbGV0ZSI6MTgwMDAwMDAwMDAwMCwidXBkYXRlIjo2MDAwMDAwMDAwMDB9fQ==",
          "dependencies": [
            "module.myEIPs.module.eip.aws_eip.eip",
            "module.myRouteTables.module.route_table.aws_route_table.route_table",
            "module.mySubnets.module.route_table_association.aws_route_table_association.route_table_association",
            "module.mySubnets.module.subnet.aws_subnet.subnet",
            "module.myVpcs.module.vpc.aws_vpc.vpc"
          ]
        }
      ]
    },
    {
      "module": "module.myRouteTables[\"route_table_1\"].module.route_table",
      "mode": "managed",
      "type": "aws_route_table",
      "name": "route_table",
      "provider": "provider[\"registry.terraform.io/hashicorp/aws\"]",
      "instances": [
        {
          "schema_version": 0,
          "attributes": {
            "arn": "arn:aws:ec2:ap-northeast-1:278280499340:route-table/rtb-03742623a897820c5",
            "id": "rtb-03742623a897820c5",
            "owner_id": "278280499340",
            "propagating_vgws": [],
            "route": [],
            "tags": {
              "Name": "myRouteTable1"
            },
            "tags_all": {
              "Name": "myRouteTable1"
            },
            "timeouts": null,
            "vpc_id": "vpc-081bbd3110f88f719"
          },
          "sensitive_attributes": [],
          "private": "eyJlMmJmYjczMC1lY2FhLTExZTYtOGY4OC0zNDM2M2JjN2M0YzAiOnsiY3JlYXRlIjozMDAwMDAwMDAwMDAsImRlbGV0ZSI6MzAwMDAwMDAwMDAwLCJ1cGRhdGUiOjEyMDAwMDAwMDAwMH19",
          "dependencies": [
            "module.myVpcs.module.vpc.aws_vpc.vpc"
          ]
        }
      ]
    },
    {
      "module": "module.myRouteTables[\"route_table_2\"].module.route_table",
      "mode": "managed",
      "type": "aws_route_table",
      "name": "route_table",
      "provider": "provider[\"registry.terraform.io/hashicorp/aws\"]",
      "instances": [
        {
          "schema_version": 0,
          "attributes": {
            "arn": "arn:aws:ec2:ap-northeast-1:278280499340:route-table/rtb-05f7890912b803493",
            "id": "rtb-05f7890912b803493",
            "owner_id": "278280499340",
            "propagating_vgws": [],
            "route": [],
            "tags": {
              "Name": "myRouteTable2"
            },
            "tags_all": {
              "Name": "myRouteTable2"
            },
            "timeouts": null,
            "vpc_id": "vpc-081bbd3110f88f719"
          },
          "sensitive_attributes": [],
          "private": "eyJlMmJmYjczMC1lY2FhLTExZTYtOGY4OC0zNDM2M2JjN2M0YzAiOnsiY3JlYXRlIjozMDAwMDAwMDAwMDAsImRlbGV0ZSI6MzAwMDAwMDAwMDAwLCJ1cGRhdGUiOjEyMDAwMDAwMDAwMH19",
          "dependencies": [
            "module.myVpcs.module.vpc.aws_vpc.vpc"
          ]
        }
      ]
    },
    {
      "module": "module.myRoutes[\"route_1\"].module.route",
      "mode": "managed",
      "type": "aws_route",
      "name": "route",
      "provider": "provider[\"registry.terraform.io/hashicorp/aws\"]",
      "instances": [
        {
          "schema_version": 0,
          "attributes": {
            "carrier_gateway_id": "",
            "core_network_arn": "",
            "destination_cidr_block": "0.0.0.0/0",
            "destination_ipv6_cidr_block": "",
            "destination_prefix_list_id": "",
            "egress_only_gateway_id": "",
            "gateway_id": "igw-0e25fb7d666eab91d",
            "id": "r-rtb-03742623a897820c51080289494",
            "instance_id": "",
            "instance_owner_id": "",
            "local_gateway_id": "",
            "nat_gateway_id": "",
            "network_interface_id": "",
            "origin": "CreateRoute",
            "route_table_id": "rtb-03742623a897820c5",
            "state": "active",
            "timeouts": null,
            "transit_gateway_id": "",
            "vpc_endpoint_id": "",
            "vpc_peering_connection_id": ""
          },
          "sensitive_attributes": [],
          "private": "eyJlMmJmYjczMC1lY2FhLTExZTYtOGY4OC0zNDM2M2JjN2M0YzAiOnsiY3JlYXRlIjozMDAwMDAwMDAwMDAsImRlbGV0ZSI6MzAwMDAwMDAwMDAwLCJ1cGRhdGUiOjEyMDAwMDAwMDAwMH19",
          "dependencies": [
            "module.myEIPs.module.eip.aws_eip.eip",
            "module.myInternetGateways.module.intenet_gateway.aws_internet_gateway.internet_gateway",
            "module.myNatGateways.module.nat_gateway.aws_nat_gateway.nat_gateway",
            "module.myRouteTables.module.route_table.aws_route_table.route_table",
            "module.mySubnets.module.route_table_association.aws_route_table_association.route_table_association",
            "module.mySubnets.module.subnet.aws_subnet.subnet",
            "module.myVpcs.module.vpc.aws_vpc.vpc"
          ]
        }
      ]
    },
    {
      "module": "module.myRoutes[\"route_2\"].module.route",
      "mode": "managed",
      "type": "aws_route",
      "name": "route",
      "provider": "provider[\"registry.terraform.io/hashicorp/aws\"]",
      "instances": [
        {
          "schema_version": 0,
          "attributes": {
            "carrier_gateway_id": "",
            "core_network_arn": "",
            "destination_cidr_block": "0.0.0.0/0",
            "destination_ipv6_cidr_block": "",
            "destination_prefix_list_id": "",
            "egress_only_gateway_id": "",
            "gateway_id": "",
            "id": "r-rtb-05f7890912b8034931080289494",
            "instance_id": "",
            "instance_owner_id": "",
            "local_gateway_id": "",
            "nat_gateway_id": "nat-0a9e4acf9a3dcf36e",
            "network_interface_id": "",
            "origin": "CreateRoute",
            "route_table_id": "rtb-05f7890912b803493",
            "state": "active",
            "timeouts": null,
            "transit_gateway_id": "",
            "vpc_endpoint_id": "",
            "vpc_peering_connection_id": ""
          },
          "sensitive_attributes": [],
          "private": "eyJlMmJmYjczMC1lY2FhLTExZTYtOGY4OC0zNDM2M2JjN2M0YzAiOnsiY3JlYXRlIjozMDAwMDAwMDAwMDAsImRlbGV0ZSI6MzAwMDAwMDAwMDAwLCJ1cGRhdGUiOjEyMDAwMDAwMDAwMH19",
          "dependencies": [
            "module.myEIPs.module.eip.aws_eip.eip",
            "module.myInternetGateways.module.intenet_gateway.aws_internet_gateway.internet_gateway",
            "module.myNatGateways.module.nat_gateway.aws_nat_gateway.nat_gateway",
            "module.myRouteTables.module.route_table.aws_route_table.route_table",
            "module.mySubnets.module.route_table_association.aws_route_table_association.route_table_association",
            "module.mySubnets.module.subnet.aws_subnet.subnet",
            "module.myVpcs.module.vpc.aws_vpc.vpc"
          ]
        }
      ]
    },
    {
      "module": "module.myS3Buckets[\"s3_bucket_1\"].module.s3_bucket",
      "mode": "managed",
      "type": "aws_s3_bucket",
      "name": "s3_bucket",
      "provider": "provider[\"registry.terraform.io/hashicorp/aws\"]",
      "instances": [
        {
          "schema_version": 0,
          "attributes": {
            "acceleration_status": "",
            "acl": null,
            "arn": "arn:aws:s3:::mys31-20240225",
            "bucket": "mys31-20240225",
            "bucket_domain_name": "mys31-20240225.s3.amazonaws.com",
            "bucket_prefix": "",
            "bucket_regional_domain_name": "mys31-20240225.s3.ap-northeast-1.amazonaws.com",
            "cors_rule": [],
            "force_destroy": false,
            "grant": [
              {
                "id": "abf487917e405b598a0dd2f9962d382ed8a07c8a377d57791a4b1ea26bccd49f",
                "permissions": [
                  "FULL_CONTROL"
                ],
                "type": "CanonicalUser",
                "uri": ""
              }
            ],
            "hosted_zone_id": "Z2M4EHUR26P7ZW",
            "id": "mys31-20240225",
            "lifecycle_rule": [],
            "logging": [],
            "object_lock_configuration": [],
            "object_lock_enabled": false,
            "policy": "",
            "region": "ap-northeast-1",
            "replication_configuration": [],
            "request_payer": "BucketOwner",
            "server_side_encryption_configuration": [
              {
                "rule": [
                  {
                    "apply_server_side_encryption_by_default": [
                      {
                        "kms_master_key_id": "",
                        "sse_algorithm": "AES256"
                      }
                    ],
                    "bucket_key_enabled": false
                  }
                ]
              }
            ],
            "tags": {
              "Name": "myS31"
            },
            "tags_all": {
              "Name": "myS31"
            },
            "timeouts": null,
            "versioning": [
              {
                "enabled": false,
                "mfa_delete": false
              }
            ],
            "website": [],
            "website_domain": null,
            "website_endpoint": null
          },
          "sensitive_attributes": [],
          "private": "eyJlMmJmYjczMC1lY2FhLTExZTYtOGY4OC0zNDM2M2JjN2M0YzAiOnsiY3JlYXRlIjoxMjAwMDAwMDAwMDAwLCJkZWxldGUiOjM2MDAwMDAwMDAwMDAsInJlYWQiOjEyMDAwMDAwMDAwMDAsInVwZGF0ZSI6MTIwMDAwMDAwMDAwMH19"
        }
      ]
    },
    {
      "module": "module.myS3Buckets[\"s3_bucket_1\"].module.s3_bucket_public_access_block",
      "mode": "managed",
      "type": "aws_s3_bucket_public_access_block",
      "name": "s3_bucket_public_access_block",
      "provider": "provider[\"registry.terraform.io/hashicorp/aws\"]",
      "instances": [
        {
          "schema_version": 0,
          "attributes": {
            "block_public_acls": true,
            "block_public_policy": true,
            "bucket": "mys31-20240225",
            "id": "mys31-20240225",
            "ignore_public_acls": true,
            "restrict_public_buckets": true
          },
          "sensitive_attributes": [],
          "private": "bnVsbA==",
          "dependencies": [
            "module.myS3Buckets.module.s3_bucket.aws_s3_bucket.s3_bucket"
          ]
        }
      ]
    },
    {
      "module": "module.myS3Buckets[\"s3_bucket_1\"].module.s3_bucket_server_side_encryption_configuration",
      "mode": "managed",
      "type": "aws_s3_bucket_server_side_encryption_configuration",
      "name": "s3_bucket_server_side_encryption_configuration",
      "provider": "provider[\"registry.terraform.io/hashicorp/aws\"]",
      "instances": [
        {
          "schema_version": 0,
          "attributes": {
            "bucket": "mys31-20240225",
            "expected_bucket_owner": "",
            "id": "mys31-20240225",
            "rule": [
              {
                "apply_server_side_encryption_by_default": [
                  {
                    "kms_master_key_id": "",
                    "sse_algorithm": "AES256"
                  }
                ],
                "bucket_key_enabled": null
              }
            ]
          },
          "sensitive_attributes": [],
          "private": "bnVsbA==",
          "dependencies": [
            "module.myS3Buckets.module.s3_bucket.aws_s3_bucket.s3_bucket"
          ]
        }
      ]
    },
    {
      "module": "module.myS3Buckets[\"s3_bucket_1\"].module.s3_bucket_versioning",
      "mode": "managed",
      "type": "aws_s3_bucket_versioning",
      "name": "s3_bucket_versioning",
      "provider": "provider[\"registry.terraform.io/hashicorp/aws\"]",
      "instances": [
        {
          "schema_version": 0,
          "attributes": {
            "bucket": "mys31-20240225",
            "expected_bucket_owner": "",
            "id": "mys31-20240225",
            "mfa": null,
            "versioning_configuration": [
              {
                "mfa_delete": "",
                "status": "Disabled"
              }
            ]
          },
          "sensitive_attributes": [],
          "private": "bnVsbA==",
          "dependencies": [
            "module.myS3Buckets.module.s3_bucket.aws_s3_bucket.s3_bucket"
          ]
        }
      ]
    },
    {
      "module": "module.mySecurityGroups[\"security_group_1\"].module.security_group",
      "mode": "managed",
      "type": "aws_security_group",
      "name": "security_group",
      "provider": "provider[\"registry.terraform.io/hashicorp/aws\"]",
      "instances": [
        {
          "schema_version": 1,
          "attributes": {
            "arn": "arn:aws:ec2:ap-northeast-1:278280499340:security-group/sg-059f7f1176382f9d4",
            "description": "Managed by Terraform",
            "egress": [],
            "id": "sg-059f7f1176382f9d4",
            "ingress": [],
            "name": "terraform-20240225124626374100000003",
            "name_prefix": "terraform-",
            "owner_id": "278280499340",
            "revoke_rules_on_delete": false,
            "tags": {
              "Name": "mySecurityGroup1"
            },
            "tags_all": {
              "Name": "mySecurityGroup1"
            },
            "timeouts": null,
            "vpc_id": "vpc-081bbd3110f88f719"
          },
          "sensitive_attributes": [],
          "private": "eyJlMmJmYjczMC1lY2FhLTExZTYtOGY4OC0zNDM2M2JjN2M0YzAiOnsiY3JlYXRlIjo2MDAwMDAwMDAwMDAsImRlbGV0ZSI6OTAwMDAwMDAwMDAwfSwic2NoZW1hX3ZlcnNpb24iOiIxIn0=",
          "dependencies": [
            "module.myVpcs.module.vpc.aws_vpc.vpc"
          ]
        }
      ]
    },
    {
      "module": "module.mySubnets[\"subnet_1\"].module.route_table_association",
      "mode": "managed",
      "type": "aws_route_table_association",
      "name": "route_table_association",
      "provider": "provider[\"registry.terraform.io/hashicorp/aws\"]",
      "instances": [
        {
          "schema_version": 0,
          "attributes": {
            "gateway_id": "",
            "id": "rtbassoc-0280e9eb15cb563ff",
            "route_table_id": "rtb-03742623a897820c5",
            "subnet_id": "subnet-0c1fbf786c081fbb3",
            "timeouts": null
          },
          "sensitive_attributes": [],
          "private": "eyJlMmJmYjczMC1lY2FhLTExZTYtOGY4OC0zNDM2M2JjN2M0YzAiOnsiY3JlYXRlIjozMDAwMDAwMDAwMDAsImRlbGV0ZSI6MzAwMDAwMDAwMDAwLCJ1cGRhdGUiOjEyMDAwMDAwMDAwMH19",
          "dependencies": [
            "module.myRouteTables.module.route_table.aws_route_table.route_table",
            "module.mySubnets.module.subnet.aws_subnet.subnet",
            "module.myVpcs.module.vpc.aws_vpc.vpc"
          ]
        }
      ]
    },
    {
      "module": "module.mySubnets[\"subnet_1\"].module.subnet",
      "mode": "managed",
      "type": "aws_subnet",
      "name": "subnet",
      "provider": "provider[\"registry.terraform.io/hashicorp/aws\"]",
      "instances": [
        {
          "schema_version": 1,
          "attributes": {
            "arn": "arn:aws:ec2:ap-northeast-1:278280499340:subnet/subnet-0c1fbf786c081fbb3",
            "assign_ipv6_address_on_creation": false,
            "availability_zone": "ap-northeast-1a",
            "availability_zone_id": "apne1-az4",
            "cidr_block": "10.128.0.0/24",
            "customer_owned_ipv4_pool": "",
            "enable_dns64": false,
            "enable_lni_at_device_index": 0,
            "enable_resource_name_dns_a_record_on_launch": false,
            "enable_resource_name_dns_aaaa_record_on_launch": false,
            "id": "subnet-0c1fbf786c081fbb3",
            "ipv6_cidr_block": "",
            "ipv6_cidr_block_association_id": "",
            "ipv6_native": false,
            "map_customer_owned_ip_on_launch": false,
            "map_public_ip_on_launch": false,
            "outpost_arn": "",
            "owner_id": "278280499340",
            "private_dns_hostname_type_on_launch": "ip-name",
            "tags": {
              "Name": "mySubnet1"
            },
            "tags_all": {
              "Name": "mySubnet1"
            },
            "timeouts": null,
            "vpc_id": "vpc-081bbd3110f88f719"
          },
          "sensitive_attributes": [],
          "private": "eyJlMmJmYjczMC1lY2FhLTExZTYtOGY4OC0zNDM2M2JjN2M0YzAiOnsiY3JlYXRlIjo2MDAwMDAwMDAwMDAsImRlbGV0ZSI6MTIwMDAwMDAwMDAwMH0sInNjaGVtYV92ZXJzaW9uIjoiMSJ9",
          "dependencies": [
            "module.myVpcs.module.vpc.aws_vpc.vpc"
          ]
        }
      ]
    },
    {
      "module": "module.mySubnets[\"subnet_2\"].module.route_table_association",
      "mode": "managed",
      "type": "aws_route_table_association",
      "name": "route_table_association",
      "provider": "provider[\"registry.terraform.io/hashicorp/aws\"]",
      "instances": [
        {
          "schema_version": 0,
          "attributes": {
            "gateway_id": "",
            "id": "rtbassoc-0b4927deb92bca6f7",
            "route_table_id": "rtb-05f7890912b803493",
            "subnet_id": "subnet-09a5b0c0e9d50a024",
            "timeouts": null
          },
          "sensitive_attributes": [],
          "private": "eyJlMmJmYjczMC1lY2FhLTExZTYtOGY4OC0zNDM2M2JjN2M0YzAiOnsiY3JlYXRlIjozMDAwMDAwMDAwMDAsImRlbGV0ZSI6MzAwMDAwMDAwMDAwLCJ1cGRhdGUiOjEyMDAwMDAwMDAwMH19",
          "dependencies": [
            "module.myRouteTables.module.route_table.aws_route_table.route_table",
            "module.mySubnets.module.subnet.aws_subnet.subnet",
            "module.myVpcs.module.vpc.aws_vpc.vpc"
          ]
        }
      ]
    },
    {
      "module": "module.mySubnets[\"subnet_2\"].module.subnet",
      "mode": "managed",
      "type": "aws_subnet",
      "name": "subnet",
      "provider": "provider[\"registry.terraform.io/hashicorp/aws\"]",
      "instances": [
        {
          "schema_version": 1,
          "attributes": {
            "arn": "arn:aws:ec2:ap-northeast-1:278280499340:subnet/subnet-09a5b0c0e9d50a024",
            "assign_ipv6_address_on_creation": false,
            "availability_zone": "ap-northeast-1c",
            "availability_zone_id": "apne1-az1",
            "cidr_block": "10.128.1.0/24",
            "customer_owned_ipv4_pool": "",
            "enable_dns64": false,
            "enable_lni_at_device_index": 0,
            "enable_resource_name_dns_a_record_on_launch": false,
            "enable_resource_name_dns_aaaa_record_on_launch": false,
            "id": "subnet-09a5b0c0e9d50a024",
            "ipv6_cidr_block": "",
            "ipv6_cidr_block_association_id": "",
            "ipv6_native": false,
            "map_customer_owned_ip_on_launch": false,
            "map_public_ip_on_launch": false,
            "outpost_arn": "",
            "owner_id": "278280499340",
            "private_dns_hostname_type_on_launch": "ip-name",
            "tags": {
              "Name": "mySubnet2"
            },
            "tags_all": {
              "Name": "mySubnet2"
            },
            "timeouts": null,
            "vpc_id": "vpc-081bbd3110f88f719"
          },
          "sensitive_attributes": [],
          "private": "eyJlMmJmYjczMC1lY2FhLTExZTYtOGY4OC0zNDM2M2JjN2M0YzAiOnsiY3JlYXRlIjo2MDAwMDAwMDAwMDAsImRlbGV0ZSI6MTIwMDAwMDAwMDAwMH0sInNjaGVtYV92ZXJzaW9uIjoiMSJ9",
          "dependencies": [
            "module.myVpcs.module.vpc.aws_vpc.vpc"
          ]
        }
      ]
    },
    {
      "module": "module.mySubnets[\"subnet_3\"].module.route_table_association",
      "mode": "managed",
      "type": "aws_route_table_association",
      "name": "route_table_association",
      "provider": "provider[\"registry.terraform.io/hashicorp/aws\"]",
      "instances": [
        {
          "schema_version": 0,
          "attributes": {
            "gateway_id": "",
            "id": "rtbassoc-0b47cf77dd6c9c58f",
            "route_table_id": "rtb-05f7890912b803493",
            "subnet_id": "subnet-02490a28cbe2e95c1",
            "timeouts": null
          },
          "sensitive_attributes": [],
          "private": "eyJlMmJmYjczMC1lY2FhLTExZTYtOGY4OC0zNDM2M2JjN2M0YzAiOnsiY3JlYXRlIjozMDAwMDAwMDAwMDAsImRlbGV0ZSI6MzAwMDAwMDAwMDAwLCJ1cGRhdGUiOjEyMDAwMDAwMDAwMH19",
          "dependencies": [
            "module.myRouteTables.module.route_table.aws_route_table.route_table",
            "module.mySubnets.module.subnet.aws_subnet.subnet",
            "module.myVpcs.module.vpc.aws_vpc.vpc"
          ]
        }
      ]
    },
    {
      "module": "module.mySubnets[\"subnet_3\"].module.subnet",
      "mode": "managed",
      "type": "aws_subnet",
      "name": "subnet",
      "provider": "provider[\"registry.terraform.io/hashicorp/aws\"]",
      "instances": [
        {
          "schema_version": 1,
          "attributes": {
            "arn": "arn:aws:ec2:ap-northeast-1:278280499340:subnet/subnet-02490a28cbe2e95c1",
            "assign_ipv6_address_on_creation": false,
            "availability_zone": "ap-northeast-1d",
            "availability_zone_id": "apne1-az2",
            "cidr_block": "10.128.2.0/24",
            "customer_owned_ipv4_pool": "",
            "enable_dns64": false,
            "enable_lni_at_device_index": 0,
            "enable_resource_name_dns_a_record_on_launch": false,
            "enable_resource_name_dns_aaaa_record_on_launch": false,
            "id": "subnet-02490a28cbe2e95c1",
            "ipv6_cidr_block": "",
            "ipv6_cidr_block_association_id": "",
            "ipv6_native": false,
            "map_customer_owned_ip_on_launch": false,
            "map_public_ip_on_launch": false,
            "outpost_arn": "",
            "owner_id": "278280499340",
            "private_dns_hostname_type_on_launch": "ip-name",
            "tags": {
              "Name": "mySubnet3"
            },
            "tags_all": {
              "Name": "mySubnet3"
            },
            "timeouts": null,
            "vpc_id": "vpc-081bbd3110f88f719"
          },
          "sensitive_attributes": [],
          "private": "eyJlMmJmYjczMC1lY2FhLTExZTYtOGY4OC0zNDM2M2JjN2M0YzAiOnsiY3JlYXRlIjo2MDAwMDAwMDAwMDAsImRlbGV0ZSI6MTIwMDAwMDAwMDAwMH0sInNjaGVtYV92ZXJzaW9uIjoiMSJ9",
          "dependencies": [
            "module.myVpcs.module.vpc.aws_vpc.vpc"
          ]
        }
      ]
    },
    {
      "module": "module.myVpcSecurityGroupEgressRules[\"vpc_security_group_egress_rule_1\"].module.vpc_security_group_egress_rule",
      "mode": "managed",
      "type": "aws_vpc_security_group_egress_rule",
      "name": "vpc_security_group_egress_rule",
      "provider": "provider[\"registry.terraform.io/hashicorp/aws\"]",
      "instances": [
        {
          "schema_version": 0,
          "attributes": {
            "arn": "arn:aws:ec2:ap-northeast-1:278280499340:security-group-rule/sgr-08bdd8cede8e75d1d",
            "cidr_ipv4": null,
            "cidr_ipv6": null,
            "description": null,
            "from_port": 0,
            "id": "sgr-08bdd8cede8e75d1d",
            "ip_protocol": "TCP",
            "prefix_list_id": null,
            "referenced_security_group_id": "sg-059f7f1176382f9d4",
            "security_group_id": "sg-059f7f1176382f9d4",
            "security_group_rule_id": "sgr-08bdd8cede8e75d1d",
            "tags": {
              "Name": "myVpcSecurityGroupEgressRule1"
            },
            "tags_all": {
              "Name": "myVpcSecurityGroupEgressRule1"
            },
            "to_port": 65535
          },
          "sensitive_attributes": [],
          "dependencies": [
            "module.mySecurityGroups.module.security_group.aws_security_group.security_group",
            "module.myVpcs.module.vpc.aws_vpc.vpc"
          ]
        }
      ]
    },
    {
      "module": "module.myVpcSecurityGroupEgressRules[\"vpc_security_group_egress_rule_2\"].module.vpc_security_group_egress_rule",
      "mode": "managed",
      "type": "aws_vpc_security_group_egress_rule",
      "name": "vpc_security_group_egress_rule",
      "provider": "provider[\"registry.terraform.io/hashicorp/aws\"]",
      "instances": [
        {
          "schema_version": 0,
          "attributes": {
            "arn": "arn:aws:ec2:ap-northeast-1:278280499340:security-group-rule/sgr-0cddd911f96523804",
            "cidr_ipv4": null,
            "cidr_ipv6": null,
            "description": null,
            "from_port": 0,
            "id": "sgr-0cddd911f96523804",
            "ip_protocol": "UDP",
            "prefix_list_id": null,
            "referenced_security_group_id": "sg-059f7f1176382f9d4",
            "security_group_id": "sg-059f7f1176382f9d4",
            "security_group_rule_id": "sgr-0cddd911f96523804",
            "tags": {
              "Name": "myVpcSecurityGroupEgressRule2"
            },
            "tags_all": {
              "Name": "myVpcSecurityGroupEgressRule2"
            },
            "to_port": 65535
          },
          "sensitive_attributes": [],
          "dependencies": [
            "module.mySecurityGroups.module.security_group.aws_security_group.security_group",
            "module.myVpcs.module.vpc.aws_vpc.vpc"
          ]
        }
      ]
    },
    {
      "module": "module.myVpcSecurityGroupEgressRules[\"vpc_security_group_egress_rule_3\"].module.vpc_security_group_egress_rule",
      "mode": "managed",
      "type": "aws_vpc_security_group_egress_rule",
      "name": "vpc_security_group_egress_rule",
      "provider": "provider[\"registry.terraform.io/hashicorp/aws\"]",
      "instances": [
        {
          "schema_version": 0,
          "attributes": {
            "arn": "arn:aws:ec2:ap-northeast-1:278280499340:security-group-rule/sgr-0512771b121d5acc1",
            "cidr_ipv4": "0.0.0.0/0",
            "cidr_ipv6": null,
            "description": null,
            "from_port": 443,
            "id": "sgr-0512771b121d5acc1",
            "ip_protocol": "TCP",
            "prefix_list_id": null,
            "referenced_security_group_id": null,
            "security_group_id": "sg-059f7f1176382f9d4",
            "security_group_rule_id": "sgr-0512771b121d5acc1",
            "tags": {
              "Name": "myVpcSecurityGroupEgressRule3"
            },
            "tags_all": {
              "Name": "myVpcSecurityGroupEgressRule3"
            },
            "to_port": 443
          },
          "sensitive_attributes": [],
          "dependencies": [
            "module.mySecurityGroups.module.security_group.aws_security_group.security_group",
            "module.myVpcs.module.vpc.aws_vpc.vpc"
          ]
        }
      ]
    },
    {
      "module": "module.myVpcSecurityGroupEgressRules[\"vpc_security_group_egress_rule_4\"].module.vpc_security_group_egress_rule",
      "mode": "managed",
      "type": "aws_vpc_security_group_egress_rule",
      "name": "vpc_security_group_egress_rule",
      "provider": "provider[\"registry.terraform.io/hashicorp/aws\"]",
      "instances": [
        {
          "schema_version": 0,
          "attributes": {
            "arn": "arn:aws:ec2:ap-northeast-1:278280499340:security-group-rule/sgr-0cb1ac485bf61389e",
            "cidr_ipv4": "0.0.0.0/0",
            "cidr_ipv6": null,
            "description": null,
            "from_port": 3306,
            "id": "sgr-0cb1ac485bf61389e",
            "ip_protocol": "TCP",
            "prefix_list_id": null,
            "referenced_security_group_id": null,
            "security_group_id": "sg-059f7f1176382f9d4",
            "security_group_rule_id": "sgr-0cb1ac485bf61389e",
            "tags": {
              "Name": "myVpcSecurityGroupEgressRule4"
            },
            "tags_all": {
              "Name": "myVpcSecurityGroupEgressRule4"
            },
            "to_port": 3306
          },
          "sensitive_attributes": [],
          "dependencies": [
            "module.mySecurityGroups.module.security_group.aws_security_group.security_group",
            "module.myVpcs.module.vpc.aws_vpc.vpc"
          ]
        }
      ]
    },
    {
      "module": "module.myVpcSecurityGroupIngressRules[\"vpc_security_group_ingress_rule_1\"].module.vpc_security_group_ingress_rule",
      "mode": "managed",
      "type": "aws_vpc_security_group_ingress_rule",
      "name": "vpc_security_group_ingress_rule",
      "provider": "provider[\"registry.terraform.io/hashicorp/aws\"]",
      "instances": [
        {
          "schema_version": 0,
          "attributes": {
            "arn": "arn:aws:ec2:ap-northeast-1:278280499340:security-group-rule/sgr-0ad7c9fbc81440124",
            "cidr_ipv4": null,
            "cidr_ipv6": null,
            "description": null,
            "from_port": 0,
            "id": "sgr-0ad7c9fbc81440124",
            "ip_protocol": "TCP",
            "prefix_list_id": null,
            "referenced_security_group_id": "sg-059f7f1176382f9d4",
            "security_group_id": "sg-059f7f1176382f9d4",
            "security_group_rule_id": "sgr-0ad7c9fbc81440124",
            "tags": {
              "Name": "myVpcSecurityGroupIngressRule1"
            },
            "tags_all": {
              "Name": "myVpcSecurityGroupIngressRule1"
            },
            "to_port": 65535
          },
          "sensitive_attributes": [],
          "dependencies": [
            "module.mySecurityGroups.module.security_group.aws_security_group.security_group",
            "module.myVpcs.module.vpc.aws_vpc.vpc"
          ]
        }
      ]
    },
    {
      "module": "module.myVpcSecurityGroupIngressRules[\"vpc_security_group_ingress_rule_2\"].module.vpc_security_group_ingress_rule",
      "mode": "managed",
      "type": "aws_vpc_security_group_ingress_rule",
      "name": "vpc_security_group_ingress_rule",
      "provider": "provider[\"registry.terraform.io/hashicorp/aws\"]",
      "instances": [
        {
          "schema_version": 0,
          "attributes": {
            "arn": "arn:aws:ec2:ap-northeast-1:278280499340:security-group-rule/sgr-0d54dd8a63a2ef2ea",
            "cidr_ipv4": null,
            "cidr_ipv6": null,
            "description": null,
            "from_port": 0,
            "id": "sgr-0d54dd8a63a2ef2ea",
            "ip_protocol": "UDP",
            "prefix_list_id": null,
            "referenced_security_group_id": "sg-059f7f1176382f9d4",
            "security_group_id": "sg-059f7f1176382f9d4",
            "security_group_rule_id": "sgr-0d54dd8a63a2ef2ea",
            "tags": {
              "Name": "myVpcSecurityGroupIngressRule2"
            },
            "tags_all": {
              "Name": "myVpcSecurityGroupIngressRule2"
            },
            "to_port": 65535
          },
          "sensitive_attributes": [],
          "dependencies": [
            "module.mySecurityGroups.module.security_group.aws_security_group.security_group",
            "module.myVpcs.module.vpc.aws_vpc.vpc"
          ]
        }
      ]
    },
    {
      "module": "module.myVpcs[\"vpc_1\"].module.vpc",
      "mode": "managed",
      "type": "aws_vpc",
      "name": "vpc",
      "provider": "provider[\"registry.terraform.io/hashicorp/aws\"]",
      "instances": [
        {
          "schema_version": 1,
          "attributes": {
            "arn": "arn:aws:ec2:ap-northeast-1:278280499340:vpc/vpc-081bbd3110f88f719",
            "assign_generated_ipv6_cidr_block": false,
            "cidr_block": "10.128.0.0/16",
            "default_network_acl_id": "acl-064905c2061203dd9",
            "default_route_table_id": "rtb-0a071c046c6f83a55",
            "default_security_group_id": "sg-0c8c9344b7ba40d13",
            "dhcp_options_id": "dopt-02c74a7b7cb023bb0",
            "enable_dns_hostnames": true,
            "enable_dns_support": true,
            "enable_network_address_usage_metrics": false,
            "id": "vpc-081bbd3110f88f719",
            "instance_tenancy": "default",
            "ipv4_ipam_pool_id": null,
            "ipv4_netmask_length": null,
            "ipv6_association_id": "",
            "ipv6_cidr_block": "",
            "ipv6_cidr_block_network_border_group": "",
            "ipv6_ipam_pool_id": "",
            "ipv6_netmask_length": 0,
            "main_route_table_id": "rtb-0a071c046c6f83a55",
            "owner_id": "278280499340",
            "tags": {
              "Name": "myVpc1"
            },
            "tags_all": {
              "Name": "myVpc1"
            }
          },
          "sensitive_attributes": [],
          "private": "eyJzY2hlbWFfdmVyc2lvbiI6IjEifQ=="
        }
      ]
    }
  ],
  "check_results": null
}
